Microsoft Visual Studio Solution File, Format Version 12.00
# Visual Studio Version 17
VisualStudioVersion = 17.9.34723.18
MinimumVisualStudioVersion = 10.0.40219.1
Project("{2150E333-8FDC-42A3-9474-1A3956D46DE8}") = "icax-engine", ".", "{D74CB279-0ED4-4604-A5A2-7B5B4AC811C0}"
EndProject
Project("{2150E333-8FDC-42A3-9474-1A3956D46DE8}") = "foundation", "foundation", "{02EA681E-C7D8-13C7-8484-4AC65E1B71E8}"
EndProject
Project("{2150E333-8FDC-42A3-9474-1A3956D46DE8}") = "framework", "framework", "{5DEA3EA5-7478-4810-A813-E30E33EFD93C}"
EndProject
Project("{2150E333-8FDC-42A3-9474-1A3956D46DE8}") = "apps", "..\apps", "{D4DF2B6F-8330-45FA-8C77-0D922627D153}"
EndProject
Project("{2150E333-8FDC-42A3-9474-1A3956D46DE8}") = "cax-host", "..\apps\cax-host", "{51D2F701-CD15-44AD-ADCC-31A5DF4E4088}"
EndProject
Project("{2150E333-8FDC-42A3-9474-1A3956D46DE8}") = "mfc-sample", "..\apps\mfc-sample", "{F00C2BAE-C88B-406B-BB7A-358CE52E9CA4}"
EndProject
Project("{2150E333-8FDC-42A3-9474-1A3956D46DE8}") = "sample", "..\apps\sample", "{7BAA94C0-C752-4223-A0C9-49B810A32F17}"
EndProject
Project("{2150E333-8FDC-42A3-9474-1A3956D46DE8}") = "component", "..\apps\sample\backend\component", "{6B1ED19D-6B8E-4F68-93F6-29CC09521C3A}"
EndProject
Project("{2150E333-8FDC-42A3-9474-1A3956D46DE8}") = "behaviour", "..\apps\sample\backend\behaviour", "{B135030F-97A4-43DD-A976-612D796ED18D}"
EndProject
Project("{2150E333-8FDC-42A3-9474-1A3956D46DE8}") = "service", "..\apps\sample\backend\service", "{59D590F4-2195-4C55-94D5-119B2F8016F6}"
EndProject
Project("{2150E333-8FDC-42A3-9474-1A3956D46DE8}") = "tests", "..\tests", "{7F86B6ED-03D8-4DB6-A181-0A87162AE0F9}"
EndProject
Project("{2150E333-8FDC-42A3-9474-1A3956D46DE8}") = "icax-engine", "..\tests\icax-engine", "{AAE8D0E4-25F2-4F2A-9A42-46D910647E30}"
EndProject
Project("{2150E333-8FDC-42A3-9474-1A3956D46DE8}") = "foundation", "..\tests\icax-engine\foundation", "{545988D5-4959-45ED-985D-6F97E2BB50F4}"
EndProject
Project("{2150E333-8FDC-42A3-9474-1A3956D46DE8}") = "framework", "..\tests\icax-engine\framework", "{9B171CF2-7820-4CE4-8BB9-527BF5A91305}"
EndProject
Project("{2150E333-8FDC-42A3-9474-1A3956D46DE8}") = "icax-protocol", "..\tests\icax-protocol", "{1B6034A7-0227-4BDE-9616-436E4BFB80DE}"
EndProject
Project("{8BC9CEB8-8B4A-11D0-8D11-00A0C91BC942}") = "Data", "foundation\Data\Data.vcxproj", "{B1C027D1-B2EF-4F4B-8147-9FCE3EC31C52}"
EndProject
Project("{8BC9CEB8-8B4A-11D0-8D11-00A0C91BC942}") = "GeometryData", "foundation\GeometryData\GeometryData.vcxproj", "{E1DDAD3F-12A0-4DBB-9D0E-0F77959726B1}"
EndProject
Project("{8BC9CEB8-8B4A-11D0-8D11-00A0C91BC942}") = "GeometryAdapter", "foundation\GeometryAdapter\GeometryAdapter.vcxproj", "{31F55CC7-E0DB-4861-AF7C-F7976A12208B}"
EndProject
Project("{8BC9CEB8-8B4A-11D0-8D11-00A0C91BC942}") = "GeometryAlgo", "foundation\GeometryAlgo\GeometryAlgo.vcxproj", "{9D763025-4802-45A0-A25E-512561F5A8C7}"
EndProject
Project("{8BC9CEB8-8B4A-11D0-8D11-00A0C91BC942}") = "Task", "foundation\Task\Task.vcxproj", "{93B5C837-5CBF-46DE-A2C0-C8FF66A8E3F1}"
EndProject
Project("{8BC9CEB8-8B4A-11D0-8D11-00A0C91BC942}") = "ApplicationContext", "framework\ApplicationContext\ApplicationContext.vcxproj", "{890EA74B-81B1-44F8-A740-94DA104478A1}"
EndProject
Project("{8BC9CEB8-8B4A-11D0-8D11-00A0C91BC942}") = "ApplicationRuntime", "framework\ApplicationRuntime\ApplicationRuntime.vcxproj", "{DDCEF11C-6370-4BE7-90E0-173C972669A9}"
EndProject
Project("{8BC9CEB8-8B4A-11D0-8D11-00A0C91BC942}") = "Behaviour", "framework\Behaviour\Behaviour.vcxproj", "{1C150FBB-3418-414D-8A3C-F7B57C6D18B7}"
EndProject
Project("{8BC9CEB8-8B4A-11D0-8D11-00A0C91BC942}") = "Facades", "framework\Facades\Facades.vcxproj", "{1F194886-5B7E-4FA9-816C-1B48865633E6}"
EndProject
Project("{8BC9CEB8-8B4A-11D0-8D11-00A0C91BC942}") = "Database", "framework\Database\Database.vcxproj", "{C746F6A5-C34A-4649-A3F4-AD185002DEDD}"
EndProject
Project("{8BC9CEB8-8B4A-11D0-8D11-00A0C91BC942}") = "PDO", "framework\PDO\PDO.vcxproj", "{CF722912-D223-4B78-A672-FD2264DB4BBF}"
EndProject
Project("{8BC9CEB8-8B4A-11D0-8D11-00A0C91BC942}") = "Product", "framework\Product\Product.vcxproj", "{A7A9B776-78E1-460B-AF6A-BCA1B32C26C7}"
EndProject
Project("{8BC9CEB8-8B4A-11D0-8D11-00A0C91BC942}") = "ProductContext", "framework\ProductContext\ProductContext.vcxproj", "{74D665EF-D89E-4104-AE6F-E31C7BFF0F46}"
EndProject
Project("{8BC9CEB8-8B4A-11D0-8D11-00A0C91BC942}") = "Project", "framework\Project\Project.vcxproj", "{D0B2BD35-1F9F-464B-A6D6-38B77C319F9F}"
EndProject
Project("{8BC9CEB8-8B4A-11D0-8D11-00A0C91BC942}") = "ProjectContext", "framework\ProjectContext\ProjectContext.vcxproj", "{D0EE53BE-BFD8-4EA9-9EAC-EE9E6D9A1714}"
EndProject
Project("{8BC9CEB8-8B4A-11D0-8D11-00A0C91BC942}") = "Resources", "framework\Resources\Resources.vcxproj", "{CD223CDE-A7D0-4525-9BF4-2A59BA16EDA5}"
EndProject
Project("{8BC9CEB8-8B4A-11D0-8D11-00A0C91BC942}") = "Services", "framework\Services\Services.vcxproj", "{DFCC3994-1C4F-4423-8CA7-3C1E1CBDB847}"
EndProject
Project("{8BC9CEB8-8B4A-11D0-8D11-00A0C91BC942}") = "CAXHost", "..\apps\cax-host\backend\CAXHost\CAXHost.vcxproj", "{33624D99-F720-4A5C-A70E-E6B74264E91B}"
EndProject
Project("{8BC9CEB8-8B4A-11D0-8D11-00A0C91BC942}") = "MFCSample", "..\apps\mfc-sample\backend\MFCSample\MFCSample.vcxproj", "{D8ED496A-C8EE-AECF-5CD1-3DABA77F1C25}"
EndProject
Project("{8BC9CEB8-8B4A-11D0-8D11-00A0C91BC942}") = "SampleComponent", "..\apps\sample\backend\component\SampleComponent\SampleComponent.vcxproj", "{CEB43AA9-DD10-4B37-8B08-32BE71B5AA0A}"
EndProject
Project("{8BC9CEB8-8B4A-11D0-8D11-00A0C91BC942}") = "SampleBehaviour", "..\apps\sample\backend\behaviour\SampleBehaviour\SampleBehaviour.vcxproj", "{1A3532CE-87EC-40C6-878A-0E8ACE4785F4}"
EndProject
Project("{8BC9CEB8-8B4A-11D0-8D11-00A0C91BC942}") = "SampleService", "..\apps\sample\backend\service\SampleService\SampleService.vcxproj", "{1090A7E3-2A9A-4F03-BA51-E56A8F4E4B2A}"
EndProject
Project("{2150E333-8FDC-42A3-9474-1A3956D46DE8}") = "flat-laser-cam", "..\apps\flat-laser-cam", "{CF4C0B9E-B27D-4C22-9810-FCF331020AFD}"
EndProject
Project("{2150E333-8FDC-42A3-9474-1A3956D46DE8}") = "component", "..\apps\flat-laser-cam\backend\component", "{7D1DE109-11CF-4D74-8399-717269F1543B}"
EndProject
Project("{2150E333-8FDC-42A3-9474-1A3956D46DE8}") = "behaviour", "..\apps\flat-laser-cam\backend\behaviour", "{933F31B7-26D5-4522-B327-13DD6F8F188C}"
EndProject
Project("{2150E333-8FDC-42A3-9474-1A3956D46DE8}") = "service", "..\apps\flat-laser-cam\backend\service", "{B7E0752D-A8CE-402F-B64B-27A75E2AB364}"
EndProject
Project("{2150E333-8FDC-42A3-9474-1A3956D46DE8}") = "command", "..\apps\flat-laser-cam\backend\command", "{E053D7C6-832A-48A7-AF94-A7CF5744AF86}"
EndProject
Project("{8BC9CEB8-8B4A-11D0-8D11-00A0C91BC942}") = "FlatLaserCamComponent", "..\apps\flat-laser-cam\backend\component\FlatLaserCamComponent\FlatLaserCamComponent.vcxproj", "{3CC5C6C0-A474-4705-9556-79068483EF9B}"
EndProject
Project("{8BC9CEB8-8B4A-11D0-8D11-00A0C91BC942}") = "FlatLaserCamBehaviour", "..\apps\flat-laser-cam\backend\behaviour\FlatLaserCamBehaviour\FlatLaserCamBehaviour.vcxproj", "{9ADCE95C-FB6F-4E05-B1C0-5B45C4C355E3}"
EndProject
Project("{8BC9CEB8-8B4A-11D0-8D11-00A0C91BC942}") = "FlatLaserCamService", "..\apps\flat-laser-cam\backend\service\FlatLaserCamService\FlatLaserCamService.vcxproj", "{47A3E258-A652-4E6E-87B9-10FE827C45BB}"
EndProject
Project("{8BC9CEB8-8B4A-11D0-8D11-00A0C91BC942}") = "FlatLaserCamCommand", "..\apps\flat-laser-cam\backend\command\FlatLaserCamCommand\FlatLaserCamCommand.vcxproj", "{F8F91F22-928C-46B7-9711-68B20B28272A}"
EndProject
Project("{8BC9CEB8-8B4A-11D0-8D11-00A0C91BC942}") = "DataTest", "..\tests\icax-engine\foundation\Data\DataTest\DataTest.vcxproj", "{C58D75C9-0F60-49F4-B9A2-760E10C2FC2D}"
EndProject
Project("{8BC9CEB8-8B4A-11D0-8D11-00A0C91BC942}") = "TaskTest", "..\tests\icax-engine\foundation\Task\TaskTest\TaskTest.vcxproj", "{65C6E36B-6404-4D8A-9127-9030F5A51EFE}"
EndProject
Project("{8BC9CEB8-8B4A-11D0-8D11-00A0C91BC942}") = "ApplicationContextTest", "..\tests\icax-engine\framework\ApplicationContext\ApplicationContextTest\ApplicationContextTest.vcxproj", "{C72085A3-16D3-4541-A764-BD5B442B3653}"
EndProject
Project("{8BC9CEB8-8B4A-11D0-8D11-00A0C91BC942}") = "ApplicationRuntimeTest", "..\tests\icax-engine\framework\ApplicationRuntime\ApplicationRuntimeTest\ApplicationRuntimeTest.vcxproj", "{7EBD1132-3516-4D3E-A125-350B9E651EEB}"
EndProject
Project("{8BC9CEB8-8B4A-11D0-8D11-00A0C91BC942}") = "BehaviourTest", "..\tests\icax-engine\framework\Behaviour\BehaviourTest\BehaviourTest.vcxproj", "{6BE97C5D-6098-4FC1-9E47-3C22A65F4AC1}"
EndProject
Project("{8BC9CEB8-8B4A-11D0-8D11-00A0C91BC942}") = "FacadesTest", "..\tests\icax-engine\framework\Facades\FacadesTest\FacadesTest.vcxproj", "{7FF89591-2955-47DD-A507-82362D56DA4E}"
EndProject
Project("{8BC9CEB8-8B4A-11D0-8D11-00A0C91BC942}") = "DatabaseTest", "..\tests\icax-engine\framework\Database\DatabaseTest\DatabaseTest.vcxproj", "{9F2F26D5-40DC-4E6D-A9AB-0F126E219F90}"
EndProject
Project("{8BC9CEB8-8B4A-11D0-8D11-00A0C91BC942}") = "PDOTest", "..\tests\icax-engine\framework\PDO\PDOTest\PDOTest.vcxproj", "{79E803B2-5B88-4667-B4E5-B83DCFB9F9B8}"
EndProject
Project("{8BC9CEB8-8B4A-11D0-8D11-00A0C91BC942}") = "ProductTest", "..\tests\icax-engine\framework\Product\ProductTest\ProductTest.vcxproj", "{167504D4-1E29-47A6-ABD7-9B890A7960D2}"
EndProject
Project("{8BC9CEB8-8B4A-11D0-8D11-00A0C91BC942}") = "ProjectTest", "..\tests\icax-engine\framework\Project\ProjectTest\ProjectTest.vcxproj", "{F978181B-F87D-46FF-B67B-7C060A22FA35}"
EndProject
Project("{8BC9CEB8-8B4A-11D0-8D11-00A0C91BC942}") = "ResourcesTest", "..\tests\icax-engine\framework\Resources\ResourcesTest\ResourcesTest.vcxproj", "{A7AC2F2E-CBE7-4291-8B94-6A0A3FCBCAF4}"
EndProject
Project("{8BC9CEB8-8B4A-11D0-8D11-00A0C91BC942}") = "ServicesTest", "..\tests\icax-engine\framework\Services\ServicesTest\ServicesTest.vcxproj", "{CAA4F5E3-1F6F-4A41-BC5A-5535A1F8CB07}"
EndProject
Global
	GlobalSection(SolutionConfigurationPlatforms) = preSolution
		Debug|x64 = Debug|x64
		Release|x64 = Release|x64
		Debug|Win32 = Debug|Win32
		Release|Win32 = Release|Win32
	EndGlobalSection
	GlobalSection(ProjectConfigurationPlatforms) = postSolution
		{B1C027D1-B2EF-4F4B-8147-9FCE3EC31C52}.Debug|x64.ActiveCfg = Debug|x64
		{B1C027D1-B2EF-4F4B-8147-9FCE3EC31C52}.Debug|x64.Build.0 = Debug|x64
		{B1C027D1-B2EF-4F4B-8147-9FCE3EC31C52}.Release|x64.ActiveCfg = Release|x64
		{B1C027D1-B2EF-4F4B-8147-9FCE3EC31C52}.Release|x64.Build.0 = Release|x64
		{B1C027D1-B2EF-4F4B-8147-9FCE3EC31C52}.Debug|Win32.ActiveCfg = Debug|Win32
		{B1C027D1-B2EF-4F4B-8147-9FCE3EC31C52}.Debug|Win32.Build.0 = Debug|Win32
		{B1C027D1-B2EF-4F4B-8147-9FCE3EC31C52}.Release|Win32.ActiveCfg = Release|Win32
		{B1C027D1-B2EF-4F4B-8147-9FCE3EC31C52}.Release|Win32.Build.0 = Release|Win32
		{E1DDAD3F-12A0-4DBB-9D0E-0F77959726B1}.Debug|x64.ActiveCfg = Debug|x64
		{E1DDAD3F-12A0-4DBB-9D0E-0F77959726B1}.Debug|x64.Build.0 = Debug|x64
		{E1DDAD3F-12A0-4DBB-9D0E-0F77959726B1}.Release|x64.ActiveCfg = Release|x64
		{E1DDAD3F-12A0-4DBB-9D0E-0F77959726B1}.Release|x64.Build.0 = Release|x64
		{E1DDAD3F-12A0-4DBB-9D0E-0F77959726B1}.Debug|Win32.ActiveCfg = Debug|Win32
		{E1DDAD3F-12A0-4DBB-9D0E-0F77959726B1}.Debug|Win32.Build.0 = Debug|Win32
		{E1DDAD3F-12A0-4DBB-9D0E-0F77959726B1}.Release|Win32.ActiveCfg = Release|Win32
		{E1DDAD3F-12A0-4DBB-9D0E-0F77959726B1}.Release|Win32.Build.0 = Release|Win32
		{31F55CC7-E0DB-4861-AF7C-F7976A12208B}.Debug|x64.ActiveCfg = Debug|x64
		{31F55CC7-E0DB-4861-AF7C-F7976A12208B}.Debug|x64.Build.0 = Debug|x64
		{31F55CC7-E0DB-4861-AF7C-F7976A12208B}.Release|x64.ActiveCfg = Release|x64
		{31F55CC7-E0DB-4861-AF7C-F7976A12208B}.Release|x64.Build.0 = Release|x64
		{31F55CC7-E0DB-4861-AF7C-F7976A12208B}.Debug|Win32.ActiveCfg = Debug|Win32
		{31F55CC7-E0DB-4861-AF7C-F7976A12208B}.Debug|Win32.Build.0 = Debug|Win32
		{31F55CC7-E0DB-4861-AF7C-F7976A12208B}.Release|Win32.ActiveCfg = Release|Win32
		{31F55CC7-E0DB-4861-AF7C-F7976A12208B}.Release|Win32.Build.0 = Release|Win32
		{9D763025-4802-45A0-A25E-512561F5A8C7}.Debug|x64.ActiveCfg = Debug|x64
		{9D763025-4802-45A0-A25E-512561F5A8C7}.Debug|x64.Build.0 = Debug|x64
		{9D763025-4802-45A0-A25E-512561F5A8C7}.Release|x64.ActiveCfg = Release|x64
		{9D763025-4802-45A0-A25E-512561F5A8C7}.Release|x64.Build.0 = Release|x64
		{9D763025-4802-45A0-A25E-512561F5A8C7}.Debug|Win32.ActiveCfg = Debug|Win32
		{9D763025-4802-45A0-A25E-512561F5A8C7}.Debug|Win32.Build.0 = Debug|Win32
		{9D763025-4802-45A0-A25E-512561F5A8C7}.Release|Win32.ActiveCfg = Release|Win32
		{9D763025-4802-45A0-A25E-512561F5A8C7}.Release|Win32.Build.0 = Release|Win32
		{93B5C837-5CBF-46DE-A2C0-C8FF66A8E3F1}.Debug|x64.ActiveCfg = Debug|x64
		{93B5C837-5CBF-46DE-A2C0-C8FF66A8E3F1}.Debug|x64.Build.0 = Debug|x64
		{93B5C837-5CBF-46DE-A2C0-C8FF66A8E3F1}.Release|x64.ActiveCfg = Release|x64
		{93B5C837-5CBF-46DE-A2C0-C8FF66A8E3F1}.Release|x64.Build.0 = Release|x64
		{93B5C837-5CBF-46DE-A2C0-C8FF66A8E3F1}.Debug|Win32.ActiveCfg = Debug|Win32
		{93B5C837-5CBF-46DE-A2C0-C8FF66A8E3F1}.Debug|Win32.Build.0 = Debug|Win32
		{93B5C837-5CBF-46DE-A2C0-C8FF66A8E3F1}.Release|Win32.ActiveCfg = Release|Win32
		{93B5C837-5CBF-46DE-A2C0-C8FF66A8E3F1}.Release|Win32.Build.0 = Release|Win32
		{890EA74B-81B1-44F8-A740-94DA104478A1}.Debug|x64.ActiveCfg = Debug|x64
		{890EA74B-81B1-44F8-A740-94DA104478A1}.Debug|x64.Build.0 = Debug|x64
		{890EA74B-81B1-44F8-A740-94DA104478A1}.Release|x64.ActiveCfg = Release|x64
		{890EA74B-81B1-44F8-A740-94DA104478A1}.Release|x64.Build.0 = Release|x64
		{890EA74B-81B1-44F8-A740-94DA104478A1}.Debug|Win32.ActiveCfg = Debug|Win32
		{890EA74B-81B1-44F8-A740-94DA104478A1}.Debug|Win32.Build.0 = Debug|Win32
		{890EA74B-81B1-44F8-A740-94DA104478A1}.Release|Win32.ActiveCfg = Release|Win32
		{890EA74B-81B1-44F8-A740-94DA104478A1}.Release|Win32.Build.0 = Release|Win32
		{DDCEF11C-6370-4BE7-90E0-173C972669A9}.Debug|x64.ActiveCfg = Debug|x64
		{DDCEF11C-6370-4BE7-90E0-173C972669A9}.Debug|x64.Build.0 = Debug|x64
		{DDCEF11C-6370-4BE7-90E0-173C972669A9}.Release|x64.ActiveCfg = Release|x64
		{DDCEF11C-6370-4BE7-90E0-173C972669A9}.Release|x64.Build.0 = Release|x64
		{DDCEF11C-6370-4BE7-90E0-173C972669A9}.Debug|Win32.ActiveCfg = Debug|Win32
		{DDCEF11C-6370-4BE7-90E0-173C972669A9}.Debug|Win32.Build.0 = Debug|Win32
		{DDCEF11C-6370-4BE7-90E0-173C972669A9}.Release|Win32.ActiveCfg = Release|Win32
		{DDCEF11C-6370-4BE7-90E0-173C972669A9}.Release|Win32.Build.0 = Release|Win32
		{1C150FBB-3418-414D-8A3C-F7B57C6D18B7}.Debug|x64.ActiveCfg = Debug|x64
		{1C150FBB-3418-414D-8A3C-F7B57C6D18B7}.Debug|x64.Build.0 = Debug|x64
		{1C150FBB-3418-414D-8A3C-F7B57C6D18B7}.Release|x64.ActiveCfg = Release|x64
		{1C150FBB-3418-414D-8A3C-F7B57C6D18B7}.Release|x64.Build.0 = Release|x64
		{1C150FBB-3418-414D-8A3C-F7B57C6D18B7}.Debug|Win32.ActiveCfg = Debug|Win32
		{1C150FBB-3418-414D-8A3C-F7B57C6D18B7}.Debug|Win32.Build.0 = Debug|Win32
		{1C150FBB-3418-414D-8A3C-F7B57C6D18B7}.Release|Win32.ActiveCfg = Release|Win32
		{1C150FBB-3418-414D-8A3C-F7B57C6D18B7}.Release|Win32.Build.0 = Release|Win32
		{1F194886-5B7E-4FA9-816C-1B48865633E6}.Debug|x64.ActiveCfg = Debug|x64
		{1F194886-5B7E-4FA9-816C-1B48865633E6}.Debug|x64.Build.0 = Debug|x64
		{1F194886-5B7E-4FA9-816C-1B48865633E6}.Release|x64.ActiveCfg = Release|x64
		{1F194886-5B7E-4FA9-816C-1B48865633E6}.Release|x64.Build.0 = Release|x64
		{1F194886-5B7E-4FA9-816C-1B48865633E6}.Debug|Win32.ActiveCfg = Debug|Win32
		{1F194886-5B7E-4FA9-816C-1B48865633E6}.Debug|Win32.Build.0 = Debug|Win32
		{1F194886-5B7E-4FA9-816C-1B48865633E6}.Release|Win32.ActiveCfg = Release|Win32
		{1F194886-5B7E-4FA9-816C-1B48865633E6}.Release|Win32.Build.0 = Release|Win32
		{C746F6A5-C34A-4649-A3F4-AD185002DEDD}.Debug|x64.ActiveCfg = Debug|x64
		{C746F6A5-C34A-4649-A3F4-AD185002DEDD}.Debug|x64.Build.0 = Debug|x64
		{C746F6A5-C34A-4649-A3F4-AD185002DEDD}.Release|x64.ActiveCfg = Release|x64
		{C746F6A5-C34A-4649-A3F4-AD185002DEDD}.Release|x64.Build.0 = Release|x64
		{C746F6A5-C34A-4649-A3F4-AD185002DEDD}.Debug|Win32.ActiveCfg = Debug|Win32
		{C746F6A5-C34A-4649-A3F4-AD185002DEDD}.Debug|Win32.Build.0 = Debug|Win32
		{C746F6A5-C34A-4649-A3F4-AD185002DEDD}.Release|Win32.ActiveCfg = Release|Win32
		{C746F6A5-C34A-4649-A3F4-AD185002DEDD}.Release|Win32.Build.0 = Release|Win32
		{CF722912-D223-4B78-A672-FD2264DB4BBF}.Debug|x64.ActiveCfg = Debug|x64
		{CF722912-D223-4B78-A672-FD2264DB4BBF}.Debug|x64.Build.0 = Debug|x64
		{CF722912-D223-4B78-A672-FD2264DB4BBF}.Release|x64.ActiveCfg = Release|x64
		{CF722912-D223-4B78-A672-FD2264DB4BBF}.Release|x64.Build.0 = Release|x64
		{CF722912-D223-4B78-A672-FD2264DB4BBF}.Debug|Win32.ActiveCfg = Debug|Win32
		{CF722912-D223-4B78-A672-FD2264DB4BBF}.Debug|Win32.Build.0 = Debug|Win32
		{CF722912-D223-4B78-A672-FD2264DB4BBF}.Release|Win32.ActiveCfg = Release|Win32
		{CF722912-D223-4B78-A672-FD2264DB4BBF}.Release|Win32.Build.0 = Release|Win32
		{A7A9B776-78E1-460B-AF6A-BCA1B32C26C7}.Debug|x64.ActiveCfg = Debug|x64
		{A7A9B776-78E1-460B-AF6A-BCA1B32C26C7}.Debug|x64.Build.0 = Debug|x64
		{A7A9B776-78E1-460B-AF6A-BCA1B32C26C7}.Release|x64.ActiveCfg = Release|x64
		{A7A9B776-78E1-460B-AF6A-BCA1B32C26C7}.Release|x64.Build.0 = Release|x64
		{A7A9B776-78E1-460B-AF6A-BCA1B32C26C7}.Debug|Win32.ActiveCfg = Debug|Win32
		{A7A9B776-78E1-460B-AF6A-BCA1B32C26C7}.Debug|Win32.Build.0 = Debug|Win32
		{A7A9B776-78E1-460B-AF6A-BCA1B32C26C7}.Release|Win32.ActiveCfg = Release|Win32
		{A7A9B776-78E1-460B-AF6A-BCA1B32C26C7}.Release|Win32.Build.0 = Release|Win32
		{74D665EF-D89E-4104-AE6F-E31C7BFF0F46}.Debug|x64.ActiveCfg = Debug|x64
		{74D665EF-D89E-4104-AE6F-E31C7BFF0F46}.Debug|x64.Build.0 = Debug|x64
		{74D665EF-D89E-4104-AE6F-E31C7BFF0F46}.Release|x64.ActiveCfg = Release|x64
		{74D665EF-D89E-4104-AE6F-E31C7BFF0F46}.Release|x64.Build.0 = Release|x64
		{74D665EF-D89E-4104-AE6F-E31C7BFF0F46}.Debug|Win32.ActiveCfg = Debug|Win32
		{74D665EF-D89E-4104-AE6F-E31C7BFF0F46}.Debug|Win32.Build.0 = Debug|Win32
		{74D665EF-D89E-4104-AE6F-E31C7BFF0F46}.Release|Win32.ActiveCfg = Release|Win32
		{74D665EF-D89E-4104-AE6F-E31C7BFF0F46}.Release|Win32.Build.0 = Release|Win32
		{D0B2BD35-1F9F-464B-A6D6-38B77C319F9F}.Debug|x64.ActiveCfg = Debug|x64
		{D0B2BD35-1F9F-464B-A6D6-38B77C319F9F}.Debug|x64.Build.0 = Debug|x64
		{D0B2BD35-1F9F-464B-A6D6-38B77C319F9F}.Release|x64.ActiveCfg = Release|x64
		{D0B2BD35-1F9F-464B-A6D6-38B77C319F9F}.Release|x64.Build.0 = Release|x64
		{D0B2BD35-1F9F-464B-A6D6-38B77C319F9F}.Debug|Win32.ActiveCfg = Debug|Win32
		{D0B2BD35-1F9F-464B-A6D6-38B77C319F9F}.Debug|Win32.Build.0 = Debug|Win32
		{D0B2BD35-1F9F-464B-A6D6-38B77C319F9F}.Release|Win32.ActiveCfg = Release|Win32
		{D0B2BD35-1F9F-464B-A6D6-38B77C319F9F}.Release|Win32.Build.0 = Release|Win32
		{D0EE53BE-BFD8-4EA9-9EAC-EE9E6D9A1714}.Debug|x64.ActiveCfg = Debug|x64
		{D0EE53BE-BFD8-4EA9-9EAC-EE9E6D9A1714}.Debug|x64.Build.0 = Debug|x64
		{D0EE53BE-BFD8-4EA9-9EAC-EE9E6D9A1714}.Release|x64.ActiveCfg = Release|x64
		{D0EE53BE-BFD8-4EA9-9EAC-EE9E6D9A1714}.Release|x64.Build.0 = Release|x64
		{D0EE53BE-BFD8-4EA9-9EAC-EE9E6D9A1714}.Debug|Win32.ActiveCfg = Debug|Win32
		{D0EE53BE-BFD8-4EA9-9EAC-EE9E6D9A1714}.Debug|Win32.Build.0 = Debug|Win32
		{D0EE53BE-BFD8-4EA9-9EAC-EE9E6D9A1714}.Release|Win32.ActiveCfg = Release|Win32
		{D0EE53BE-BFD8-4EA9-9EAC-EE9E6D9A1714}.Release|Win32.Build.0 = Release|Win32
		{CD223CDE-A7D0-4525-9BF4-2A59BA16EDA5}.Debug|x64.ActiveCfg = Debug|x64
		{CD223CDE-A7D0-4525-9BF4-2A59BA16EDA5}.Debug|x64.Build.0 = Debug|x64
		{CD223CDE-A7D0-4525-9BF4-2A59BA16EDA5}.Release|x64.ActiveCfg = Release|x64
		{CD223CDE-A7D0-4525-9BF4-2A59BA16EDA5}.Release|x64.Build.0 = Release|x64
		{CD223CDE-A7D0-4525-9BF4-2A59BA16EDA5}.Debug|Win32.ActiveCfg = Debug|Win32
		{CD223CDE-A7D0-4525-9BF4-2A59BA16EDA5}.Debug|Win32.Build.0 = Debug|Win32
		{CD223CDE-A7D0-4525-9BF4-2A59BA16EDA5}.Release|Win32.ActiveCfg = Release|Win32
		{CD223CDE-A7D0-4525-9BF4-2A59BA16EDA5}.Release|Win32.Build.0 = Release|Win32
		{DFCC3994-1C4F-4423-8CA7-3C1E1CBDB847}.Debug|x64.ActiveCfg = Debug|x64
		{DFCC3994-1C4F-4423-8CA7-3C1E1CBDB847}.Debug|x64.Build.0 = Debug|x64
		{DFCC3994-1C4F-4423-8CA7-3C1E1CBDB847}.Release|x64.ActiveCfg = Release|x64
		{DFCC3994-1C4F-4423-8CA7-3C1E1CBDB847}.Release|x64.Build.0 = Release|x64
		{DFCC3994-1C4F-4423-8CA7-3C1E1CBDB847}.Debug|Win32.ActiveCfg = Debug|Win32
		{DFCC3994-1C4F-4423-8CA7-3C1E1CBDB847}.Debug|Win32.Build.0 = Debug|Win32
		{DFCC3994-1C4F-4423-8CA7-3C1E1CBDB847}.Release|Win32.ActiveCfg = Release|Win32
		{DFCC3994-1C4F-4423-8CA7-3C1E1CBDB847}.Release|Win32.Build.0 = Release|Win32
		{33624D99-F720-4A5C-A70E-E6B74264E91B}.Debug|x64.ActiveCfg = Debug|x64
		{33624D99-F720-4A5C-A70E-E6B74264E91B}.Debug|x64.Build.0 = Debug|x64
		{33624D99-F720-4A5C-A70E-E6B74264E91B}.Release|x64.ActiveCfg = Release|x64
		{33624D99-F720-4A5C-A70E-E6B74264E91B}.Release|x64.Build.0 = Release|x64
		{33624D99-F720-4A5C-A70E-E6B74264E91B}.Debug|Win32.ActiveCfg = Debug|Win32
		{33624D99-F720-4A5C-A70E-E6B74264E91B}.Debug|Win32.Build.0 = Debug|Win32
		{33624D99-F720-4A5C-A70E-E6B74264E91B}.Release|Win32.ActiveCfg = Release|Win32
		{33624D99-F720-4A5C-A70E-E6B74264E91B}.Release|Win32.Build.0 = Release|Win32
		{D8ED496A-C8EE-AECF-5CD1-3DABA77F1C25}.Debug|x64.ActiveCfg = Debug|x64
		{D8ED496A-C8EE-AECF-5CD1-3DABA77F1C25}.Debug|x64.Build.0 = Debug|x64
		{D8ED496A-C8EE-AECF-5CD1-3DABA77F1C25}.Release|x64.ActiveCfg = Release|x64
		{D8ED496A-C8EE-AECF-5CD1-3DABA77F1C25}.Release|x64.Build.0 = Release|x64
		{D8ED496A-C8EE-AECF-5CD1-3DABA77F1C25}.Debug|Win32.ActiveCfg = Debug|Win32
		{D8ED496A-C8EE-AECF-5CD1-3DABA77F1C25}.Debug|Win32.Build.0 = Debug|Win32
		{D8ED496A-C8EE-AECF-5CD1-3DABA77F1C25}.Release|Win32.ActiveCfg = Release|Win32
		{D8ED496A-C8EE-AECF-5CD1-3DABA77F1C25}.Release|Win32.Build.0 = Release|Win32
		{CEB43AA9-DD10-4B37-8B08-32BE71B5AA0A}.Debug|x64.ActiveCfg = Debug|x64
		{CEB43AA9-DD10-4B37-8B08-32BE71B5AA0A}.Debug|x64.Build.0 = Debug|x64
		{CEB43AA9-DD10-4B37-8B08-32BE71B5AA0A}.Release|x64.ActiveCfg = Release|x64
		{CEB43AA9-DD10-4B37-8B08-32BE71B5AA0A}.Release|x64.Build.0 = Release|x64
		{CEB43AA9-DD10-4B37-8B08-32BE71B5AA0A}.Debug|Win32.ActiveCfg = Debug|Win32
		{CEB43AA9-DD10-4B37-8B08-32BE71B5AA0A}.Debug|Win32.Build.0 = Debug|Win32
		{CEB43AA9-DD10-4B37-8B08-32BE71B5AA0A}.Release|Win32.ActiveCfg = Release|Win32
		{CEB43AA9-DD10-4B37-8B08-32BE71B5AA0A}.Release|Win32.Build.0 = Release|Win32
		{1A3532CE-87EC-40C6-878A-0E8ACE4785F4}.Debug|x64.ActiveCfg = Debug|x64
		{1A3532CE-87EC-40C6-878A-0E8ACE4785F4}.Debug|x64.Build.0 = Debug|x64
		{1A3532CE-87EC-40C6-878A-0E8ACE4785F4}.Release|x64.ActiveCfg = Release|x64
		{1A3532CE-87EC-40C6-878A-0E8ACE4785F4}.Release|x64.Build.0 = Release|x64
		{1A3532CE-87EC-40C6-878A-0E8ACE4785F4}.Debug|Win32.ActiveCfg = Debug|Win32
		{1A3532CE-87EC-40C6-878A-0E8ACE4785F4}.Debug|Win32.Build.0 = Debug|Win32
		{1A3532CE-87EC-40C6-878A-0E8ACE4785F4}.Release|Win32.ActiveCfg = Release|Win32
		{1A3532CE-87EC-40C6-878A-0E8ACE4785F4}.Release|Win32.Build.0 = Release|Win32
		{1090A7E3-2A9A-4F03-BA51-E56A8F4E4B2A}.Debug|x64.ActiveCfg = Debug|x64
		{1090A7E3-2A9A-4F03-BA51-E56A8F4E4B2A}.Debug|x64.Build.0 = Debug|x64
		{1090A7E3-2A9A-4F03-BA51-E56A8F4E4B2A}.Release|x64.ActiveCfg = Release|x64
		{1090A7E3-2A9A-4F03-BA51-E56A8F4E4B2A}.Release|x64.Build.0 = Release|x64
		{1090A7E3-2A9A-4F03-BA51-E56A8F4E4B2A}.Debug|Win32.ActiveCfg = Debug|Win32
		{1090A7E3-2A9A-4F03-BA51-E56A8F4E4B2A}.Debug|Win32.Build.0 = Debug|Win32
		{1090A7E3-2A9A-4F03-BA51-E56A8F4E4B2A}.Release|Win32.ActiveCfg = Release|Win32
		{1090A7E3-2A9A-4F03-BA51-E56A8F4E4B2A}.Release|Win32.Build.0 = Release|Win32
		{3CC5C6C0-A474-4705-9556-79068483EF9B}.Debug|x64.ActiveCfg = Debug|x64
		{3CC5C6C0-A474-4705-9556-79068483EF9B}.Debug|x64.Build.0 = Debug|x64
		{3CC5C6C0-A474-4705-9556-79068483EF9B}.Release|x64.ActiveCfg = Release|x64
		{3CC5C6C0-A474-4705-9556-79068483EF9B}.Release|x64.Build.0 = Release|x64
		{3CC5C6C0-A474-4705-9556-79068483EF9B}.Debug|Win32.ActiveCfg = Debug|Win32
		{3CC5C6C0-A474-4705-9556-79068483EF9B}.Debug|Win32.Build.0 = Debug|Win32
		{3CC5C6C0-A474-4705-9556-79068483EF9B}.Release|Win32.ActiveCfg = Release|Win32
		{3CC5C6C0-A474-4705-9556-79068483EF9B}.Release|Win32.Build.0 = Release|Win32
		{9ADCE95C-FB6F-4E05-B1C0-5B45C4C355E3}.Debug|x64.ActiveCfg = Debug|x64
		{9ADCE95C-FB6F-4E05-B1C0-5B45C4C355E3}.Debug|x64.Build.0 = Debug|x64
		{9ADCE95C-FB6F-4E05-B1C0-5B45C4C355E3}.Release|x64.ActiveCfg = Release|x64
		{9ADCE95C-FB6F-4E05-B1C0-5B45C4C355E3}.Release|x64.Build.0 = Release|x64
		{9ADCE95C-FB6F-4E05-B1C0-5B45C4C355E3}.Debug|Win32.ActiveCfg = Debug|Win32
		{9ADCE95C-FB6F-4E05-B1C0-5B45C4C355E3}.Debug|Win32.Build.0 = Debug|Win32
		{9ADCE95C-FB6F-4E05-B1C0-5B45C4C355E3}.Release|Win32.ActiveCfg = Release|Win32
		{9ADCE95C-FB6F-4E05-B1C0-5B45C4C355E3}.Release|Win32.Build.0 = Release|Win32
		{47A3E258-A652-4E6E-87B9-10FE827C45BB}.Debug|x64.ActiveCfg = Debug|x64
		{47A3E258-A652-4E6E-87B9-10FE827C45BB}.Debug|x64.Build.0 = Debug|x64
		{47A3E258-A652-4E6E-87B9-10FE827C45BB}.Release|x64.ActiveCfg = Release|x64
		{47A3E258-A652-4E6E-87B9-10FE827C45BB}.Release|x64.Build.0 = Release|x64
		{47A3E258-A652-4E6E-87B9-10FE827C45BB}.Debug|Win32.ActiveCfg = Debug|Win32
		{47A3E258-A652-4E6E-87B9-10FE827C45BB}.Debug|Win32.Build.0 = Debug|Win32
		{47A3E258-A652-4E6E-87B9-10FE827C45BB}.Release|Win32.ActiveCfg = Release|Win32
		{47A3E258-A652-4E6E-87B9-10FE827C45BB}.Release|Win32.Build.0 = Release|Win32
		{F8F91F22-928C-46B7-9711-68B20B28272A}.Debug|x64.ActiveCfg = Debug|x64
		{F8F91F22-928C-46B7-9711-68B20B28272A}.Debug|x64.Build.0 = Debug|x64
		{F8F91F22-928C-46B7-9711-68B20B28272A}.Release|x64.ActiveCfg = Release|x64
		{F8F91F22-928C-46B7-9711-68B20B28272A}.Release|x64.Build.0 = Release|x64
		{F8F91F22-928C-46B7-9711-68B20B28272A}.Debug|Win32.ActiveCfg = Debug|Win32
		{F8F91F22-928C-46B7-9711-68B20B28272A}.Debug|Win32.Build.0 = Debug|Win32
		{F8F91F22-928C-46B7-9711-68B20B28272A}.Release|Win32.ActiveCfg = Release|Win32
		{F8F91F22-928C-46B7-9711-68B20B28272A}.Release|Win32.Build.0 = Release|Win32
		{C58D75C9-0F60-49F4-B9A2-760E10C2FC2D}.Debug|x64.ActiveCfg = Debug|x64
		{C58D75C9-0F60-49F4-B9A2-760E10C2FC2D}.Debug|x64.Build.0 = Debug|x64
		{C58D75C9-0F60-49F4-B9A2-760E10C2FC2D}.Release|x64.ActiveCfg = Release|x64
		{C58D75C9-0F60-49F4-B9A2-760E10C2FC2D}.Release|x64.Build.0 = Release|x64
		{C58D75C9-0F60-49F4-B9A2-760E10C2FC2D}.Debug|Win32.ActiveCfg = Debug|Win32
		{C58D75C9-0F60-49F4-B9A2-760E10C2FC2D}.Debug|Win32.Build.0 = Debug|Win32
		{C58D75C9-0F60-49F4-B9A2-760E10C2FC2D}.Release|Win32.ActiveCfg = Release|Win32
		{C58D75C9-0F60-49F4-B9A2-760E10C2FC2D}.Release|Win32.Build.0 = Release|Win32
		{65C6E36B-6404-4D8A-9127-9030F5A51EFE}.Debug|x64.ActiveCfg = Debug|x64
		{65C6E36B-6404-4D8A-9127-9030F5A51EFE}.Debug|x64.Build.0 = Debug|x64
		{65C6E36B-6404-4D8A-9127-9030F5A51EFE}.Release|x64.ActiveCfg = Release|x64
		{65C6E36B-6404-4D8A-9127-9030F5A51EFE}.Release|x64.Build.0 = Release|x64
		{65C6E36B-6404-4D8A-9127-9030F5A51EFE}.Debug|Win32.ActiveCfg = Debug|Win32
		{65C6E36B-6404-4D8A-9127-9030F5A51EFE}.Debug|Win32.Build.0 = Debug|Win32
		{65C6E36B-6404-4D8A-9127-9030F5A51EFE}.Release|Win32.ActiveCfg = Release|Win32
		{65C6E36B-6404-4D8A-9127-9030F5A51EFE}.Release|Win32.Build.0 = Release|Win32
		{C72085A3-16D3-4541-A764-BD5B442B3653}.Debug|x64.ActiveCfg = Debug|x64
		{C72085A3-16D3-4541-A764-BD5B442B3653}.Debug|x64.Build.0 = Debug|x64
		{C72085A3-16D3-4541-A764-BD5B442B3653}.Release|x64.ActiveCfg = Release|x64
		{C72085A3-16D3-4541-A764-BD5B442B3653}.Release|x64.Build.0 = Release|x64
		{C72085A3-16D3-4541-A764-BD5B442B3653}.Debug|Win32.ActiveCfg = Debug|Win32
		{C72085A3-16D3-4541-A764-BD5B442B3653}.Debug|Win32.Build.0 = Debug|Win32
		{C72085A3-16D3-4541-A764-BD5B442B3653}.Release|Win32.ActiveCfg = Release|Win32
		{C72085A3-16D3-4541-A764-BD5B442B3653}.Release|Win32.Build.0 = Release|Win32
		{7EBD1132-3516-4D3E-A125-350B9E651EEB}.Debug|x64.ActiveCfg = Debug|x64
		{7EBD1132-3516-4D3E-A125-350B9E651EEB}.Debug|x64.Build.0 = Debug|x64
		{7EBD1132-3516-4D3E-A125-350B9E651EEB}.Release|x64.ActiveCfg = Release|x64
		{7EBD1132-3516-4D3E-A125-350B9E651EEB}.Release|x64.Build.0 = Release|x64
		{7EBD1132-3516-4D3E-A125-350B9E651EEB}.Debug|Win32.ActiveCfg = Debug|Win32
		{7EBD1132-3516-4D3E-A125-350B9E651EEB}.Debug|Win32.Build.0 = Debug|Win32
		{7EBD1132-3516-4D3E-A125-350B9E651EEB}.Release|Win32.ActiveCfg = Release|Win32
		{7EBD1132-3516-4D3E-A125-350B9E651EEB}.Release|Win32.Build.0 = Release|Win32
		{6BE97C5D-6098-4FC1-9E47-3C22A65F4AC1}.Debug|x64.ActiveCfg = Debug|x64
		{6BE97C5D-6098-4FC1-9E47-3C22A65F4AC1}.Debug|x64.Build.0 = Debug|x64
		{6BE97C5D-6098-4FC1-9E47-3C22A65F4AC1}.Release|x64.ActiveCfg = Release|x64
		{6BE97C5D-6098-4FC1-9E47-3C22A65F4AC1}.Release|x64.Build.0 = Release|x64
		{6BE97C5D-6098-4FC1-9E47-3C22A65F4AC1}.Debug|Win32.ActiveCfg = Debug|Win32
		{6BE97C5D-6098-4FC1-9E47-3C22A65F4AC1}.Debug|Win32.Build.0 = Debug|Win32
		{6BE97C5D-6098-4FC1-9E47-3C22A65F4AC1}.Release|Win32.ActiveCfg = Release|Win32
		{6BE97C5D-6098-4FC1-9E47-3C22A65F4AC1}.Release|Win32.Build.0 = Release|Win32
		{7FF89591-2955-47DD-A507-82362D56DA4E}.Debug|x64.ActiveCfg = Debug|x64
		{7FF89591-2955-47DD-A507-82362D56DA4E}.Debug|x64.Build.0 = Debug|x64
		{7FF89591-2955-47DD-A507-82362D56DA4E}.Release|x64.ActiveCfg = Release|x64
		{7FF89591-2955-47DD-A507-82362D56DA4E}.Release|x64.Build.0 = Release|x64
		{7FF89591-2955-47DD-A507-82362D56DA4E}.Debug|Win32.ActiveCfg = Debug|Win32
		{7FF89591-2955-47DD-A507-82362D56DA4E}.Debug|Win32.Build.0 = Debug|Win32
		{7FF89591-2955-47DD-A507-82362D56DA4E}.Release|Win32.ActiveCfg = Release|Win32
		{7FF89591-2955-47DD-A507-82362D56DA4E}.Release|Win32.Build.0 = Release|Win32
		{9F2F26D5-40DC-4E6D-A9AB-0F126E219F90}.Debug|x64.ActiveCfg = Debug|x64
		{9F2F26D5-40DC-4E6D-A9AB-0F126E219F90}.Debug|x64.Build.0 = Debug|x64
		{9F2F26D5-40DC-4E6D-A9AB-0F126E219F90}.Release|x64.ActiveCfg = Release|x64
		{9F2F26D5-40DC-4E6D-A9AB-0F126E219F90}.Release|x64.Build.0 = Release|x64
		{9F2F26D5-40DC-4E6D-A9AB-0F126E219F90}.Debug|Win32.ActiveCfg = Debug|Win32
		{9F2F26D5-40DC-4E6D-A9AB-0F126E219F90}.Debug|Win32.Build.0 = Debug|Win32
		{9F2F26D5-40DC-4E6D-A9AB-0F126E219F90}.Release|Win32.ActiveCfg = Release|Win32
		{9F2F26D5-40DC-4E6D-A9AB-0F126E219F90}.Release|Win32.Build.0 = Release|Win32
		{79E803B2-5B88-4667-B4E5-B83DCFB9F9B8}.Debug|x64.ActiveCfg = Debug|x64
		{79E803B2-5B88-4667-B4E5-B83DCFB9F9B8}.Debug|x64.Build.0 = Debug|x64
		{79E803B2-5B88-4667-B4E5-B83DCFB9F9B8}.Release|x64.ActiveCfg = Release|x64
		{79E803B2-5B88-4667-B4E5-B83DCFB9F9B8}.Release|x64.Build.0 = Release|x64
		{79E803B2-5B88-4667-B4E5-B83DCFB9F9B8}.Debug|Win32.ActiveCfg = Debug|Win32
		{79E803B2-5B88-4667-B4E5-B83DCFB9F9B8}.Debug|Win32.Build.0 = Debug|Win32
		{79E803B2-5B88-4667-B4E5-B83DCFB9F9B8}.Release|Win32.ActiveCfg = Release|Win32
		{79E803B2-5B88-4667-B4E5-B83DCFB9F9B8}.Release|Win32.Build.0 = Release|Win32
		{167504D4-1E29-47A6-ABD7-9B890A7960D2}.Debug|x64.ActiveCfg = Debug|x64
		{167504D4-1E29-47A6-ABD7-9B890A7960D2}.Debug|x64.Build.0 = Debug|x64
		{167504D4-1E29-47A6-ABD7-9B890A7960D2}.Release|x64.ActiveCfg = Release|x64
		{167504D4-1E29-47A6-ABD7-9B890A7960D2}.Release|x64.Build.0 = Release|x64
		{167504D4-1E29-47A6-ABD7-9B890A7960D2}.Debug|Win32.ActiveCfg = Debug|Win32
		{167504D4-1E29-47A6-ABD7-9B890A7960D2}.Debug|Win32.Build.0 = Debug|Win32
		{167504D4-1E29-47A6-ABD7-9B890A7960D2}.Release|Win32.ActiveCfg = Release|Win32
		{167504D4-1E29-47A6-ABD7-9B890A7960D2}.Release|Win32.Build.0 = Release|Win32
		{F978181B-F87D-46FF-B67B-7C060A22FA35}.Debug|x64.ActiveCfg = Debug|x64
		{F978181B-F87D-46FF-B67B-7C060A22FA35}.Debug|x64.Build.0 = Debug|x64
		{F978181B-F87D-46FF-B67B-7C060A22FA35}.Release|x64.ActiveCfg = Release|x64
		{F978181B-F87D-46FF-B67B-7C060A22FA35}.Release|x64.Build.0 = Release|x64
		{F978181B-F87D-46FF-B67B-7C060A22FA35}.Debug|Win32.ActiveCfg = Debug|Win32
		{F978181B-F87D-46FF-B67B-7C060A22FA35}.Debug|Win32.Build.0 = Debug|Win32
		{F978181B-F87D-46FF-B67B-7C060A22FA35}.Release|Win32.ActiveCfg = Release|Win32
		{F978181B-F87D-46FF-B67B-7C060A22FA35}.Release|Win32.Build.0 = Release|Win32
		{A7AC2F2E-CBE7-4291-8B94-6A0A3FCBCAF4}.Debug|x64.ActiveCfg = Debug|x64
		{A7AC2F2E-CBE7-4291-8B94-6A0A3FCBCAF4}.Debug|x64.Build.0 = Debug|x64
		{A7AC2F2E-CBE7-4291-8B94-6A0A3FCBCAF4}.Release|x64.ActiveCfg = Release|x64
		{A7AC2F2E-CBE7-4291-8B94-6A0A3FCBCAF4}.Release|x64.Build.0 = Release|x64
		{A7AC2F2E-CBE7-4291-8B94-6A0A3FCBCAF4}.Debug|Win32.ActiveCfg = Debug|Win32
		{A7AC2F2E-CBE7-4291-8B94-6A0A3FCBCAF4}.Debug|Win32.Build.0 = Debug|Win32
		{A7AC2F2E-CBE7-4291-8B94-6A0A3FCBCAF4}.Release|Win32.ActiveCfg = Release|Win32
		{A7AC2F2E-CBE7-4291-8B94-6A0A3FCBCAF4}.Release|Win32.Build.0 = Release|Win32
		{CAA4F5E3-1F6F-4A41-BC5A-5535A1F8CB07}.Debug|x64.ActiveCfg = Debug|x64
		{CAA4F5E3-1F6F-4A41-BC5A-5535A1F8CB07}.Debug|x64.Build.0 = Debug|x64
		{CAA4F5E3-1F6F-4A41-BC5A-5535A1F8CB07}.Release|x64.ActiveCfg = Release|x64
		{CAA4F5E3-1F6F-4A41-BC5A-5535A1F8CB07}.Release|x64.Build.0 = Release|x64
		{CAA4F5E3-1F6F-4A41-BC5A-5535A1F8CB07}.Debug|Win32.ActiveCfg = Debug|Win32
		{CAA4F5E3-1F6F-4A41-BC5A-5535A1F8CB07}.Debug|Win32.Build.0 = Debug|Win32
		{CAA4F5E3-1F6F-4A41-BC5A-5535A1F8CB07}.Release|Win32.ActiveCfg = Release|Win32
		{CAA4F5E3-1F6F-4A41-BC5A-5535A1F8CB07}.Release|Win32.Build.0 = Release|Win32
	EndGlobalSection
	GlobalSection(SolutionProperties) = preSolution
		HideSolutionNode = FALSE
	EndGlobalSection
	GlobalSection(NestedProjects) = preSolution
		{02EA681E-C7D8-13C7-8484-4AC65E1B71E8} = {D74CB279-0ED4-4604-A5A2-7B5B4AC811C0}
		{5DEA3EA5-7478-4810-A813-E30E33EFD93C} = {D74CB279-0ED4-4604-A5A2-7B5B4AC811C0}
		{51D2F701-CD15-44AD-ADCC-31A5DF4E4088} = {D4DF2B6F-8330-45FA-8C77-0D922627D153}
		{F00C2BAE-C88B-406B-BB7A-358CE52E9CA4} = {D4DF2B6F-8330-45FA-8C77-0D922627D153}
		{7BAA94C0-C752-4223-A0C9-49B810A32F17} = {D4DF2B6F-8330-45FA-8C77-0D922627D153}
		{6B1ED19D-6B8E-4F68-93F6-29CC09521C3A} = {7BAA94C0-C752-4223-A0C9-49B810A32F17}
		{B135030F-97A4-43DD-A976-612D796ED18D} = {7BAA94C0-C752-4223-A0C9-49B810A32F17}
		{59D590F4-2195-4C55-94D5-119B2F8016F6} = {7BAA94C0-C752-4223-A0C9-49B810A32F17}
		{AAE8D0E4-25F2-4F2A-9A42-46D910647E30} = {7F86B6ED-03D8-4DB6-A181-0A87162AE0F9}
		{545988D5-4959-45ED-985D-6F97E2BB50F4} = {AAE8D0E4-25F2-4F2A-9A42-46D910647E30}
		{9B171CF2-7820-4CE4-8BB9-527BF5A91305} = {AAE8D0E4-25F2-4F2A-9A42-46D910647E30}
		{1B6034A7-0227-4BDE-9616-436E4BFB80DE} = {7F86B6ED-03D8-4DB6-A181-0A87162AE0F9}
		{B1C027D1-B2EF-4F4B-8147-9FCE3EC31C52} = {02EA681E-C7D8-13C7-8484-4AC65E1B71E8}
		{E1DDAD3F-12A0-4DBB-9D0E-0F77959726B1} = {02EA681E-C7D8-13C7-8484-4AC65E1B71E8}
		{31F55CC7-E0DB-4861-AF7C-F7976A12208B} = {02EA681E-C7D8-13C7-8484-4AC65E1B71E8}
		{9D763025-4802-45A0-A25E-512561F5A8C7} = {02EA681E-C7D8-13C7-8484-4AC65E1B71E8}
		{93B5C837-5CBF-46DE-A2C0-C8FF66A8E3F1} = {02EA681E-C7D8-13C7-8484-4AC65E1B71E8}
		{890EA74B-81B1-44F8-A740-94DA104478A1} = {5DEA3EA5-7478-4810-A813-E30E33EFD93C}
		{DDCEF11C-6370-4BE7-90E0-173C972669A9} = {5DEA3EA5-7478-4810-A813-E30E33EFD93C}
		{1C150FBB-3418-414D-8A3C-F7B57C6D18B7} = {5DEA3EA5-7478-4810-A813-E30E33EFD93C}
		{1F194886-5B7E-4FA9-816C-1B48865633E6} = {5DEA3EA5-7478-4810-A813-E30E33EFD93C}
		{C746F6A5-C34A-4649-A3F4-AD185002DEDD} = {5DEA3EA5-7478-4810-A813-E30E33EFD93C}
		{CF722912-D223-4B78-A672-FD2264DB4BBF} = {5DEA3EA5-7478-4810-A813-E30E33EFD93C}
		{A7A9B776-78E1-460B-AF6A-BCA1B32C26C7} = {5DEA3EA5-7478-4810-A813-E30E33EFD93C}
		{74D665EF-D89E-4104-AE6F-E31C7BFF0F46} = {5DEA3EA5-7478-4810-A813-E30E33EFD93C}
		{D0B2BD35-1F9F-464B-A6D6-38B77C319F9F} = {5DEA3EA5-7478-4810-A813-E30E33EFD93C}
		{D0EE53BE-BFD8-4EA9-9EAC-EE9E6D9A1714} = {5DEA3EA5-7478-4810-A813-E30E33EFD93C}
		{CD223CDE-A7D0-4525-9BF4-2A59BA16EDA5} = {5DEA3EA5-7478-4810-A813-E30E33EFD93C}
		{DFCC3994-1C4F-4423-8CA7-3C1E1CBDB847} = {5DEA3EA5-7478-4810-A813-E30E33EFD93C}
		{33624D99-F720-4A5C-A70E-E6B74264E91B} = {51D2F701-CD15-44AD-ADCC-31A5DF4E4088}
		{D8ED496A-C8EE-AECF-5CD1-3DABA77F1C25} = {F00C2BAE-C88B-406B-BB7A-358CE52E9CA4}
		{CEB43AA9-DD10-4B37-8B08-32BE71B5AA0A} = {6B1ED19D-6B8E-4F68-93F6-29CC09521C3A}
		{1A3532CE-87EC-40C6-878A-0E8ACE4785F4} = {B135030F-97A4-43DD-A976-612D796ED18D}
		{1090A7E3-2A9A-4F03-BA51-E56A8F4E4B2A} = {59D590F4-2195-4C55-94D5-119B2F8016F6}
		{CF4C0B9E-B27D-4C22-9810-FCF331020AFD} = {D4DF2B6F-8330-45FA-8C77-0D922627D153}
		{7D1DE109-11CF-4D74-8399-717269F1543B} = {CF4C0B9E-B27D-4C22-9810-FCF331020AFD}
		{933F31B7-26D5-4522-B327-13DD6F8F188C} = {CF4C0B9E-B27D-4C22-9810-FCF331020AFD}
		{B7E0752D-A8CE-402F-B64B-27A75E2AB364} = {CF4C0B9E-B27D-4C22-9810-FCF331020AFD}
		{E053D7C6-832A-48A7-AF94-A7CF5744AF86} = {CF4C0B9E-B27D-4C22-9810-FCF331020AFD}
		{3CC5C6C0-A474-4705-9556-79068483EF9B} = {7D1DE109-11CF-4D74-8399-717269F1543B}
		{9ADCE95C-FB6F-4E05-B1C0-5B45C4C355E3} = {933F31B7-26D5-4522-B327-13DD6F8F188C}
		{47A3E258-A652-4E6E-87B9-10FE827C45BB} = {B7E0752D-A8CE-402F-B64B-27A75E2AB364}
		{F8F91F22-928C-46B7-9711-68B20B28272A} = {E053D7C6-832A-48A7-AF94-A7CF5744AF86}
		{C58D75C9-0F60-49F4-B9A2-760E10C2FC2D} = {545988D5-4959-45ED-985D-6F97E2BB50F4}
		{65C6E36B-6404-4D8A-9127-9030F5A51EFE} = {545988D5-4959-45ED-985D-6F97E2BB50F4}
		{C72085A3-16D3-4541-A764-BD5B442B3653} = {9B171CF2-7820-4CE4-8BB9-527BF5A91305}
		{7EBD1132-3516-4D3E-A125-350B9E651EEB} = {9B171CF2-7820-4CE4-8BB9-527BF5A91305}
		{6BE97C5D-6098-4FC1-9E47-3C22A65F4AC1} = {9B171CF2-7820-4CE4-8BB9-527BF5A91305}
		{7FF89591-2955-47DD-A507-82362D56DA4E} = {9B171CF2-7820-4CE4-8BB9-527BF5A91305}
		{9F2F26D5-40DC-4E6D-A9AB-0F126E219F90} = {9B171CF2-7820-4CE4-8BB9-527BF5A91305}
		{79E803B2-5B88-4667-B4E5-B83DCFB9F9B8} = {9B171CF2-7820-4CE4-8BB9-527BF5A91305}
		{167504D4-1E29-47A6-ABD7-9B890A7960D2} = {9B171CF2-7820-4CE4-8BB9-527BF5A91305}
		{F978181B-F87D-46FF-B67B-7C060A22FA35} = {9B171CF2-7820-4CE4-8BB9-527BF5A91305}
		{A7AC2F2E-CBE7-4291-8B94-6A0A3FCBCAF4} = {9B171CF2-7820-4CE4-8BB9-527BF5A91305}
		{CAA4F5E3-1F6F-4A41-BC5A-5535A1F8CB07} = {9B171CF2-7820-4CE4-8BB9-527BF5A91305}
	EndGlobalSection
	GlobalSection(ExtensibilityGlobals) = postSolution
		SolutionGuid = {2C02775B-F212-4361-9EDF-117A868736B4}
	EndGlobalSection
EndGlobal
