<?xml version="1.0" encoding="utf-8"?>
<Project ToolsVersion="4.0" xmlns="http://schemas.microsoft.com/developer/msbuild/2003">
  <ItemGroup>
    <ClCompile Include="dllmain.cpp">
      <Filter>源文件</Filter>
    </ClCompile>
    <ClCompile Include="pch.cpp">
      <Filter>源文件</Filter>
    </ClCompile>
    <ClCompile Include="uuid.cpp">
      <Filter>源文件</Filter>
    </ClCompile>
    <ClCompile Include="Variant.cpp">
      <Filter>源文件</Filter>
    </ClCompile>
    <ClCompile Include="PropertyBag.cpp">
      <Filter>源文件</Filter>
    </ClCompile>
    <ClCompile Include="VariantSerializer.cpp">
      <Filter>源文件</Filter>
    </ClCompile>
    <ClCompile Include="CommonFunction.cpp">
      <Filter>源文件</Filter>
    </ClCompile>
    <ClCompile Include="StableId.cpp">
      <Filter>源文件</Filter>
    </ClCompile>
  </ItemGroup>
  <ItemGroup>
    <ClInclude Include="pch.h">
      <Filter>头文件</Filter>
    </ClInclude>
    <ClInclude Include="framework.h">
      <Filter>头文件</Filter>
    </ClInclude>
    <ClInclude Include="Data.h">
      <Filter>头文件</Filter>
    </ClInclude>
    <ClInclude Include="Array1.h">
      <Filter>头文件</Filter>
    </ClInclude>
    <ClInclude Include="Array2.h">
      <Filter>头文件</Filter>
    </ClInclude>
    <ClInclude Include="uuid.h">
      <Filter>头文件</Filter>
    </ClInclude>
    <ClInclude Include="Variant.h">
      <Filter>头文件</Filter>
    </ClInclude>
    <ClInclude Include="PropertyBag.h">
      <Filter>头文件</Filter>
    </ClInclude>
    <ClInclude Include="VariantSerializer.h">
      <Filter>头文件</Filter>
    </ClInclude>
    <ClInclude Include="CommonFunction.h">
      <Filter>头文件</Filter>
    </ClInclude>
    <ClInclude Include="StableId.h">
      <Filter>头文件</Filter>
    </ClInclude>
  </ItemGroup>
  <ItemGroup>
    <Filter Include="源文件">
      <UniqueIdentifier>{ac5f1b18-305f-41b5-ac9c-04bf5874d294}</UniqueIdentifier>
    </Filter>
    <Filter Include="头文件">
      <UniqueIdentifier>{f7c5fa32-4f92-4843-858f-72b7f0388d28}</UniqueIdentifier>
    </Filter>
  </ItemGroup>
</Project>
