<?xml version="1.0" encoding="utf-8"?>
<Project ToolsVersion="4.0" xmlns="http://schemas.microsoft.com/developer/msbuild/2003">
  <ItemGroup>
    <Filter Include="Source Files"><UniqueIdentifier>{73a5d097-2e2c-4a7a-bd91-600a5a137632}</UniqueIdentifier></Filter>
  </ItemGroup>
  <ItemGroup>
    <ClCompile Include="InputPDOTests.cpp"><Filter>Source Files</Filter></ClCompile>
  </ItemGroup>
</Project>
