<?xml version="1.0" encoding="utf-8"?>
<Project ToolsVersion="4.0" xmlns="http://schemas.microsoft.com/developer/msbuild/2003">
  <ItemGroup>
    <Filter Include="Header Files"><UniqueIdentifier>{ff3dceac-0639-4bdb-b919-adfa684083e2}</UniqueIdentifier></Filter>
    <Filter Include="Source Files"><UniqueIdentifier>{a5409112-9084-48b2-8822-f532b6039936}</UniqueIdentifier></Filter>
  </ItemGroup>
  <ItemGroup>
    <ClInclude Include="framework.h"><Filter>Header Files</Filter></ClInclude>
    <ClInclude Include="pch.h"><Filter>Header Files</Filter></ClInclude>
    <ClInclude Include="SDO.h"><Filter>Header Files</Filter></ClInclude>
    <ClInclude Include="CameraViewSDOImplement.h"><Filter>Header Files</Filter></ClInclude>
    <ClInclude Include="SDOSupport.h"><Filter>Header Files</Filter></ClInclude>
    <ClInclude Include="ComponentValueHelpers.h"><Filter>Header Files</Filter></ClInclude>
    <ClInclude Include="FeatureRecognitionService.h"><Filter>Header Files</Filter></ClInclude>
    <ClInclude Include="JobComponents.h"><Filter>Header Files</Filter></ClInclude>
    <ClInclude Include="LayerComponents.h"><Filter>Header Files</Filter></ClInclude>
    <ClInclude Include="Laser3DCAM.h"><Filter>Header Files</Filter></ClInclude>
    <ClInclude Include="MachineDefinitionSDOImplement.h"><Filter>Header Files</Filter></ClInclude>
    <ClInclude Include="MachineInstanceComponents.h"><Filter>Header Files</Filter></ClInclude>
    <ClInclude Include="MachineDescriptionLoader.h"><Filter>Header Files</Filter></ClInclude>
    <ClInclude Include="MachineResourceKeys.h"><Filter>Header Files</Filter></ClInclude>
    <ClInclude Include="MachineResources.h"><Filter>Header Files</Filter></ClInclude>
    <ClInclude Include="MachineSDOImplement.h"><Filter>Header Files</Filter></ClInclude>
    <ClInclude Include="MachineTransformConstraints.h"><Filter>Header Files</Filter></ClInclude>
    <ClInclude Include="SDFLoader.h"><Filter>Header Files</Filter></ClInclude>
    <ClInclude Include="URDFLoader.h"><Filter>Header Files</Filter></ClInclude>
    <ClInclude Include="SceneComponents.h"><Filter>Header Files</Filter></ClInclude>
    <ClInclude Include="SelectionComponents.h"><Filter>Header Files</Filter></ClInclude>
    <ClInclude Include="ToolpathGenerationService.h"><Filter>Header Files</Filter></ClInclude>
    <ClInclude Include="ToolpathOrderService.h"><Filter>Header Files</Filter></ClInclude>
    <ClInclude Include="ToolpathComponents.h"><Filter>Header Files</Filter></ClInclude>
    <ClInclude Include="ToolpathSDOImplement.h"><Filter>Header Files</Filter></ClInclude>
    <ClInclude Include="TopologyPayloadNames.h"><Filter>Header Files</Filter></ClInclude>
    <ClInclude Include="ToolpathResourceKeys.h"><Filter>Header Files</Filter></ClInclude>
    <ClInclude Include="ToolpathResources.h"><Filter>Header Files</Filter></ClInclude>
    <ClInclude Include="WorkpieceComponents.h"><Filter>Header Files</Filter></ClInclude>
    <ClInclude Include="WorkpieceSDOImplement.h"><Filter>Header Files</Filter></ClInclude>
    <ClInclude Include="WorkpieceResourceKeys.h"><Filter>Header Files</Filter></ClInclude>
    <ClInclude Include="Laser3DCAMExport.h"><Filter>Header Files</Filter></ClInclude>
  </ItemGroup>
  <ItemGroup>
    <ClCompile Include="SDOSupport.cpp"><Filter>Source Files</Filter></ClCompile>
    <ClCompile Include="JobSDO.cpp"><Filter>Source Files</Filter></ClCompile>
    <ClCompile Include="MachineDescriptionLoader.cpp"><Filter>Source Files</Filter></ClCompile>
    <ClCompile Include="MachineColliderBehaviour.cpp"><Filter>Source Files</Filter></ClCompile>
    <ClCompile Include="MachineDefinitionSDO.cpp"><Filter>Source Files</Filter></ClCompile>
    <ClCompile Include="MachineDefinitionSDOImplement.cpp"><Filter>Source Files</Filter></ClCompile>
    <ClCompile Include="MachineSDO.cpp"><Filter>Source Files</Filter></ClCompile>
    <ClCompile Include="MachineSDOImplement.cpp"><Filter>Source Files</Filter></ClCompile>
    <ClCompile Include="MachineTransformConstraints.cpp"><Filter>Source Files</Filter></ClCompile>
    <ClCompile Include="ToolpathSDOImplement.cpp"><Filter>Source Files</Filter></ClCompile>
    <ClCompile Include="SelectionSDO.cpp"><Filter>Source Files</Filter></ClCompile>
    <ClCompile Include="ToolpathSDO.cpp"><Filter>Source Files</Filter></ClCompile>
    <ClCompile Include="CameraViewSDO.cpp"><Filter>Source Files</Filter></ClCompile>
    <ClCompile Include="CameraViewSDOImplement.cpp"><Filter>Source Files</Filter></ClCompile>
    <ClCompile Include="WorkpieceModelSDO.cpp"><Filter>Source Files</Filter></ClCompile>
    <ClCompile Include="WorkpieceSDO.cpp"><Filter>Source Files</Filter></ClCompile>
    <ClCompile Include="WorkpieceSDOImplement.cpp"><Filter>Source Files</Filter></ClCompile>
    <ClCompile Include="dllmain.cpp"><Filter>Source Files</Filter></ClCompile>
    <ClCompile Include="FeatureRecognitionService.cpp"><Filter>Source Files</Filter></ClCompile>
    <ClCompile Include="Laser3DCAM.cpp"><Filter>Source Files</Filter></ClCompile>
    <ClCompile Include="SceneBootstrapBehaviour.cpp"><Filter>Source Files</Filter></ClCompile>
    <ClCompile Include="SDFLoader.cpp"><Filter>Source Files</Filter></ClCompile>
    <ClCompile Include="URDFLoader.cpp"><Filter>Source Files</Filter></ClCompile>
    <ClCompile Include="ToolpathGenerationService.cpp"><Filter>Source Files</Filter></ClCompile>
    <ClCompile Include="ToolpathOrderService.cpp"><Filter>Source Files</Filter></ClCompile>
    <ClCompile Include="pch.cpp"><Filter>Source Files</Filter></ClCompile>
  </ItemGroup>
</Project>
