<?xml version="1.0" encoding="utf-8"?>
<Project ToolsVersion="4.0" xmlns="http://schemas.microsoft.com/developer/msbuild/2003">
  <ItemGroup>
    <Filter Include="头文件">
      <UniqueIdentifier>{9db38487-44a4-4f14-a5d8-c70ba56d3983}</UniqueIdentifier>
    </Filter>
    <Filter Include="源文件">
      <UniqueIdentifier>{cc5f1284-e31f-49b2-8ea5-5f1787ae3c4d}</UniqueIdentifier>
    </Filter>
  </ItemGroup>
  <ItemGroup>
    <ClInclude Include="framework.h">
      <Filter>头文件</Filter>
    </ClInclude>
    <ClInclude Include="pch.h">
      <Filter>头文件</Filter>
    </ClInclude>
    <ClInclude Include="ProductCommands.h">
      <Filter>头文件</Filter>
    </ClInclude>
    <ClInclude Include="ProductData.h">
      <Filter>头文件</Filter>
    </ClInclude>
    <ClInclude Include="ProductDefinition.h">
      <Filter>头文件</Filter>
    </ClInclude>
    <ClInclude Include="ProductExport.h">
      <Filter>头文件</Filter>
    </ClInclude>
    <ClInclude Include="ProductRuntime.h">
      <Filter>头文件</Filter>
    </ClInclude>
  </ItemGroup>
  <ItemGroup>
    <ClCompile Include="dllmain.cpp">
      <Filter>源文件</Filter>
    </ClCompile>
    <ClCompile Include="pch.cpp">
      <Filter>源文件</Filter>
    </ClCompile>
    <ClCompile Include="ProductCommands.cpp">
      <Filter>源文件</Filter>
    </ClCompile>
    <ClCompile Include="ProductData.cpp">
      <Filter>源文件</Filter>
    </ClCompile>
    <ClCompile Include="ProductRuntime.cpp">
      <Filter>源文件</Filter>
    </ClCompile>
  </ItemGroup>
</Project>
