<?xml version="1.0" encoding="utf-8"?>
<Project ToolsVersion="4.0" xmlns="http://schemas.microsoft.com/developer/msbuild/2003">
  <ItemGroup>
    <Filter Include="Header Files"><UniqueIdentifier>{ff3dceac-0639-4bdb-b919-adfa684083e2}</UniqueIdentifier></Filter>
    <Filter Include="Source Files"><UniqueIdentifier>{a5409112-9084-48b2-8822-f532b6039936}</UniqueIdentifier></Filter>
  </ItemGroup>
  <ItemGroup>
    <ClInclude Include="framework.h"><Filter>Header Files</Filter></ClInclude>
    <ClInclude Include="pch.h"><Filter>Header Files</Filter></ClInclude>
    <ClInclude Include="TopologyToolpath.h"><Filter>Header Files</Filter></ClInclude>
    <ClInclude Include="TopologyToolpathComponents.h"><Filter>Header Files</Filter></ClInclude>
    <ClInclude Include="TopologyToolpathResources.h"><Filter>Header Files</Filter></ClInclude>
    <ClInclude Include="TopologyToolpathExport.h"><Filter>Header Files</Filter></ClInclude>
  </ItemGroup>
  <ItemGroup>
    <ClCompile Include="CamCommands.cpp"><Filter>Source Files</Filter></ClCompile>
    <ClCompile Include="dllmain.cpp"><Filter>Source Files</Filter></ClCompile>
    <ClCompile Include="TopologyToolpath.cpp"><Filter>Source Files</Filter></ClCompile>
    <ClCompile Include="pch.cpp"><Filter>Source Files</Filter></ClCompile>
  </ItemGroup>
</Project>
