<?xml version="1.0" encoding="utf-8"?>
<Project ToolsVersion="4.0" xmlns="http://schemas.microsoft.com/developer/msbuild/2003">
  <ItemGroup>
    <Filter Include="源文件">
      <UniqueIdentifier>{4FC737F1-C7A5-4376-A066-2A32D752A2FF}</UniqueIdentifier>
      <Extensions>cpp;c;cc;cxx;c++;cppm;ixx;def;odl;idl;hpj;bat;asm;asmx</Extensions>
    </Filter>
    <Filter Include="头文件">
      <UniqueIdentifier>{93995380-89BD-4b04-88EB-625FBE52EBFB}</UniqueIdentifier>
      <Extensions>h;hh;hpp;hxx;h++;hm;inl;inc;ipp;xsd</Extensions>
    </Filter>
    <Filter Include="资源文件">
      <UniqueIdentifier>{67DA6AB6-F800-4c08-8B7A-83BB121AAD01}</UniqueIdentifier>
      <Extensions>rc;ico;cur;bmp;dlg;rc2;rct;bin;rgs;gif;jpg;jpeg;jpe;resx;tiff;tif;png;wav;mfcribbon-ms</Extensions>
    </Filter>
    <Filter Include="Resource">
      <UniqueIdentifier>{84ac40d5-6e68-418b-9786-1ca1f018550b}</UniqueIdentifier>
    </Filter>
    <Filter Include="Log">
      <UniqueIdentifier>{dc4d0350-8361-4bc8-9aed-532dd2e483a7}</UniqueIdentifier>
    </Filter>
    <Filter Include="Task">
      <UniqueIdentifier>{24160da6-8878-424f-82bf-5163ba6ce0fd}</UniqueIdentifier>
    </Filter>
    <Filter Include="Setting">
      <UniqueIdentifier>{fe3ba839-cfd4-408a-98a0-92301470d6e1}</UniqueIdentifier>
    </Filter>
  </ItemGroup>
  <ItemGroup>
    <ClInclude Include="framework.h">
      <Filter>头文件</Filter>
    </ClInclude>
    <ClInclude Include="pch.h">
      <Filter>头文件</Filter>
    </ClInclude>
    <ClInclude Include="Core.h">
      <Filter>头文件</Filter>
    </ClInclude>
    <ClInclude Include="ResourceService.h">
      <Filter>Resource</Filter>
    </ClInclude>
    <ClInclude Include="IResourceService.h">
      <Filter>Resource</Filter>
    </ClInclude>
    <ClInclude Include="ILogService.h">
      <Filter>Log</Filter>
    </ClInclude>
    <ClInclude Include="SpdlogService.h">
      <Filter>Log</Filter>
    </ClInclude>
    <ClInclude Include="BS_thread_pool.h">
      <Filter>Task</Filter>
    </ClInclude>
    <ClInclude Include="ISettingService.h">
      <Filter>Setting</Filter>
    </ClInclude>
    <ClInclude Include="SettingService.h">
      <Filter>Setting</Filter>
    </ClInclude>
    <ClInclude Include="TaskService.h">
      <Filter>Task</Filter>
    </ClInclude>
    <ClInclude Include="Task.h">
      <Filter>Task</Filter>
    </ClInclude>
  </ItemGroup>
  <ItemGroup>
    <ClCompile Include="dllmain.cpp">
      <Filter>源文件</Filter>
    </ClCompile>
    <ClCompile Include="pch.cpp">
      <Filter>源文件</Filter>
    </ClCompile>
    <ClCompile Include="ResourceService.cpp">
      <Filter>Resource</Filter>
    </ClCompile>
    <ClCompile Include="SpdlogService.cpp">
      <Filter>Log</Filter>
    </ClCompile>
    <ClCompile Include="SettingService.cpp">
      <Filter>Setting</Filter>
    </ClCompile>
    <ClCompile Include="TaskService.cpp">
      <Filter>Task</Filter>
    </ClCompile>
  </ItemGroup>
  <ItemGroup>
    <None Include="packages.config" />
  </ItemGroup>
</Project>