<?xml version="1.0" encoding="utf-8"?>
<Project ToolsVersion="4.0" xmlns="http://schemas.microsoft.com/developer/msbuild/2003">
  <ItemGroup>
    <Filter Include="源文件">
      <UniqueIdentifier>{bb84ddc5-f4f5-489e-ad4c-d44e16acbe4f}</UniqueIdentifier>
    </Filter>
    <Filter Include="配置">
      <UniqueIdentifier>{46362588-ed8c-47f9-b4c0-692c240b3671}</UniqueIdentifier>
    </Filter>
  </ItemGroup>
  <ItemGroup>
    <ClCompile Include="MailboxTests.cpp">
      <Filter>源文件</Filter>
    </ClCompile>
  </ItemGroup>
  <ItemGroup>
    <None Include="packages.config">
      <Filter>配置</Filter>
    </None>
  </ItemGroup>
</Project>
