<?xml version="1.0" encoding="utf-8"?>
<Project ToolsVersion="4.0" xmlns="http://schemas.microsoft.com/developer/msbuild/2003">
  <ItemGroup>
    <Filter Include="Header Files"><UniqueIdentifier>{d24b6a7a-06a3-41e7-93ef-f06710302cf1}</UniqueIdentifier></Filter>
    <Filter Include="Source Files"><UniqueIdentifier>{f1f4073d-21c4-4a25-97f7-bd3ca76ff7dd}</UniqueIdentifier></Filter>
  </ItemGroup>
  <ItemGroup>
    <ClInclude Include="InputService.h"><Filter>Header Files</Filter></ClInclude>
    <ClInclude Include="InputServiceExport.h"><Filter>Header Files</Filter></ClInclude>
    <ClInclude Include="framework.h"><Filter>Header Files</Filter></ClInclude>
    <ClInclude Include="pch.h"><Filter>Header Files</Filter></ClInclude>
  </ItemGroup>
  <ItemGroup>
    <ClCompile Include="InputService.cpp"><Filter>Source Files</Filter></ClCompile>
    <ClCompile Include="dllmain.cpp"><Filter>Source Files</Filter></ClCompile>
    <ClCompile Include="pch.cpp"><Filter>Source Files</Filter></ClCompile>
  </ItemGroup>
</Project>

