<?xml version="1.0" encoding="utf-8"?>
<Project ToolsVersion="4.0" xmlns="http://schemas.microsoft.com/developer/msbuild/2003">
  <ItemGroup>
    <Filter Include="Source Files"><UniqueIdentifier>{1D53C467-441C-4A45-8913-386A4F9446BB}</UniqueIdentifier><Extensions>cpp;c;cc;cxx</Extensions></Filter>
    <Filter Include="Header Files"><UniqueIdentifier>{0E45B798-8555-48B1-94A0-B0F5BCB1C96A}</UniqueIdentifier><Extensions>h;hh;hpp;hxx</Extensions></Filter>
  </ItemGroup>
  <ItemGroup>
    <ClInclude Include="ComponentModelLibrary.h"><Filter>Header Files</Filter></ClInclude>
    <ClInclude Include="FinalGeometryMeasurement.h"><Filter>Header Files</Filter></ClInclude>
    <ClInclude Include="BRepTubeUnfoldingService.h"><Filter>Header Files</Filter></ClInclude>
    <ClInclude Include="PunchGeometry.h"><Filter>Header Files</Filter></ClInclude>
    <ClInclude Include="PartDrawingDefinition.h"><Filter>Header Files</Filter></ClInclude>
    <ClInclude Include="NestingAdapter.h"><Filter>Header Files</Filter></ClInclude>
    <ClInclude Include="NestingResultExporter.h"><Filter>Header Files</Filter></ClInclude>
    <ClInclude Include="framework.h"><Filter>Header Files</Filter></ClInclude>
    <ClInclude Include="PartListXlsxExporter.h"><Filter>Header Files</Filter></ClInclude>
    <ClInclude Include="pch.h"><Filter>Header Files</Filter></ClInclude>
    <ClInclude Include="TubeDesigner.h"><Filter>Header Files</Filter></ClInclude>
    <ClInclude Include="TubeDesignerComponents.h"><Filter>Header Files</Filter></ClInclude>
    <ClInclude Include="TubeDesignerExport.h"><Filter>Header Files</Filter></ClInclude>
  </ItemGroup>
  <ItemGroup>
    <ClCompile Include="ComponentModelLibrary.cpp"><Filter>Source Files</Filter></ClCompile>
    <ClCompile Include="dllmain.cpp"><Filter>Source Files</Filter></ClCompile>
    <ClCompile Include="FinalGeometryMeasurement.cpp"><Filter>Source Files</Filter></ClCompile>
    <ClCompile Include="BRepTubeUnfoldingService.cpp"><Filter>Source Files</Filter></ClCompile>
    <ClCompile Include="PunchGeometry.cpp"><Filter>Source Files</Filter></ClCompile>
    <ClCompile Include="NestingAdapter.cpp"><Filter>Source Files</Filter></ClCompile>
    <ClCompile Include="NestingResultExporter.cpp"><Filter>Source Files</Filter></ClCompile>
    <ClCompile Include="OpenCascadeStepExporter.cpp"><Filter>Source Files</Filter></ClCompile>
    <ClCompile Include="PartListXlsxExporter.cpp"><Filter>Source Files</Filter></ClCompile>
    <ClCompile Include="TubeDesigner.cpp"><Filter>Source Files</Filter></ClCompile>
    <ClCompile Include="TubeDesignerSDO.cpp"><Filter>Source Files</Filter></ClCompile>
    <ClCompile Include="TubeDesignerLicensingSDO.cpp"><Filter>Source Files</Filter></ClCompile>
    <ClCompile Include="pch.cpp"><Filter>Source Files</Filter></ClCompile>
  </ItemGroup>
</Project>
