<?xml version="1.0" encoding="utf-8"?>
<Project ToolsVersion="4.0" xmlns="http://schemas.microsoft.com/developer/msbuild/2003">
  <ItemGroup>
    <ClCompile Include="Coroutine.cpp">
      <Filter>源文件</Filter>
    </ClCompile>
    <Filter Include="源文件">
      <UniqueIdentifier>{2c5b2b2b-c61d-4d2d-b16c-536dcb65a2f8}</UniqueIdentifier>
    </Filter>
    <Filter Include="头文件">
      <UniqueIdentifier>{89a4137c-5fd0-4ff5-9afd-0f87805ca9e8}</UniqueIdentifier>
    </Filter>
  </ItemGroup>
  <ItemGroup>
    <ClInclude Include="Coroutine.h">
      <Filter>头文件</Filter>
    </ClInclude>
    <ClCompile Include="dllmain.cpp">
      <Filter>源文件</Filter>
    </ClCompile>
    <ClCompile Include="pch.cpp">
      <Filter>源文件</Filter>
    </ClCompile>
    <ClCompile Include="TaskScheduler.cpp">
      <Filter>源文件</Filter>
    </ClCompile>
  </ItemGroup>
  <ItemGroup>
    <ClInclude Include="CancellationToken.h">
      <Filter>头文件</Filter>
    </ClInclude>
    <ClInclude Include="framework.h">
      <Filter>头文件</Filter>
    </ClInclude>
    <ClInclude Include="pch.h">
      <Filter>头文件</Filter>
    </ClInclude>
    <ClInclude Include="Task.h">
      <Filter>头文件</Filter>
    </ClInclude>
    <ClInclude Include="TaskContinuationOptions.h">
      <Filter>头文件</Filter>
    </ClInclude>
    <ClInclude Include="TaskCreationOptions.h">
      <Filter>头文件</Filter>
    </ClInclude>
    <ClInclude Include="TaskDefines.h">
      <Filter>头文件</Filter>
    </ClInclude>
    <ClInclude Include="TaskScheduler.h">
      <Filter>头文件</Filter>
    </ClInclude>
    <ClInclude Include="TaskStatus.h">
      <Filter>头文件</Filter>
    </ClInclude>
  </ItemGroup>
</Project>
