Microsoft Visual Studio Solution File, Format Version 12.00
# Visual Studio Version 17
VisualStudioVersion = 17.9.34723.18
MinimumVisualStudioVersion = 10.0.40219.1
Project("{2150E333-8FDC-42A3-9474-1A3956D46DE8}") = "icax", ".", "{D74CB279-0ED4-4604-A5A2-7B5B4AC811C0}"
EndProject
Project("{2150E333-8FDC-42A3-9474-1A3956D46DE8}") = "foundation", "foundation", "{02EA681E-C7D8-13C7-8484-4AC65E1B71E8}"
EndProject
Project("{2150E333-8FDC-42A3-9474-1A3956D46DE8}") = "framework", "framework", "{5DEA3EA5-7478-4810-A813-E30E33EFD93C}"
EndProject
Project("{2150E333-8FDC-42A3-9474-1A3956D46DE8}") = "plugins", "plugins", "{FC8655A6-4B9E-4548-830D-2AED01368F65}"
EndProject
Project("{2150E333-8FDC-42A3-9474-1A3956D46DE8}") = "core", "plugins\core", "{E39034C1-E91C-4CE5-BBCF-BD4650FDD7AD}"
EndProject
Project("{2150E333-8FDC-42A3-9474-1A3956D46DE8}") = "apps", "..\apps", "{D4DF2B6F-8330-45FA-8C77-0D922627D153}"
EndProject
Project("{2150E333-8FDC-42A3-9474-1A3956D46DE8}") = "cax-host", "..\apps\cax-host", "{51D2F701-CD15-44AD-ADCC-31A5DF4E4088}"
EndProject
Project("{2150E333-8FDC-42A3-9474-1A3956D46DE8}") = "mfc-sample", "..\apps\mfc-sample", "{F00C2BAE-C88B-406B-BB7A-358CE52E9CA4}"
EndProject
Project("{2150E333-8FDC-42A3-9474-1A3956D46DE8}") = "sample", "..\apps\sample", "{7BAA94C0-C752-4223-A0C9-49B810A32F17}"
EndProject
Project("{2150E333-8FDC-42A3-9474-1A3956D46DE8}") = "component", "..\apps\sample\backend\component", "{6B1ED19D-6B8E-4F68-93F6-29CC09521C3A}"
EndProject
Project("{2150E333-8FDC-42A3-9474-1A3956D46DE8}") = "behaviour", "..\apps\sample\backend\behaviour", "{B135030F-97A4-43DD-A976-612D796ED18D}"
EndProject
Project("{2150E333-8FDC-42A3-9474-1A3956D46DE8}") = "service", "..\apps\sample\backend\service", "{59D590F4-2195-4C55-94D5-119B2F8016F6}"
EndProject
Project("{2150E333-8FDC-42A3-9474-1A3956D46DE8}") = "icax-workbench", "..\icax-workbench", "{28D541B7-9B61-4B0D-8C5D-BCA86AD742C0}"
EndProject
Project("{2150E333-8FDC-42A3-9474-1A3956D46DE8}") = "tests", "..\tests", "{7F86B6ED-03D8-4DB6-A181-0A87162AE0F9}"
EndProject
Project("{2150E333-8FDC-42A3-9474-1A3956D46DE8}") = "icax", "..\tests\icax", "{AAE8D0E4-25F2-4F2A-9A42-46D910647E30}"
EndProject
Project("{2150E333-8FDC-42A3-9474-1A3956D46DE8}") = "foundation", "..\tests\icax\foundation", "{545988D5-4959-45ED-985D-6F97E2BB50F4}"
EndProject
Project("{2150E333-8FDC-42A3-9474-1A3956D46DE8}") = "framework", "..\tests\icax\framework", "{9B171CF2-7820-4CE4-8BB9-527BF5A91305}"
EndProject
Project("{2150E333-8FDC-42A3-9474-1A3956D46DE8}") = "icax-protocol", "..\tests\icax-protocol", "{1B6034A7-0227-4BDE-9616-436E4BFB80DE}"
EndProject
Project("{2150E333-8FDC-42A3-9474-1A3956D46DE8}") = "icax-workbench", "..\tests\icax-workbench", "{F50D107E-D213-4304-B7C2-8EAF4E958298}"
EndProject
Project("{8BC9CEB8-8B4A-11D0-8D11-00A0C91BC942}") = "Data", "foundation\Data\Data.vcxproj", "{B1C027D1-B2EF-4F4B-8147-9FCE3EC31C52}"
EndProject
Project("{8BC9CEB8-8B4A-11D0-8D11-00A0C91BC942}") = "Geometry", "foundation\Geometry\Geometry.vcxproj", "{DEF9F18B-1341-4B7E-9B8E-21136D5B81F3}"
EndProject
Project("{8BC9CEB8-8B4A-11D0-8D11-00A0C91BC942}") = "Math", "foundation\Math\Math.vcxproj", "{A7BB93B2-85D6-46B2-BD20-8654DC447B9B}"
EndProject
Project("{8BC9CEB8-8B4A-11D0-8D11-00A0C91BC942}") = "Task", "foundation\Task\Task.vcxproj", "{93B5C837-5CBF-46DE-A2C0-C8FF66A8E3F1}"
EndProject
Project("{8BC9CEB8-8B4A-11D0-8D11-00A0C91BC942}") = "ApplicationContext", "framework\ApplicationContext\ApplicationContext.vcxproj", "{890EA74B-81B1-44F8-A740-94DA104478A1}"
EndProject
Project("{8BC9CEB8-8B4A-11D0-8D11-00A0C91BC942}") = "ApplicationHost", "framework\ApplicationHost\ApplicationHost.vcxproj", "{DDCEF11C-6370-4BE7-90E0-173C972669A9}"
EndProject
Project("{8BC9CEB8-8B4A-11D0-8D11-00A0C91BC942}") = "Behaviour", "framework\Behaviour\Behaviour.vcxproj", "{1C150FBB-3418-414D-8A3C-F7B57C6D18B7}"
EndProject
Project("{8BC9CEB8-8B4A-11D0-8D11-00A0C91BC942}") = "CommandHandler", "framework\CommandHandler\CommandHandler.vcxproj", "{1F194886-5B7E-4FA9-816C-1B48865633E6}"
EndProject
Project("{8BC9CEB8-8B4A-11D0-8D11-00A0C91BC942}") = "Database", "framework\Database\Database.vcxproj", "{C746F6A5-C34A-4649-A3F4-AD185002DEDD}"
EndProject
Project("{8BC9CEB8-8B4A-11D0-8D11-00A0C91BC942}") = "Mailbox", "framework\Mailbox\Mailbox.vcxproj", "{5B637D1E-2672-4F50-8F72-612824BB5F96}"
EndProject
Project("{8BC9CEB8-8B4A-11D0-8D11-00A0C91BC942}") = "PDO", "framework\PDO\PDO.vcxproj", "{CF722912-D223-4B78-A672-FD2264DB4BBF}"
EndProject
Project("{8BC9CEB8-8B4A-11D0-8D11-00A0C91BC942}") = "Product", "framework\Product\Product.vcxproj", "{A7A9B776-78E1-460B-AF6A-BCA1B32C26C7}"
EndProject
Project("{8BC9CEB8-8B4A-11D0-8D11-00A0C91BC942}") = "Project", "framework\Project\Project.vcxproj", "{D0B2BD35-1F9F-464B-A6D6-38B77C319F9F}"
EndProject
Project("{8BC9CEB8-8B4A-11D0-8D11-00A0C91BC942}") = "Resources", "framework\Resources\Resources.vcxproj", "{CD223CDE-A7D0-4525-9BF4-2A59BA16EDA5}"
EndProject
Project("{8BC9CEB8-8B4A-11D0-8D11-00A0C91BC942}") = "Services", "framework\Services\Services.vcxproj", "{DFCC3994-1C4F-4423-8CA7-3C1E1CBDB847}"
EndProject
Project("{8BC9CEB8-8B4A-11D0-8D11-00A0C91BC942}") = "CoreBehaviour", "plugins\core\CoreBehaviour\CoreBehaviour.vcxproj", "{F14151C5-F516-41DF-9C14-312AF0873EA7}"
EndProject
Project("{8BC9CEB8-8B4A-11D0-8D11-00A0C91BC942}") = "CoreComponent", "plugins\core\CoreComponent\CoreComponent.vcxproj", "{2E8FD9C2-AEB9-48FB-82B3-E73435B186EA}"
EndProject
Project("{8BC9CEB8-8B4A-11D0-8D11-00A0C91BC942}") = "CoreService", "plugins\core\CoreService\CoreService.vcxproj", "{E719A632-B5D7-4A62-AD13-581C7013CA2C}"
EndProject
Project("{8BC9CEB8-8B4A-11D0-8D11-00A0C91BC942}") = "CAXHost", "..\apps\cax-host\backend\CAXHost\CAXHost.vcxproj", "{33624D99-F720-4A5C-A70E-E6B74264E91B}"
EndProject
Project("{8BC9CEB8-8B4A-11D0-8D11-00A0C91BC942}") = "MFCSample", "..\apps\mfc-sample\backend\MFCSample\MFCSample.vcxproj", "{D8ED496A-C8EE-AECF-5CD1-3DABA77F1C25}"
EndProject
Project("{8BC9CEB8-8B4A-11D0-8D11-00A0C91BC942}") = "SampleComponent", "..\apps\sample\backend\component\SampleComponent\SampleComponent.vcxproj", "{CEB43AA9-DD10-4B37-8B08-32BE71B5AA0A}"
EndProject
Project("{8BC9CEB8-8B4A-11D0-8D11-00A0C91BC942}") = "SampleBehaviour", "..\apps\sample\backend\behaviour\SampleBehaviour\SampleBehaviour.vcxproj", "{1A3532CE-87EC-40C6-878A-0E8ACE4785F4}"
EndProject
Project("{8BC9CEB8-8B4A-11D0-8D11-00A0C91BC942}") = "SampleService", "..\apps\sample\backend\service\SampleService\SampleService.vcxproj", "{1090A7E3-2A9A-4F03-BA51-E56A8F4E4B2A}"
EndProject
Project("{8BC9CEB8-8B4A-11D0-8D11-00A0C91BC942}") = "WorkbenchDevServer", "..\icax-workbench\WorkbenchDevServer.vcxproj", "{4A7F5DD3-97A9-449D-9C5F-1EE47B341D3F}"
EndProject
Project("{8BC9CEB8-8B4A-11D0-8D11-00A0C91BC942}") = "DataTest", "..\tests\icax\foundation\Data\DataTest\DataTest.vcxproj", "{C58D75C9-0F60-49F4-B9A2-760E10C2FC2D}"
EndProject
Project("{8BC9CEB8-8B4A-11D0-8D11-00A0C91BC942}") = "TaskTest", "..\tests\icax\foundation\Task\TaskTest\TaskTest.vcxproj", "{65C6E36B-6404-4D8A-9127-9030F5A51EFE}"
EndProject
Project("{8BC9CEB8-8B4A-11D0-8D11-00A0C91BC942}") = "ApplicationContextTest", "..\tests\icax\framework\ApplicationContext\ApplicationContextTest\ApplicationContextTest.vcxproj", "{C72085A3-16D3-4541-A764-BD5B442B3653}"
EndProject
Project("{8BC9CEB8-8B4A-11D0-8D11-00A0C91BC942}") = "ApplicationHostTest", "..\tests\icax\framework\ApplicationHost\ApplicationHostTest\ApplicationHostTest.vcxproj", "{7EBD1132-3516-4D3E-A125-350B9E651EEB}"
EndProject
Project("{8BC9CEB8-8B4A-11D0-8D11-00A0C91BC942}") = "CommandHandlerTest", "..\tests\icax\framework\CommandHandler\CommandHandlerTest\CommandHandlerTest.vcxproj", "{7FF89591-2955-47DD-A507-82362D56DA4E}"
EndProject
Project("{8BC9CEB8-8B4A-11D0-8D11-00A0C91BC942}") = "DatabaseTest", "..\tests\icax\framework\Database\DatabaseTest\DatabaseTest.vcxproj", "{9F2F26D5-40DC-4E6D-A9AB-0F126E219F90}"
EndProject
Project("{8BC9CEB8-8B4A-11D0-8D11-00A0C91BC942}") = "MailboxTest", "..\tests\icax\framework\Mailbox\MailboxTest\MailboxTest.vcxproj", "{2F32C915-4F2B-4F69-8147-B86CF470B786}"
EndProject
Project("{8BC9CEB8-8B4A-11D0-8D11-00A0C91BC942}") = "PDOTest", "..\tests\icax\framework\PDO\PDOTest\PDOTest.vcxproj", "{79E803B2-5B88-4667-B4E5-B83DCFB9F9B8}"
EndProject
Project("{8BC9CEB8-8B4A-11D0-8D11-00A0C91BC942}") = "ProductTest", "..\tests\icax\framework\Product\ProductTest\ProductTest.vcxproj", "{167504D4-1E29-47A6-ABD7-9B890A7960D2}"
EndProject
Project("{8BC9CEB8-8B4A-11D0-8D11-00A0C91BC942}") = "ProjectTest", "..\tests\icax\framework\Project\ProjectTest\ProjectTest.vcxproj", "{F978181B-F87D-46FF-B67B-7C060A22FA35}"
EndProject
Project("{8BC9CEB8-8B4A-11D0-8D11-00A0C91BC942}") = "ResourcesTest", "..\tests\icax\framework\Resources\ResourcesTest\ResourcesTest.vcxproj", "{A7AC2F2E-CBE7-4291-8B94-6A0A3FCBCAF4}"
EndProject
Project("{8BC9CEB8-8B4A-11D0-8D11-00A0C91BC942}") = "ServicesTest", "..\tests\icax\framework\Services\ServicesTest\ServicesTest.vcxproj", "{CAA4F5E3-1F6F-4A41-BC5A-5535A1F8CB07}"
EndProject
Global
	GlobalSection(SolutionConfigurationPlatforms) = preSolution
		Debug|x64 = Debug|x64
		Release|x64 = Release|x64
		Debug|Win32 = Debug|Win32
		Release|Win32 = Release|Win32
	EndGlobalSection
	GlobalSection(ProjectConfigurationPlatforms) = postSolution
		{B1C027D1-B2EF-4F4B-8147-9FCE3EC31C52}.Debug|x64.ActiveCfg = Debug|x64
		{B1C027D1-B2EF-4F4B-8147-9FCE3EC31C52}.Debug|x64.Build.0 = Debug|x64
		{B1C027D1-B2EF-4F4B-8147-9FCE3EC31C52}.Release|x64.ActiveCfg = Release|x64
		{B1C027D1-B2EF-4F4B-8147-9FCE3EC31C52}.Release|x64.Build.0 = Release|x64
		{B1C027D1-B2EF-4F4B-8147-9FCE3EC31C52}.Debug|Win32.ActiveCfg = Debug|Win32
		{B1C027D1-B2EF-4F4B-8147-9FCE3EC31C52}.Debug|Win32.Build.0 = Debug|Win32
		{B1C027D1-B2EF-4F4B-8147-9FCE3EC31C52}.Release|Win32.ActiveCfg = Release|Win32
		{B1C027D1-B2EF-4F4B-8147-9FCE3EC31C52}.Release|Win32.Build.0 = Release|Win32
		{DEF9F18B-1341-4B7E-9B8E-21136D5B81F3}.Debug|x64.ActiveCfg = Debug|x64
		{DEF9F18B-1341-4B7E-9B8E-21136D5B81F3}.Debug|x64.Build.0 = Debug|x64
		{DEF9F18B-1341-4B7E-9B8E-21136D5B81F3}.Release|x64.ActiveCfg = Release|x64
		{DEF9F18B-1341-4B7E-9B8E-21136D5B81F3}.Release|x64.Build.0 = Release|x64
		{DEF9F18B-1341-4B7E-9B8E-21136D5B81F3}.Debug|Win32.ActiveCfg = Debug|Win32
		{DEF9F18B-1341-4B7E-9B8E-21136D5B81F3}.Debug|Win32.Build.0 = Debug|Win32
		{DEF9F18B-1341-4B7E-9B8E-21136D5B81F3}.Release|Win32.ActiveCfg = Release|Win32
		{DEF9F18B-1341-4B7E-9B8E-21136D5B81F3}.Release|Win32.Build.0 = Release|Win32
		{A7BB93B2-85D6-46B2-BD20-8654DC447B9B}.Debug|x64.ActiveCfg = Debug|x64
		{A7BB93B2-85D6-46B2-BD20-8654DC447B9B}.Debug|x64.Build.0 = Debug|x64
		{A7BB93B2-85D6-46B2-BD20-8654DC447B9B}.Release|x64.ActiveCfg = Release|x64
		{A7BB93B2-85D6-46B2-BD20-8654DC447B9B}.Release|x64.Build.0 = Release|x64
		{A7BB93B2-85D6-46B2-BD20-8654DC447B9B}.Debug|Win32.ActiveCfg = Debug|Win32
		{A7BB93B2-85D6-46B2-BD20-8654DC447B9B}.Debug|Win32.Build.0 = Debug|Win32
		{A7BB93B2-85D6-46B2-BD20-8654DC447B9B}.Release|Win32.ActiveCfg = Release|Win32
		{A7BB93B2-85D6-46B2-BD20-8654DC447B9B}.Release|Win32.Build.0 = Release|Win32
		{93B5C837-5CBF-46DE-A2C0-C8FF66A8E3F1}.Debug|x64.ActiveCfg = Debug|x64
		{93B5C837-5CBF-46DE-A2C0-C8FF66A8E3F1}.Debug|x64.Build.0 = Debug|x64
		{93B5C837-5CBF-46DE-A2C0-C8FF66A8E3F1}.Release|x64.ActiveCfg = Release|x64
		{93B5C837-5CBF-46DE-A2C0-C8FF66A8E3F1}.Release|x64.Build.0 = Release|x64
		{93B5C837-5CBF-46DE-A2C0-C8FF66A8E3F1}.Debug|Win32.ActiveCfg = Debug|Win32
		{93B5C837-5CBF-46DE-A2C0-C8FF66A8E3F1}.Debug|Win32.Build.0 = Debug|Win32
		{93B5C837-5CBF-46DE-A2C0-C8FF66A8E3F1}.Release|Win32.ActiveCfg = Release|Win32
		{93B5C837-5CBF-46DE-A2C0-C8FF66A8E3F1}.Release|Win32.Build.0 = Release|Win32
		{890EA74B-81B1-44F8-A740-94DA104478A1}.Debug|x64.ActiveCfg = Debug|x64
		{890EA74B-81B1-44F8-A740-94DA104478A1}.Debug|x64.Build.0 = Debug|x64
		{890EA74B-81B1-44F8-A740-94DA104478A1}.Release|x64.ActiveCfg = Release|x64
		{890EA74B-81B1-44F8-A740-94DA104478A1}.Release|x64.Build.0 = Release|x64
		{890EA74B-81B1-44F8-A740-94DA104478A1}.Debug|Win32.ActiveCfg = Debug|Win32
		{890EA74B-81B1-44F8-A740-94DA104478A1}.Debug|Win32.Build.0 = Debug|Win32
		{890EA74B-81B1-44F8-A740-94DA104478A1}.Release|Win32.ActiveCfg = Release|Win32
		{890EA74B-81B1-44F8-A740-94DA104478A1}.Release|Win32.Build.0 = Release|Win32
		{DDCEF11C-6370-4BE7-90E0-173C972669A9}.Debug|x64.ActiveCfg = Debug|x64
		{DDCEF11C-6370-4BE7-90E0-173C972669A9}.Debug|x64.Build.0 = Debug|x64
		{DDCEF11C-6370-4BE7-90E0-173C972669A9}.Release|x64.ActiveCfg = Release|x64
		{DDCEF11C-6370-4BE7-90E0-173C972669A9}.Release|x64.Build.0 = Release|x64
		{DDCEF11C-6370-4BE7-90E0-173C972669A9}.Debug|Win32.ActiveCfg = Debug|Win32
		{DDCEF11C-6370-4BE7-90E0-173C972669A9}.Debug|Win32.Build.0 = Debug|Win32
		{DDCEF11C-6370-4BE7-90E0-173C972669A9}.Release|Win32.ActiveCfg = Release|Win32
		{DDCEF11C-6370-4BE7-90E0-173C972669A9}.Release|Win32.Build.0 = Release|Win32
		{1C150FBB-3418-414D-8A3C-F7B57C6D18B7}.Debug|x64.ActiveCfg = Debug|x64
		{1C150FBB-3418-414D-8A3C-F7B57C6D18B7}.Debug|x64.Build.0 = Debug|x64
		{1C150FBB-3418-414D-8A3C-F7B57C6D18B7}.Release|x64.ActiveCfg = Release|x64
		{1C150FBB-3418-414D-8A3C-F7B57C6D18B7}.Release|x64.Build.0 = Release|x64
		{1C150FBB-3418-414D-8A3C-F7B57C6D18B7}.Debug|Win32.ActiveCfg = Debug|Win32
		{1C150FBB-3418-414D-8A3C-F7B57C6D18B7}.Debug|Win32.Build.0 = Debug|Win32
		{1C150FBB-3418-414D-8A3C-F7B57C6D18B7}.Release|Win32.ActiveCfg = Release|Win32
		{1C150FBB-3418-414D-8A3C-F7B57C6D18B7}.Release|Win32.Build.0 = Release|Win32
		{1F194886-5B7E-4FA9-816C-1B48865633E6}.Debug|x64.ActiveCfg = Debug|x64
		{1F194886-5B7E-4FA9-816C-1B48865633E6}.Debug|x64.Build.0 = Debug|x64
		{1F194886-5B7E-4FA9-816C-1B48865633E6}.Release|x64.ActiveCfg = Release|x64
		{1F194886-5B7E-4FA9-816C-1B48865633E6}.Release|x64.Build.0 = Release|x64
		{1F194886-5B7E-4FA9-816C-1B48865633E6}.Debug|Win32.ActiveCfg = Debug|Win32
		{1F194886-5B7E-4FA9-816C-1B48865633E6}.Debug|Win32.Build.0 = Debug|Win32
		{1F194886-5B7E-4FA9-816C-1B48865633E6}.Release|Win32.ActiveCfg = Release|Win32
		{1F194886-5B7E-4FA9-816C-1B48865633E6}.Release|Win32.Build.0 = Release|Win32
		{C746F6A5-C34A-4649-A3F4-AD185002DEDD}.Debug|x64.ActiveCfg = Debug|x64
		{C746F6A5-C34A-4649-A3F4-AD185002DEDD}.Debug|x64.Build.0 = Debug|x64
		{C746F6A5-C34A-4649-A3F4-AD185002DEDD}.Release|x64.ActiveCfg = Release|x64
		{C746F6A5-C34A-4649-A3F4-AD185002DEDD}.Release|x64.Build.0 = Release|x64
		{C746F6A5-C34A-4649-A3F4-AD185002DEDD}.Debug|Win32.ActiveCfg = Debug|Win32
		{C746F6A5-C34A-4649-A3F4-AD185002DEDD}.Debug|Win32.Build.0 = Debug|Win32
		{C746F6A5-C34A-4649-A3F4-AD185002DEDD}.Release|Win32.ActiveCfg = Release|Win32
		{C746F6A5-C34A-4649-A3F4-AD185002DEDD}.Release|Win32.Build.0 = Release|Win32
		{5B637D1E-2672-4F50-8F72-612824BB5F96}.Debug|x64.ActiveCfg = Debug|x64
		{5B637D1E-2672-4F50-8F72-612824BB5F96}.Debug|x64.Build.0 = Debug|x64
		{5B637D1E-2672-4F50-8F72-612824BB5F96}.Release|x64.ActiveCfg = Release|x64
		{5B637D1E-2672-4F50-8F72-612824BB5F96}.Release|x64.Build.0 = Release|x64
		{5B637D1E-2672-4F50-8F72-612824BB5F96}.Debug|Win32.ActiveCfg = Debug|Win32
		{5B637D1E-2672-4F50-8F72-612824BB5F96}.Debug|Win32.Build.0 = Debug|Win32
		{5B637D1E-2672-4F50-8F72-612824BB5F96}.Release|Win32.ActiveCfg = Release|Win32
		{5B637D1E-2672-4F50-8F72-612824BB5F96}.Release|Win32.Build.0 = Release|Win32
		{CF722912-D223-4B78-A672-FD2264DB4BBF}.Debug|x64.ActiveCfg = Debug|x64
		{CF722912-D223-4B78-A672-FD2264DB4BBF}.Debug|x64.Build.0 = Debug|x64
		{CF722912-D223-4B78-A672-FD2264DB4BBF}.Release|x64.ActiveCfg = Release|x64
		{CF722912-D223-4B78-A672-FD2264DB4BBF}.Release|x64.Build.0 = Release|x64
		{CF722912-D223-4B78-A672-FD2264DB4BBF}.Debug|Win32.ActiveCfg = Debug|Win32
		{CF722912-D223-4B78-A672-FD2264DB4BBF}.Debug|Win32.Build.0 = Debug|Win32
		{CF722912-D223-4B78-A672-FD2264DB4BBF}.Release|Win32.ActiveCfg = Release|Win32
		{CF722912-D223-4B78-A672-FD2264DB4BBF}.Release|Win32.Build.0 = Release|Win32
		{A7A9B776-78E1-460B-AF6A-BCA1B32C26C7}.Debug|x64.ActiveCfg = Debug|x64
		{A7A9B776-78E1-460B-AF6A-BCA1B32C26C7}.Debug|x64.Build.0 = Debug|x64
		{A7A9B776-78E1-460B-AF6A-BCA1B32C26C7}.Release|x64.ActiveCfg = Release|x64
		{A7A9B776-78E1-460B-AF6A-BCA1B32C26C7}.Release|x64.Build.0 = Release|x64
		{A7A9B776-78E1-460B-AF6A-BCA1B32C26C7}.Debug|Win32.ActiveCfg = Debug|Win32
		{A7A9B776-78E1-460B-AF6A-BCA1B32C26C7}.Debug|Win32.Build.0 = Debug|Win32
		{A7A9B776-78E1-460B-AF6A-BCA1B32C26C7}.Release|Win32.ActiveCfg = Release|Win32
		{A7A9B776-78E1-460B-AF6A-BCA1B32C26C7}.Release|Win32.Build.0 = Release|Win32
		{D0B2BD35-1F9F-464B-A6D6-38B77C319F9F}.Debug|x64.ActiveCfg = Debug|x64
		{D0B2BD35-1F9F-464B-A6D6-38B77C319F9F}.Debug|x64.Build.0 = Debug|x64
		{D0B2BD35-1F9F-464B-A6D6-38B77C319F9F}.Release|x64.ActiveCfg = Release|x64
		{D0B2BD35-1F9F-464B-A6D6-38B77C319F9F}.Release|x64.Build.0 = Release|x64
		{D0B2BD35-1F9F-464B-A6D6-38B77C319F9F}.Debug|Win32.ActiveCfg = Debug|Win32
		{D0B2BD35-1F9F-464B-A6D6-38B77C319F9F}.Debug|Win32.Build.0 = Debug|Win32
		{D0B2BD35-1F9F-464B-A6D6-38B77C319F9F}.Release|Win32.ActiveCfg = Release|Win32
		{D0B2BD35-1F9F-464B-A6D6-38B77C319F9F}.Release|Win32.Build.0 = Release|Win32
		{CD223CDE-A7D0-4525-9BF4-2A59BA16EDA5}.Debug|x64.ActiveCfg = Debug|x64
		{CD223CDE-A7D0-4525-9BF4-2A59BA16EDA5}.Debug|x64.Build.0 = Debug|x64
		{CD223CDE-A7D0-4525-9BF4-2A59BA16EDA5}.Release|x64.ActiveCfg = Release|x64
		{CD223CDE-A7D0-4525-9BF4-2A59BA16EDA5}.Release|x64.Build.0 = Release|x64
		{CD223CDE-A7D0-4525-9BF4-2A59BA16EDA5}.Debug|Win32.ActiveCfg = Debug|Win32
		{CD223CDE-A7D0-4525-9BF4-2A59BA16EDA5}.Debug|Win32.Build.0 = Debug|Win32
		{CD223CDE-A7D0-4525-9BF4-2A59BA16EDA5}.Release|Win32.ActiveCfg = Release|Win32
		{CD223CDE-A7D0-4525-9BF4-2A59BA16EDA5}.Release|Win32.Build.0 = Release|Win32
		{DFCC3994-1C4F-4423-8CA7-3C1E1CBDB847}.Debug|x64.ActiveCfg = Debug|x64
		{DFCC3994-1C4F-4423-8CA7-3C1E1CBDB847}.Debug|x64.Build.0 = Debug|x64
		{DFCC3994-1C4F-4423-8CA7-3C1E1CBDB847}.Release|x64.ActiveCfg = Release|x64
		{DFCC3994-1C4F-4423-8CA7-3C1E1CBDB847}.Release|x64.Build.0 = Release|x64
		{DFCC3994-1C4F-4423-8CA7-3C1E1CBDB847}.Debug|Win32.ActiveCfg = Debug|Win32
		{DFCC3994-1C4F-4423-8CA7-3C1E1CBDB847}.Debug|Win32.Build.0 = Debug|Win32
		{DFCC3994-1C4F-4423-8CA7-3C1E1CBDB847}.Release|Win32.ActiveCfg = Release|Win32
		{DFCC3994-1C4F-4423-8CA7-3C1E1CBDB847}.Release|Win32.Build.0 = Release|Win32
		{F14151C5-F516-41DF-9C14-312AF0873EA7}.Debug|x64.ActiveCfg = Debug|x64
		{F14151C5-F516-41DF-9C14-312AF0873EA7}.Debug|x64.Build.0 = Debug|x64
		{F14151C5-F516-41DF-9C14-312AF0873EA7}.Release|x64.ActiveCfg = Release|x64
		{F14151C5-F516-41DF-9C14-312AF0873EA7}.Release|x64.Build.0 = Release|x64
		{F14151C5-F516-41DF-9C14-312AF0873EA7}.Debug|Win32.ActiveCfg = Debug|Win32
		{F14151C5-F516-41DF-9C14-312AF0873EA7}.Debug|Win32.Build.0 = Debug|Win32
		{F14151C5-F516-41DF-9C14-312AF0873EA7}.Release|Win32.ActiveCfg = Release|Win32
		{F14151C5-F516-41DF-9C14-312AF0873EA7}.Release|Win32.Build.0 = Release|Win32
		{2E8FD9C2-AEB9-48FB-82B3-E73435B186EA}.Debug|x64.ActiveCfg = Debug|x64
		{2E8FD9C2-AEB9-48FB-82B3-E73435B186EA}.Debug|x64.Build.0 = Debug|x64
		{2E8FD9C2-AEB9-48FB-82B3-E73435B186EA}.Release|x64.ActiveCfg = Release|x64
		{2E8FD9C2-AEB9-48FB-82B3-E73435B186EA}.Release|x64.Build.0 = Release|x64
		{2E8FD9C2-AEB9-48FB-82B3-E73435B186EA}.Debug|Win32.ActiveCfg = Debug|Win32
		{2E8FD9C2-AEB9-48FB-82B3-E73435B186EA}.Debug|Win32.Build.0 = Debug|Win32
		{2E8FD9C2-AEB9-48FB-82B3-E73435B186EA}.Release|Win32.ActiveCfg = Release|Win32
		{2E8FD9C2-AEB9-48FB-82B3-E73435B186EA}.Release|Win32.Build.0 = Release|Win32
		{E719A632-B5D7-4A62-AD13-581C7013CA2C}.Debug|x64.ActiveCfg = Debug|x64
		{E719A632-B5D7-4A62-AD13-581C7013CA2C}.Debug|x64.Build.0 = Debug|x64
		{E719A632-B5D7-4A62-AD13-581C7013CA2C}.Release|x64.ActiveCfg = Release|x64
		{E719A632-B5D7-4A62-AD13-581C7013CA2C}.Release|x64.Build.0 = Release|x64
		{E719A632-B5D7-4A62-AD13-581C7013CA2C}.Debug|Win32.ActiveCfg = Debug|Win32
		{E719A632-B5D7-4A62-AD13-581C7013CA2C}.Debug|Win32.Build.0 = Debug|Win32
		{E719A632-B5D7-4A62-AD13-581C7013CA2C}.Release|Win32.ActiveCfg = Release|Win32
		{E719A632-B5D7-4A62-AD13-581C7013CA2C}.Release|Win32.Build.0 = Release|Win32
		{33624D99-F720-4A5C-A70E-E6B74264E91B}.Debug|x64.ActiveCfg = Debug|x64
		{33624D99-F720-4A5C-A70E-E6B74264E91B}.Debug|x64.Build.0 = Debug|x64
		{33624D99-F720-4A5C-A70E-E6B74264E91B}.Release|x64.ActiveCfg = Release|x64
		{33624D99-F720-4A5C-A70E-E6B74264E91B}.Release|x64.Build.0 = Release|x64
		{33624D99-F720-4A5C-A70E-E6B74264E91B}.Debug|Win32.ActiveCfg = Debug|Win32
		{33624D99-F720-4A5C-A70E-E6B74264E91B}.Debug|Win32.Build.0 = Debug|Win32
		{33624D99-F720-4A5C-A70E-E6B74264E91B}.Release|Win32.ActiveCfg = Release|Win32
		{33624D99-F720-4A5C-A70E-E6B74264E91B}.Release|Win32.Build.0 = Release|Win32
		{D8ED496A-C8EE-AECF-5CD1-3DABA77F1C25}.Debug|x64.ActiveCfg = Debug|x64
		{D8ED496A-C8EE-AECF-5CD1-3DABA77F1C25}.Debug|x64.Build.0 = Debug|x64
		{D8ED496A-C8EE-AECF-5CD1-3DABA77F1C25}.Release|x64.ActiveCfg = Release|x64
		{D8ED496A-C8EE-AECF-5CD1-3DABA77F1C25}.Release|x64.Build.0 = Release|x64
		{D8ED496A-C8EE-AECF-5CD1-3DABA77F1C25}.Debug|Win32.ActiveCfg = Debug|Win32
		{D8ED496A-C8EE-AECF-5CD1-3DABA77F1C25}.Debug|Win32.Build.0 = Debug|Win32
		{D8ED496A-C8EE-AECF-5CD1-3DABA77F1C25}.Release|Win32.ActiveCfg = Release|Win32
		{D8ED496A-C8EE-AECF-5CD1-3DABA77F1C25}.Release|Win32.Build.0 = Release|Win32
		{CEB43AA9-DD10-4B37-8B08-32BE71B5AA0A}.Debug|x64.ActiveCfg = Debug|x64
		{CEB43AA9-DD10-4B37-8B08-32BE71B5AA0A}.Debug|x64.Build.0 = Debug|x64
		{CEB43AA9-DD10-4B37-8B08-32BE71B5AA0A}.Release|x64.ActiveCfg = Release|x64
		{CEB43AA9-DD10-4B37-8B08-32BE71B5AA0A}.Release|x64.Build.0 = Release|x64
		{CEB43AA9-DD10-4B37-8B08-32BE71B5AA0A}.Debug|Win32.ActiveCfg = Debug|Win32
		{CEB43AA9-DD10-4B37-8B08-32BE71B5AA0A}.Debug|Win32.Build.0 = Debug|Win32
		{CEB43AA9-DD10-4B37-8B08-32BE71B5AA0A}.Release|Win32.ActiveCfg = Release|Win32
		{CEB43AA9-DD10-4B37-8B08-32BE71B5AA0A}.Release|Win32.Build.0 = Release|Win32
		{1A3532CE-87EC-40C6-878A-0E8ACE4785F4}.Debug|x64.ActiveCfg = Debug|x64
		{1A3532CE-87EC-40C6-878A-0E8ACE4785F4}.Debug|x64.Build.0 = Debug|x64
		{1A3532CE-87EC-40C6-878A-0E8ACE4785F4}.Release|x64.ActiveCfg = Release|x64
		{1A3532CE-87EC-40C6-878A-0E8ACE4785F4}.Release|x64.Build.0 = Release|x64
		{1A3532CE-87EC-40C6-878A-0E8ACE4785F4}.Debug|Win32.ActiveCfg = Debug|Win32
		{1A3532CE-87EC-40C6-878A-0E8ACE4785F4}.Debug|Win32.Build.0 = Debug|Win32
		{1A3532CE-87EC-40C6-878A-0E8ACE4785F4}.Release|Win32.ActiveCfg = Release|Win32
		{1A3532CE-87EC-40C6-878A-0E8ACE4785F4}.Release|Win32.Build.0 = Release|Win32
		{1090A7E3-2A9A-4F03-BA51-E56A8F4E4B2A}.Debug|x64.ActiveCfg = Debug|x64
		{1090A7E3-2A9A-4F03-BA51-E56A8F4E4B2A}.Debug|x64.Build.0 = Debug|x64
		{1090A7E3-2A9A-4F03-BA51-E56A8F4E4B2A}.Release|x64.ActiveCfg = Release|x64
		{1090A7E3-2A9A-4F03-BA51-E56A8F4E4B2A}.Release|x64.Build.0 = Release|x64
		{1090A7E3-2A9A-4F03-BA51-E56A8F4E4B2A}.Debug|Win32.ActiveCfg = Debug|Win32
		{1090A7E3-2A9A-4F03-BA51-E56A8F4E4B2A}.Debug|Win32.Build.0 = Debug|Win32
		{1090A7E3-2A9A-4F03-BA51-E56A8F4E4B2A}.Release|Win32.ActiveCfg = Release|Win32
		{1090A7E3-2A9A-4F03-BA51-E56A8F4E4B2A}.Release|Win32.Build.0 = Release|Win32
		{4A7F5DD3-97A9-449D-9C5F-1EE47B341D3F}.Debug|x64.ActiveCfg = Debug|x64
		{4A7F5DD3-97A9-449D-9C5F-1EE47B341D3F}.Debug|x64.Build.0 = Debug|x64
		{4A7F5DD3-97A9-449D-9C5F-1EE47B341D3F}.Release|x64.ActiveCfg = Release|x64
		{4A7F5DD3-97A9-449D-9C5F-1EE47B341D3F}.Release|x64.Build.0 = Release|x64
		{4A7F5DD3-97A9-449D-9C5F-1EE47B341D3F}.Debug|Win32.ActiveCfg = Debug|Win32
		{4A7F5DD3-97A9-449D-9C5F-1EE47B341D3F}.Debug|Win32.Build.0 = Debug|Win32
		{4A7F5DD3-97A9-449D-9C5F-1EE47B341D3F}.Release|Win32.ActiveCfg = Release|Win32
		{4A7F5DD3-97A9-449D-9C5F-1EE47B341D3F}.Release|Win32.Build.0 = Release|Win32
		{C58D75C9-0F60-49F4-B9A2-760E10C2FC2D}.Debug|x64.ActiveCfg = Debug|x64
		{C58D75C9-0F60-49F4-B9A2-760E10C2FC2D}.Debug|x64.Build.0 = Debug|x64
		{C58D75C9-0F60-49F4-B9A2-760E10C2FC2D}.Release|x64.ActiveCfg = Release|x64
		{C58D75C9-0F60-49F4-B9A2-760E10C2FC2D}.Release|x64.Build.0 = Release|x64
		{C58D75C9-0F60-49F4-B9A2-760E10C2FC2D}.Debug|Win32.ActiveCfg = Debug|Win32
		{C58D75C9-0F60-49F4-B9A2-760E10C2FC2D}.Debug|Win32.Build.0 = Debug|Win32
		{C58D75C9-0F60-49F4-B9A2-760E10C2FC2D}.Release|Win32.ActiveCfg = Release|Win32
		{C58D75C9-0F60-49F4-B9A2-760E10C2FC2D}.Release|Win32.Build.0 = Release|Win32
		{65C6E36B-6404-4D8A-9127-9030F5A51EFE}.Debug|x64.ActiveCfg = Debug|x64
		{65C6E36B-6404-4D8A-9127-9030F5A51EFE}.Debug|x64.Build.0 = Debug|x64
		{65C6E36B-6404-4D8A-9127-9030F5A51EFE}.Release|x64.ActiveCfg = Release|x64
		{65C6E36B-6404-4D8A-9127-9030F5A51EFE}.Release|x64.Build.0 = Release|x64
		{65C6E36B-6404-4D8A-9127-9030F5A51EFE}.Debug|Win32.ActiveCfg = Debug|Win32
		{65C6E36B-6404-4D8A-9127-9030F5A51EFE}.Debug|Win32.Build.0 = Debug|Win32
		{65C6E36B-6404-4D8A-9127-9030F5A51EFE}.Release|Win32.ActiveCfg = Release|Win32
		{65C6E36B-6404-4D8A-9127-9030F5A51EFE}.Release|Win32.Build.0 = Release|Win32
		{C72085A3-16D3-4541-A764-BD5B442B3653}.Debug|x64.ActiveCfg = Debug|x64
		{C72085A3-16D3-4541-A764-BD5B442B3653}.Debug|x64.Build.0 = Debug|x64
		{C72085A3-16D3-4541-A764-BD5B442B3653}.Release|x64.ActiveCfg = Release|x64
		{C72085A3-16D3-4541-A764-BD5B442B3653}.Release|x64.Build.0 = Release|x64
		{C72085A3-16D3-4541-A764-BD5B442B3653}.Debug|Win32.ActiveCfg = Debug|Win32
		{C72085A3-16D3-4541-A764-BD5B442B3653}.Debug|Win32.Build.0 = Debug|Win32
		{C72085A3-16D3-4541-A764-BD5B442B3653}.Release|Win32.ActiveCfg = Release|Win32
		{C72085A3-16D3-4541-A764-BD5B442B3653}.Release|Win32.Build.0 = Release|Win32
		{7EBD1132-3516-4D3E-A125-350B9E651EEB}.Debug|x64.ActiveCfg = Debug|x64
		{7EBD1132-3516-4D3E-A125-350B9E651EEB}.Debug|x64.Build.0 = Debug|x64
		{7EBD1132-3516-4D3E-A125-350B9E651EEB}.Release|x64.ActiveCfg = Release|x64
		{7EBD1132-3516-4D3E-A125-350B9E651EEB}.Release|x64.Build.0 = Release|x64
		{7EBD1132-3516-4D3E-A125-350B9E651EEB}.Debug|Win32.ActiveCfg = Debug|Win32
		{7EBD1132-3516-4D3E-A125-350B9E651EEB}.Debug|Win32.Build.0 = Debug|Win32
		{7EBD1132-3516-4D3E-A125-350B9E651EEB}.Release|Win32.ActiveCfg = Release|Win32
		{7EBD1132-3516-4D3E-A125-350B9E651EEB}.Release|Win32.Build.0 = Release|Win32
		{7FF89591-2955-47DD-A507-82362D56DA4E}.Debug|x64.ActiveCfg = Debug|x64
		{7FF89591-2955-47DD-A507-82362D56DA4E}.Debug|x64.Build.0 = Debug|x64
		{7FF89591-2955-47DD-A507-82362D56DA4E}.Release|x64.ActiveCfg = Release|x64
		{7FF89591-2955-47DD-A507-82362D56DA4E}.Release|x64.Build.0 = Release|x64
		{7FF89591-2955-47DD-A507-82362D56DA4E}.Debug|Win32.ActiveCfg = Debug|Win32
		{7FF89591-2955-47DD-A507-82362D56DA4E}.Debug|Win32.Build.0 = Debug|Win32
		{7FF89591-2955-47DD-A507-82362D56DA4E}.Release|Win32.ActiveCfg = Release|Win32
		{7FF89591-2955-47DD-A507-82362D56DA4E}.Release|Win32.Build.0 = Release|Win32
		{9F2F26D5-40DC-4E6D-A9AB-0F126E219F90}.Debug|x64.ActiveCfg = Debug|x64
		{9F2F26D5-40DC-4E6D-A9AB-0F126E219F90}.Debug|x64.Build.0 = Debug|x64
		{9F2F26D5-40DC-4E6D-A9AB-0F126E219F90}.Release|x64.ActiveCfg = Release|x64
		{9F2F26D5-40DC-4E6D-A9AB-0F126E219F90}.Release|x64.Build.0 = Release|x64
		{9F2F26D5-40DC-4E6D-A9AB-0F126E219F90}.Debug|Win32.ActiveCfg = Debug|Win32
		{9F2F26D5-40DC-4E6D-A9AB-0F126E219F90}.Debug|Win32.Build.0 = Debug|Win32
		{9F2F26D5-40DC-4E6D-A9AB-0F126E219F90}.Release|Win32.ActiveCfg = Release|Win32
		{9F2F26D5-40DC-4E6D-A9AB-0F126E219F90}.Release|Win32.Build.0 = Release|Win32
		{2F32C915-4F2B-4F69-8147-B86CF470B786}.Debug|x64.ActiveCfg = Debug|x64
		{2F32C915-4F2B-4F69-8147-B86CF470B786}.Debug|x64.Build.0 = Debug|x64
		{2F32C915-4F2B-4F69-8147-B86CF470B786}.Release|x64.ActiveCfg = Release|x64
		{2F32C915-4F2B-4F69-8147-B86CF470B786}.Release|x64.Build.0 = Release|x64
		{2F32C915-4F2B-4F69-8147-B86CF470B786}.Debug|Win32.ActiveCfg = Debug|Win32
		{2F32C915-4F2B-4F69-8147-B86CF470B786}.Debug|Win32.Build.0 = Debug|Win32
		{2F32C915-4F2B-4F69-8147-B86CF470B786}.Release|Win32.ActiveCfg = Release|Win32
		{2F32C915-4F2B-4F69-8147-B86CF470B786}.Release|Win32.Build.0 = Release|Win32
		{79E803B2-5B88-4667-B4E5-B83DCFB9F9B8}.Debug|x64.ActiveCfg = Debug|x64
		{79E803B2-5B88-4667-B4E5-B83DCFB9F9B8}.Debug|x64.Build.0 = Debug|x64
		{79E803B2-5B88-4667-B4E5-B83DCFB9F9B8}.Release|x64.ActiveCfg = Release|x64
		{79E803B2-5B88-4667-B4E5-B83DCFB9F9B8}.Release|x64.Build.0 = Release|x64
		{79E803B2-5B88-4667-B4E5-B83DCFB9F9B8}.Debug|Win32.ActiveCfg = Debug|Win32
		{79E803B2-5B88-4667-B4E5-B83DCFB9F9B8}.Debug|Win32.Build.0 = Debug|Win32
		{79E803B2-5B88-4667-B4E5-B83DCFB9F9B8}.Release|Win32.ActiveCfg = Release|Win32
		{79E803B2-5B88-4667-B4E5-B83DCFB9F9B8}.Release|Win32.Build.0 = Release|Win32
		{167504D4-1E29-47A6-ABD7-9B890A7960D2}.Debug|x64.ActiveCfg = Debug|x64
		{167504D4-1E29-47A6-ABD7-9B890A7960D2}.Debug|x64.Build.0 = Debug|x64
		{167504D4-1E29-47A6-ABD7-9B890A7960D2}.Release|x64.ActiveCfg = Release|x64
		{167504D4-1E29-47A6-ABD7-9B890A7960D2}.Release|x64.Build.0 = Release|x64
		{167504D4-1E29-47A6-ABD7-9B890A7960D2}.Debug|Win32.ActiveCfg = Debug|Win32
		{167504D4-1E29-47A6-ABD7-9B890A7960D2}.Debug|Win32.Build.0 = Debug|Win32
		{167504D4-1E29-47A6-ABD7-9B890A7960D2}.Release|Win32.ActiveCfg = Release|Win32
		{167504D4-1E29-47A6-ABD7-9B890A7960D2}.Release|Win32.Build.0 = Release|Win32
		{F978181B-F87D-46FF-B67B-7C060A22FA35}.Debug|x64.ActiveCfg = Debug|x64
		{F978181B-F87D-46FF-B67B-7C060A22FA35}.Debug|x64.Build.0 = Debug|x64
		{F978181B-F87D-46FF-B67B-7C060A22FA35}.Release|x64.ActiveCfg = Release|x64
		{F978181B-F87D-46FF-B67B-7C060A22FA35}.Release|x64.Build.0 = Release|x64
		{F978181B-F87D-46FF-B67B-7C060A22FA35}.Debug|Win32.ActiveCfg = Debug|Win32
		{F978181B-F87D-46FF-B67B-7C060A22FA35}.Debug|Win32.Build.0 = Debug|Win32
		{F978181B-F87D-46FF-B67B-7C060A22FA35}.Release|Win32.ActiveCfg = Release|Win32
		{F978181B-F87D-46FF-B67B-7C060A22FA35}.Release|Win32.Build.0 = Release|Win32
		{A7AC2F2E-CBE7-4291-8B94-6A0A3FCBCAF4}.Debug|x64.ActiveCfg = Debug|x64
		{A7AC2F2E-CBE7-4291-8B94-6A0A3FCBCAF4}.Debug|x64.Build.0 = Debug|x64
		{A7AC2F2E-CBE7-4291-8B94-6A0A3FCBCAF4}.Release|x64.ActiveCfg = Release|x64
		{A7AC2F2E-CBE7-4291-8B94-6A0A3FCBCAF4}.Release|x64.Build.0 = Release|x64
		{A7AC2F2E-CBE7-4291-8B94-6A0A3FCBCAF4}.Debug|Win32.ActiveCfg = Debug|Win32
		{A7AC2F2E-CBE7-4291-8B94-6A0A3FCBCAF4}.Debug|Win32.Build.0 = Debug|Win32
		{A7AC2F2E-CBE7-4291-8B94-6A0A3FCBCAF4}.Release|Win32.ActiveCfg = Release|Win32
		{A7AC2F2E-CBE7-4291-8B94-6A0A3FCBCAF4}.Release|Win32.Build.0 = Release|Win32
		{CAA4F5E3-1F6F-4A41-BC5A-5535A1F8CB07}.Debug|x64.ActiveCfg = Debug|x64
		{CAA4F5E3-1F6F-4A41-BC5A-5535A1F8CB07}.Debug|x64.Build.0 = Debug|x64
		{CAA4F5E3-1F6F-4A41-BC5A-5535A1F8CB07}.Release|x64.ActiveCfg = Release|x64
		{CAA4F5E3-1F6F-4A41-BC5A-5535A1F8CB07}.Release|x64.Build.0 = Release|x64
		{CAA4F5E3-1F6F-4A41-BC5A-5535A1F8CB07}.Debug|Win32.ActiveCfg = Debug|Win32
		{CAA4F5E3-1F6F-4A41-BC5A-5535A1F8CB07}.Debug|Win32.Build.0 = Debug|Win32
		{CAA4F5E3-1F6F-4A41-BC5A-5535A1F8CB07}.Release|Win32.ActiveCfg = Release|Win32
		{CAA4F5E3-1F6F-4A41-BC5A-5535A1F8CB07}.Release|Win32.Build.0 = Release|Win32
	EndGlobalSection
	GlobalSection(SolutionProperties) = preSolution
		HideSolutionNode = FALSE
	EndGlobalSection
	GlobalSection(NestedProjects) = preSolution
		{02EA681E-C7D8-13C7-8484-4AC65E1B71E8} = {D74CB279-0ED4-4604-A5A2-7B5B4AC811C0}
		{5DEA3EA5-7478-4810-A813-E30E33EFD93C} = {D74CB279-0ED4-4604-A5A2-7B5B4AC811C0}
		{FC8655A6-4B9E-4548-830D-2AED01368F65} = {D74CB279-0ED4-4604-A5A2-7B5B4AC811C0}
		{E39034C1-E91C-4CE5-BBCF-BD4650FDD7AD} = {FC8655A6-4B9E-4548-830D-2AED01368F65}
		{51D2F701-CD15-44AD-ADCC-31A5DF4E4088} = {D4DF2B6F-8330-45FA-8C77-0D922627D153}
		{F00C2BAE-C88B-406B-BB7A-358CE52E9CA4} = {D4DF2B6F-8330-45FA-8C77-0D922627D153}
		{7BAA94C0-C752-4223-A0C9-49B810A32F17} = {D4DF2B6F-8330-45FA-8C77-0D922627D153}
		{6B1ED19D-6B8E-4F68-93F6-29CC09521C3A} = {7BAA94C0-C752-4223-A0C9-49B810A32F17}
		{B135030F-97A4-43DD-A976-612D796ED18D} = {7BAA94C0-C752-4223-A0C9-49B810A32F17}
		{59D590F4-2195-4C55-94D5-119B2F8016F6} = {7BAA94C0-C752-4223-A0C9-49B810A32F17}
		{AAE8D0E4-25F2-4F2A-9A42-46D910647E30} = {7F86B6ED-03D8-4DB6-A181-0A87162AE0F9}
		{545988D5-4959-45ED-985D-6F97E2BB50F4} = {AAE8D0E4-25F2-4F2A-9A42-46D910647E30}
		{9B171CF2-7820-4CE4-8BB9-527BF5A91305} = {AAE8D0E4-25F2-4F2A-9A42-46D910647E30}
		{1B6034A7-0227-4BDE-9616-436E4BFB80DE} = {7F86B6ED-03D8-4DB6-A181-0A87162AE0F9}
		{F50D107E-D213-4304-B7C2-8EAF4E958298} = {7F86B6ED-03D8-4DB6-A181-0A87162AE0F9}
		{B1C027D1-B2EF-4F4B-8147-9FCE3EC31C52} = {02EA681E-C7D8-13C7-8484-4AC65E1B71E8}
		{DEF9F18B-1341-4B7E-9B8E-21136D5B81F3} = {02EA681E-C7D8-13C7-8484-4AC65E1B71E8}
		{A7BB93B2-85D6-46B2-BD20-8654DC447B9B} = {02EA681E-C7D8-13C7-8484-4AC65E1B71E8}
		{93B5C837-5CBF-46DE-A2C0-C8FF66A8E3F1} = {02EA681E-C7D8-13C7-8484-4AC65E1B71E8}
		{890EA74B-81B1-44F8-A740-94DA104478A1} = {5DEA3EA5-7478-4810-A813-E30E33EFD93C}
		{DDCEF11C-6370-4BE7-90E0-173C972669A9} = {5DEA3EA5-7478-4810-A813-E30E33EFD93C}
		{1C150FBB-3418-414D-8A3C-F7B57C6D18B7} = {5DEA3EA5-7478-4810-A813-E30E33EFD93C}
		{1F194886-5B7E-4FA9-816C-1B48865633E6} = {5DEA3EA5-7478-4810-A813-E30E33EFD93C}
		{C746F6A5-C34A-4649-A3F4-AD185002DEDD} = {5DEA3EA5-7478-4810-A813-E30E33EFD93C}
		{5B637D1E-2672-4F50-8F72-612824BB5F96} = {5DEA3EA5-7478-4810-A813-E30E33EFD93C}
		{CF722912-D223-4B78-A672-FD2264DB4BBF} = {5DEA3EA5-7478-4810-A813-E30E33EFD93C}
		{A7A9B776-78E1-460B-AF6A-BCA1B32C26C7} = {5DEA3EA5-7478-4810-A813-E30E33EFD93C}
		{D0B2BD35-1F9F-464B-A6D6-38B77C319F9F} = {5DEA3EA5-7478-4810-A813-E30E33EFD93C}
		{CD223CDE-A7D0-4525-9BF4-2A59BA16EDA5} = {5DEA3EA5-7478-4810-A813-E30E33EFD93C}
		{DFCC3994-1C4F-4423-8CA7-3C1E1CBDB847} = {5DEA3EA5-7478-4810-A813-E30E33EFD93C}
		{F14151C5-F516-41DF-9C14-312AF0873EA7} = {E39034C1-E91C-4CE5-BBCF-BD4650FDD7AD}
		{2E8FD9C2-AEB9-48FB-82B3-E73435B186EA} = {E39034C1-E91C-4CE5-BBCF-BD4650FDD7AD}
		{E719A632-B5D7-4A62-AD13-581C7013CA2C} = {E39034C1-E91C-4CE5-BBCF-BD4650FDD7AD}
		{33624D99-F720-4A5C-A70E-E6B74264E91B} = {51D2F701-CD15-44AD-ADCC-31A5DF4E4088}
		{D8ED496A-C8EE-AECF-5CD1-3DABA77F1C25} = {F00C2BAE-C88B-406B-BB7A-358CE52E9CA4}
		{CEB43AA9-DD10-4B37-8B08-32BE71B5AA0A} = {6B1ED19D-6B8E-4F68-93F6-29CC09521C3A}
		{1A3532CE-87EC-40C6-878A-0E8ACE4785F4} = {B135030F-97A4-43DD-A976-612D796ED18D}
		{1090A7E3-2A9A-4F03-BA51-E56A8F4E4B2A} = {59D590F4-2195-4C55-94D5-119B2F8016F6}
		{4A7F5DD3-97A9-449D-9C5F-1EE47B341D3F} = {28D541B7-9B61-4B0D-8C5D-BCA86AD742C0}
		{C58D75C9-0F60-49F4-B9A2-760E10C2FC2D} = {545988D5-4959-45ED-985D-6F97E2BB50F4}
		{65C6E36B-6404-4D8A-9127-9030F5A51EFE} = {545988D5-4959-45ED-985D-6F97E2BB50F4}
		{C72085A3-16D3-4541-A764-BD5B442B3653} = {9B171CF2-7820-4CE4-8BB9-527BF5A91305}
		{7EBD1132-3516-4D3E-A125-350B9E651EEB} = {9B171CF2-7820-4CE4-8BB9-527BF5A91305}
		{7FF89591-2955-47DD-A507-82362D56DA4E} = {9B171CF2-7820-4CE4-8BB9-527BF5A91305}
		{9F2F26D5-40DC-4E6D-A9AB-0F126E219F90} = {9B171CF2-7820-4CE4-8BB9-527BF5A91305}
		{2F32C915-4F2B-4F69-8147-B86CF470B786} = {9B171CF2-7820-4CE4-8BB9-527BF5A91305}
		{79E803B2-5B88-4667-B4E5-B83DCFB9F9B8} = {9B171CF2-7820-4CE4-8BB9-527BF5A91305}
		{167504D4-1E29-47A6-ABD7-9B890A7960D2} = {9B171CF2-7820-4CE4-8BB9-527BF5A91305}
		{F978181B-F87D-46FF-B67B-7C060A22FA35} = {9B171CF2-7820-4CE4-8BB9-527BF5A91305}
		{A7AC2F2E-CBE7-4291-8B94-6A0A3FCBCAF4} = {9B171CF2-7820-4CE4-8BB9-527BF5A91305}
		{CAA4F5E3-1F6F-4A41-BC5A-5535A1F8CB07} = {9B171CF2-7820-4CE4-8BB9-527BF5A91305}
	EndGlobalSection
	GlobalSection(ExtensibilityGlobals) = postSolution
		SolutionGuid = {2C02775B-F212-4361-9EDF-117A868736B4}
	EndGlobalSection
EndGlobal
