Microsoft Visual Studio Solution File, Format Version 12.00
# Visual Studio Version 17
VisualStudioVersion = 17.0.31903.59
MinimumVisualStudioVersion = 10.0.40219.1
Project("{66A26720-8FB5-11D2-AA7E-00C04F688DDE}") = "apps", "apps", "{0E32DDAF-1509-DE0B-FB9A-DF0D49BE8992}"
EndProject
Project("{66A26720-8FB5-11D2-AA7E-00C04F688DDE}") = "cax-host", "cax-host", "{147795CB-62A7-CCCD-CC73-CA639755D0D4}"
EndProject
Project("{66A26720-8FB5-11D2-AA7E-00C04F688DDE}") = "backend", "backend", "{506E4C16-AC46-B3EE-3DCA-9C04482F630E}"
EndProject
Project("{66A26720-8FB5-11D2-AA7E-00C04F688DDE}") = "CAXHost", "CAXHost", "{72EC0584-7103-B904-E533-D1ACB98767A2}"
EndProject
Project("{66A26720-8FB5-11D2-AA7E-00C04F688DDE}") = "flat-laser-cam", "flat-laser-cam", "{610479BF-09AB-EF17-0CC8-9191F8D59985}"
EndProject
Project("{66A26720-8FB5-11D2-AA7E-00C04F688DDE}") = "behaviour", "behaviour", "{1813BCF3-F24F-7C58-7BDA-8C7419233501}"
EndProject
Project("{66A26720-8FB5-11D2-AA7E-00C04F688DDE}") = "FlatLaserCamBehaviour", "FlatLaserCamBehaviour", "{85CC3EB8-9D19-7F14-8936-A77D1955B92D}"
EndProject
Project("{66A26720-8FB5-11D2-AA7E-00C04F688DDE}") = "command", "command", "{5C122715-37B2-15CE-9999-AFE7DDD250A6}"
EndProject
Project("{66A26720-8FB5-11D2-AA7E-00C04F688DDE}") = "FlatLaserCamCommand", "FlatLaserCamCommand", "{972E1DD8-8315-FB17-0DC5-424BEFD27B86}"
EndProject
Project("{66A26720-8FB5-11D2-AA7E-00C04F688DDE}") = "component", "component", "{123435F8-C5DC-2202-A1F9-3476E81A7D9D}"
EndProject
Project("{66A26720-8FB5-11D2-AA7E-00C04F688DDE}") = "FlatLaserCamComponent", "FlatLaserCamComponent", "{F7FB08D6-0E59-383F-2FFD-2389CAB7168A}"
EndProject
Project("{66A26720-8FB5-11D2-AA7E-00C04F688DDE}") = "service", "service", "{BD8F8FEF-9DBF-1CF6-3FB9-8FB61993B186}"
EndProject
Project("{66A26720-8FB5-11D2-AA7E-00C04F688DDE}") = "FlatLaserCamService", "FlatLaserCamService", "{C41D3C8C-584D-146E-B99B-C74BEFCC83CA}"
EndProject
Project("{66A26720-8FB5-11D2-AA7E-00C04F688DDE}") = "mfc-sample", "mfc-sample", "{C2B4606F-4CA2-F775-38DE-FC6DA71433DA}"
EndProject
Project("{66A26720-8FB5-11D2-AA7E-00C04F688DDE}") = "MFCSample", "MFCSample", "{0A46687D-30AF-3123-DDD0-4447DCAF71B5}"
EndProject
Project("{66A26720-8FB5-11D2-AA7E-00C04F688DDE}") = "sample", "sample", "{A0B7932A-9ACE-BD89-02B7-C4A9A5FA92A1}"
EndProject
Project("{66A26720-8FB5-11D2-AA7E-00C04F688DDE}") = "SampleBehaviour", "SampleBehaviour", "{60C47CDD-6B27-93D5-72DC-50CBB8AEB40C}"
EndProject
Project("{66A26720-8FB5-11D2-AA7E-00C04F688DDE}") = "SampleComponent", "SampleComponent", "{BA13FA52-6B7F-B297-D451-B3A00D55DA93}"
EndProject
Project("{66A26720-8FB5-11D2-AA7E-00C04F688DDE}") = "SampleService", "SampleService", "{F733C2FA-21E9-8CCB-DD5C-CE07665E33F5}"
EndProject
Project("{66A26720-8FB5-11D2-AA7E-00C04F688DDE}") = "iCAX-Application", "iCAX-Application", "{3A593F59-B5B4-9790-E596-D2FCD53EB79B}"
EndProject
Project("{66A26720-8FB5-11D2-AA7E-00C04F688DDE}") = "Application", "Application", "{AD124F6E-37EE-6249-0714-C98755570311}"
EndProject
Project("{66A26720-8FB5-11D2-AA7E-00C04F688DDE}") = "iCAX-Engine", "iCAX-Engine", "{92C12823-41AB-9971-2BBA-BC1B900A17C8}"
EndProject
Project("{66A26720-8FB5-11D2-AA7E-00C04F688DDE}") = "foundation", "foundation", "{34C49ED3-FCEE-879E-7D21-44D467D2735E}"
EndProject
Project("{66A26720-8FB5-11D2-AA7E-00C04F688DDE}") = "Data", "Data", "{4B20C009-EA8B-8E47-AD68-455EF2FA8C8F}"
EndProject
Project("{66A26720-8FB5-11D2-AA7E-00C04F688DDE}") = "Geometry", "Geometry", "{6227F9AD-F170-625D-17A0-FDEA028D86E0}"
EndProject
Project("{66A26720-8FB5-11D2-AA7E-00C04F688DDE}") = "Math", "Math", "{8963A804-E8C6-2B5D-B33B-C34CCAA88A56}"
EndProject
Project("{66A26720-8FB5-11D2-AA7E-00C04F688DDE}") = "Task", "Task", "{80984AD8-9C7B-E1DE-3871-8FDB5BB19CB8}"
EndProject
Project("{66A26720-8FB5-11D2-AA7E-00C04F688DDE}") = "framework", "framework", "{FA3B30C0-8E4A-ABC9-9EAD-20D308A3A33C}"
EndProject
Project("{66A26720-8FB5-11D2-AA7E-00C04F688DDE}") = "ApplicationContext", "ApplicationContext", "{D817D012-DFA0-21EC-AE7F-1A1019058D94}"
EndProject
Project("{66A26720-8FB5-11D2-AA7E-00C04F688DDE}") = "ApplicationHost", "ApplicationHost", "{CB187C51-ECDA-71B7-C5CE-C723970441D5}"
EndProject
Project("{66A26720-8FB5-11D2-AA7E-00C04F688DDE}") = "CommandHandler", "CommandHandler", "{9B5A410E-4765-4D62-EC3A-14A61DAFD20D}"
EndProject
Project("{66A26720-8FB5-11D2-AA7E-00C04F688DDE}") = "Database", "Database", "{F258871C-E41F-B04B-A53F-E918A09F13D9}"
EndProject
Project("{66A26720-8FB5-11D2-AA7E-00C04F688DDE}") = "Mailbox", "Mailbox", "{26BC1C46-48B0-9421-9BDB-B4674A3DA51A}"
EndProject
Project("{66A26720-8FB5-11D2-AA7E-00C04F688DDE}") = "PDO", "PDO", "{F2EAD25C-A986-5DB0-24FD-C5D5B7D21FC3}"
EndProject
Project("{66A26720-8FB5-11D2-AA7E-00C04F688DDE}") = "Product", "Product", "{4B6B1F8E-2616-31AD-7364-AD83D2FCCE0A}"
EndProject
Project("{66A26720-8FB5-11D2-AA7E-00C04F688DDE}") = "ProductContext", "ProductContext", "{5DAD384B-8392-1329-E605-BCBD9E08355A}"
EndProject
Project("{66A26720-8FB5-11D2-AA7E-00C04F688DDE}") = "Project", "Project", "{AE2F5314-F9C6-099E-B126-090237DF771B}"
EndProject
Project("{66A26720-8FB5-11D2-AA7E-00C04F688DDE}") = "ProjectContext", "ProjectContext", "{6B581519-F6A3-C487-1360-EC2D889C0BEF}"
EndProject
Project("{66A26720-8FB5-11D2-AA7E-00C04F688DDE}") = "Resources", "Resources", "{A51AC544-FAAE-1854-BA74-C1F0238F4F10}"
EndProject
Project("{66A26720-8FB5-11D2-AA7E-00C04F688DDE}") = "Services", "Services", "{5CA79381-3D31-6F92-6843-E0E508F34B03}"
EndProject
Project("{66A26720-8FB5-11D2-AA7E-00C04F688DDE}") = "iCAX-UI", "iCAX-UI", "{1F139FB6-637C-A604-C4CD-951999605FC9}"
EndProject
Project("{66A26720-8FB5-11D2-AA7E-00C04F688DDE}") = "CefWebPageHost", "CefWebPageHost", "{2B368F92-7848-2229-6F19-D9572438930D}"
EndProject
Project("{66A26720-8FB5-11D2-AA7E-00C04F688DDE}") = "WebPageHost", "WebPageHost", "{5DD0E294-9EEF-DE88-4ABF-9345DE7D3939}"
EndProject
Project("{66A26720-8FB5-11D2-AA7E-00C04F688DDE}") = "tests", "tests", "{C939A839-B2E9-A5C4-0E40-2DD7B2CD3DCB}"
EndProject
Project("{66A26720-8FB5-11D2-AA7E-00C04F688DDE}") = "DataTest", "DataTest", "{D76F1BBA-AD13-C8B2-8368-BD59BAB40BDD}"
EndProject
Project("{66A26720-8FB5-11D2-AA7E-00C04F688DDE}") = "TaskTest", "TaskTest", "{41D478A4-E8E4-351E-E855-6DA3A370AA8E}"
EndProject
Project("{66A26720-8FB5-11D2-AA7E-00C04F688DDE}") = "ApplicationContextTest", "ApplicationContextTest", "{5D9F6A48-C77A-4645-463E-DE0C013B9EB7}"
EndProject
Project("{66A26720-8FB5-11D2-AA7E-00C04F688DDE}") = "ApplicationHostTest", "ApplicationHostTest", "{893DCDED-5D1F-91D9-560D-CF6887F97ABF}"
EndProject
Project("{66A26720-8FB5-11D2-AA7E-00C04F688DDE}") = "BehaviourTest", "BehaviourTest", "{D10F7261-B575-1B10-72AF-A1F0801F1F4C}"
EndProject
Project("{66A26720-8FB5-11D2-AA7E-00C04F688DDE}") = "CommandHandlerTest", "CommandHandlerTest", "{23ABFC8C-19A3-B8A1-45BA-4498E2E8205E}"
EndProject
Project("{66A26720-8FB5-11D2-AA7E-00C04F688DDE}") = "DatabaseTest", "DatabaseTest", "{B673FCA4-F270-5EC4-9A32-AABE89F339C6}"
EndProject
Project("{66A26720-8FB5-11D2-AA7E-00C04F688DDE}") = "MailboxTest", "MailboxTest", "{052072A7-9BF8-BD4B-7665-7E999123AC41}"
EndProject
Project("{66A26720-8FB5-11D2-AA7E-00C04F688DDE}") = "PDOTest", "PDOTest", "{09B526A6-24A7-3BAE-40AB-287C0AE4AE08}"
EndProject
Project("{66A26720-8FB5-11D2-AA7E-00C04F688DDE}") = "ProductTest", "ProductTest", "{B436BC56-6927-D7FF-0B94-31680199F009}"
EndProject
Project("{66A26720-8FB5-11D2-AA7E-00C04F688DDE}") = "ProjectTest", "ProjectTest", "{A54F0899-C2E8-60C4-F3D6-B16C0EF72CBA}"
EndProject
Project("{66A26720-8FB5-11D2-AA7E-00C04F688DDE}") = "ResourcesTest", "ResourcesTest", "{833C5922-4584-0509-8777-1883D37F7413}"
EndProject
Project("{66A26720-8FB5-11D2-AA7E-00C04F688DDE}") = "ServicesTest", "ServicesTest", "{9817BA7E-824D-D1D3-BD6F-CC49153874B2}"
EndProject
Project("{8BC9CEB8-8B4A-11D0-8D11-00A0C91BC942}") = "CAXHost", "apps\cax-host\backend\CAXHost\CAXHost.vcxproj", "{33624D99-F720-4A5C-A70E-E6B74264E91B}"
EndProject
Project("{8BC9CEB8-8B4A-11D0-8D11-00A0C91BC942}") = "FlatLaserCamBehaviour", "apps\flat-laser-cam\backend\behaviour\FlatLaserCamBehaviour\FlatLaserCamBehaviour.vcxproj", "{9ADCE95C-FB6F-4E05-B1C0-5B45C4C355E3}"
EndProject
Project("{8BC9CEB8-8B4A-11D0-8D11-00A0C91BC942}") = "FlatLaserCamCommand", "apps\flat-laser-cam\backend\command\FlatLaserCamCommand\FlatLaserCamCommand.vcxproj", "{F8F91F22-928C-46B7-9711-68B20B28272A}"
EndProject
Project("{8BC9CEB8-8B4A-11D0-8D11-00A0C91BC942}") = "FlatLaserCamComponent", "apps\flat-laser-cam\backend\component\FlatLaserCamComponent\FlatLaserCamComponent.vcxproj", "{3CC5C6C0-A474-4705-9556-79068483EF9B}"
EndProject
Project("{8BC9CEB8-8B4A-11D0-8D11-00A0C91BC942}") = "FlatLaserCamService", "apps\flat-laser-cam\backend\service\FlatLaserCamService\FlatLaserCamService.vcxproj", "{47A3E258-A652-4E6E-87B9-10FE827C45BB}"
EndProject
Project("{8BC9CEB8-8B4A-11D0-8D11-00A0C91BC942}") = "MFCSample", "apps\mfc-sample\backend\MFCSample\MFCSample.vcxproj", "{D8ED496A-C8EE-AECF-5CD1-3DABA77F1C25}"
EndProject
Project("{8BC9CEB8-8B4A-11D0-8D11-00A0C91BC942}") = "SampleBehaviour", "apps\sample\backend\behaviour\SampleBehaviour\SampleBehaviour.vcxproj", "{1A3532CE-87EC-40C6-878A-0E8ACE4785F4}"
EndProject
Project("{8BC9CEB8-8B4A-11D0-8D11-00A0C91BC942}") = "SampleComponent", "apps\sample\backend\component\SampleComponent\SampleComponent.vcxproj", "{CEB43AA9-DD10-4B37-8B08-32BE71B5AA0A}"
EndProject
Project("{8BC9CEB8-8B4A-11D0-8D11-00A0C91BC942}") = "SampleService", "apps\sample\backend\service\SampleService\SampleService.vcxproj", "{1090A7E3-2A9A-4F03-BA51-E56A8F4E4B2A}"
EndProject
Project("{8BC9CEB8-8B4A-11D0-8D11-00A0C91BC942}") = "Application", "iCAX-Application\Application\Application.vcxproj", "{990F67A4-BF1E-4E2F-95D8-8525ABADB7CF}"
EndProject
Project("{8BC9CEB8-8B4A-11D0-8D11-00A0C91BC942}") = "Data", "iCAX-Engine\foundation\Data\Data.vcxproj", "{B1C027D1-B2EF-4F4B-8147-9FCE3EC31C52}"
EndProject
Project("{8BC9CEB8-8B4A-11D0-8D11-00A0C91BC942}") = "Geometry", "iCAX-Engine\foundation\Geometry\Geometry.vcxproj", "{DEF9F18B-1341-4B7E-9B8E-21136D5B81F3}"
EndProject
Project("{8BC9CEB8-8B4A-11D0-8D11-00A0C91BC942}") = "Math", "iCAX-Engine\foundation\Math\Math.vcxproj", "{A7BB93B2-85D6-46B2-BD20-8654DC447B9B}"
EndProject
Project("{8BC9CEB8-8B4A-11D0-8D11-00A0C91BC942}") = "Task", "iCAX-Engine\foundation\Task\Task.vcxproj", "{93B5C837-5CBF-46DE-A2C0-C8FF66A8E3F1}"
EndProject
Project("{8BC9CEB8-8B4A-11D0-8D11-00A0C91BC942}") = "ApplicationContext", "iCAX-Engine\framework\ApplicationContext\ApplicationContext.vcxproj", "{890EA74B-81B1-44F8-A740-94DA104478A1}"
EndProject
Project("{8BC9CEB8-8B4A-11D0-8D11-00A0C91BC942}") = "ApplicationHost", "iCAX-Engine\framework\ApplicationHost\ApplicationHost.vcxproj", "{DDCEF11C-6370-4BE7-90E0-173C972669A9}"
EndProject
Project("{8BC9CEB8-8B4A-11D0-8D11-00A0C91BC942}") = "Behaviour", "iCAX-Engine\framework\Behaviour\Behaviour.vcxproj", "{1C150FBB-3418-414D-8A3C-F7B57C6D18B7}"
EndProject
Project("{8BC9CEB8-8B4A-11D0-8D11-00A0C91BC942}") = "CommandHandler", "iCAX-Engine\framework\CommandHandler\CommandHandler.vcxproj", "{1F194886-5B7E-4FA9-816C-1B48865633E6}"
EndProject
Project("{8BC9CEB8-8B4A-11D0-8D11-00A0C91BC942}") = "Database", "iCAX-Engine\framework\Database\Database.vcxproj", "{C746F6A5-C34A-4649-A3F4-AD185002DEDD}"
EndProject
Project("{8BC9CEB8-8B4A-11D0-8D11-00A0C91BC942}") = "Mailbox", "iCAX-Engine\framework\Mailbox\Mailbox.vcxproj", "{5B637D1E-2672-4F50-8F72-612824BB5F96}"
EndProject
Project("{8BC9CEB8-8B4A-11D0-8D11-00A0C91BC942}") = "PDO", "iCAX-Engine\framework\PDO\PDO.vcxproj", "{CF722912-D223-4B78-A672-FD2264DB4BBF}"
EndProject
Project("{8BC9CEB8-8B4A-11D0-8D11-00A0C91BC942}") = "Product", "iCAX-Engine\framework\Product\Product.vcxproj", "{A7A9B776-78E1-460B-AF6A-BCA1B32C26C7}"
EndProject
Project("{8BC9CEB8-8B4A-11D0-8D11-00A0C91BC942}") = "ProductContext", "iCAX-Engine\framework\ProductContext\ProductContext.vcxproj", "{74D665EF-D89E-4104-AE6F-E31C7BFF0F46}"
EndProject
Project("{8BC9CEB8-8B4A-11D0-8D11-00A0C91BC942}") = "Project", "iCAX-Engine\framework\Project\Project.vcxproj", "{D0B2BD35-1F9F-464B-A6D6-38B77C319F9F}"
EndProject
Project("{8BC9CEB8-8B4A-11D0-8D11-00A0C91BC942}") = "ProjectContext", "iCAX-Engine\framework\ProjectContext\ProjectContext.vcxproj", "{D0EE53BE-BFD8-4EA9-9EAC-EE9E6D9A1714}"
EndProject
Project("{8BC9CEB8-8B4A-11D0-8D11-00A0C91BC942}") = "Resources", "iCAX-Engine\framework\Resources\Resources.vcxproj", "{CD223CDE-A7D0-4525-9BF4-2A59BA16EDA5}"
EndProject
Project("{8BC9CEB8-8B4A-11D0-8D11-00A0C91BC942}") = "Services", "iCAX-Engine\framework\Services\Services.vcxproj", "{DFCC3994-1C4F-4423-8CA7-3C1E1CBDB847}"
EndProject
Project("{8BC9CEB8-8B4A-11D0-8D11-00A0C91BC942}") = "CefWebPageHost", "iCAX-UI\CefWebPageHost\CefWebPageHost.vcxproj", "{7D65DF92-6F59-4787-8905-E15402278DD6}"
EndProject
Project("{8BC9CEB8-8B4A-11D0-8D11-00A0C91BC942}") = "WebPageHost", "iCAX-UI\WebPageHost\WebPageHost.vcxproj", "{F41F583C-9368-41B8-9B05-0C92C1E91F30}"
EndProject
Project("{8BC9CEB8-8B4A-11D0-8D11-00A0C91BC942}") = "DataTest", "tests\icax-engine\foundation\Data\DataTest\DataTest.vcxproj", "{C58D75C9-0F60-49F4-B9A2-760E10C2FC2D}"
EndProject
Project("{8BC9CEB8-8B4A-11D0-8D11-00A0C91BC942}") = "TaskTest", "tests\icax-engine\foundation\Task\TaskTest\TaskTest.vcxproj", "{65C6E36B-6404-4D8A-9127-9030F5A51EFE}"
EndProject
Project("{8BC9CEB8-8B4A-11D0-8D11-00A0C91BC942}") = "ApplicationContextTest", "tests\icax-engine\framework\ApplicationContext\ApplicationContextTest\ApplicationContextTest.vcxproj", "{C72085A3-16D3-4541-A764-BD5B442B3653}"
EndProject
Project("{8BC9CEB8-8B4A-11D0-8D11-00A0C91BC942}") = "ApplicationHostTest", "tests\icax-engine\framework\ApplicationHost\ApplicationHostTest\ApplicationHostTest.vcxproj", "{7EBD1132-3516-4D3E-A125-350B9E651EEB}"
EndProject
Project("{8BC9CEB8-8B4A-11D0-8D11-00A0C91BC942}") = "BehaviourTest", "tests\icax-engine\framework\Behaviour\BehaviourTest\BehaviourTest.vcxproj", "{6BE97C5D-6098-4FC1-9E47-3C22A65F4AC1}"
EndProject
Project("{8BC9CEB8-8B4A-11D0-8D11-00A0C91BC942}") = "CommandHandlerTest", "tests\icax-engine\framework\CommandHandler\CommandHandlerTest\CommandHandlerTest.vcxproj", "{7FF89591-2955-47DD-A507-82362D56DA4E}"
EndProject
Project("{8BC9CEB8-8B4A-11D0-8D11-00A0C91BC942}") = "DatabaseTest", "tests\icax-engine\framework\Database\DatabaseTest\DatabaseTest.vcxproj", "{9F2F26D5-40DC-4E6D-A9AB-0F126E219F90}"
EndProject
Project("{8BC9CEB8-8B4A-11D0-8D11-00A0C91BC942}") = "MailboxTest", "tests\icax-engine\framework\Mailbox\MailboxTest\MailboxTest.vcxproj", "{2F32C915-4F2B-4F69-8147-B86CF470B786}"
EndProject
Project("{8BC9CEB8-8B4A-11D0-8D11-00A0C91BC942}") = "PDOTest", "tests\icax-engine\framework\PDO\PDOTest\PDOTest.vcxproj", "{79E803B2-5B88-4667-B4E5-B83DCFB9F9B8}"
EndProject
Project("{8BC9CEB8-8B4A-11D0-8D11-00A0C91BC942}") = "ProductTest", "tests\icax-engine\framework\Product\ProductTest\ProductTest.vcxproj", "{167504D4-1E29-47A6-ABD7-9B890A7960D2}"
EndProject
Project("{8BC9CEB8-8B4A-11D0-8D11-00A0C91BC942}") = "ProjectTest", "tests\icax-engine\framework\Project\ProjectTest\ProjectTest.vcxproj", "{F978181B-F87D-46FF-B67B-7C060A22FA35}"
EndProject
Project("{8BC9CEB8-8B4A-11D0-8D11-00A0C91BC942}") = "ResourcesTest", "tests\icax-engine\framework\Resources\ResourcesTest\ResourcesTest.vcxproj", "{A7AC2F2E-CBE7-4291-8B94-6A0A3FCBCAF4}"
EndProject
Project("{8BC9CEB8-8B4A-11D0-8D11-00A0C91BC942}") = "ServicesTest", "tests\icax-engine\framework\Services\ServicesTest\ServicesTest.vcxproj", "{CAA4F5E3-1F6F-4A41-BC5A-5535A1F8CB07}"
EndProject
Global
	GlobalSection(SolutionConfigurationPlatforms) = preSolution
		Debug|Win32 = Debug|Win32
		Debug|x64 = Debug|x64
		Release|Win32 = Release|Win32
		Release|x64 = Release|x64
	EndGlobalSection
	GlobalSection(ProjectConfigurationPlatforms) = postSolution
		{33624D99-F720-4A5C-A70E-E6B74264E91B}.Debug|Win32.ActiveCfg = Debug|Win32
		{33624D99-F720-4A5C-A70E-E6B74264E91B}.Debug|Win32.Build.0 = Debug|Win32
		{33624D99-F720-4A5C-A70E-E6B74264E91B}.Debug|x64.ActiveCfg = Debug|x64
		{33624D99-F720-4A5C-A70E-E6B74264E91B}.Debug|x64.Build.0 = Debug|x64
		{33624D99-F720-4A5C-A70E-E6B74264E91B}.Release|Win32.ActiveCfg = Release|Win32
		{33624D99-F720-4A5C-A70E-E6B74264E91B}.Release|Win32.Build.0 = Release|Win32
		{33624D99-F720-4A5C-A70E-E6B74264E91B}.Release|x64.ActiveCfg = Release|x64
		{33624D99-F720-4A5C-A70E-E6B74264E91B}.Release|x64.Build.0 = Release|x64
		{9ADCE95C-FB6F-4E05-B1C0-5B45C4C355E3}.Debug|Win32.ActiveCfg = Debug|Win32
		{9ADCE95C-FB6F-4E05-B1C0-5B45C4C355E3}.Debug|Win32.Build.0 = Debug|Win32
		{9ADCE95C-FB6F-4E05-B1C0-5B45C4C355E3}.Debug|x64.ActiveCfg = Debug|x64
		{9ADCE95C-FB6F-4E05-B1C0-5B45C4C355E3}.Debug|x64.Build.0 = Debug|x64
		{9ADCE95C-FB6F-4E05-B1C0-5B45C4C355E3}.Release|Win32.ActiveCfg = Release|Win32
		{9ADCE95C-FB6F-4E05-B1C0-5B45C4C355E3}.Release|Win32.Build.0 = Release|Win32
		{9ADCE95C-FB6F-4E05-B1C0-5B45C4C355E3}.Release|x64.ActiveCfg = Release|x64
		{9ADCE95C-FB6F-4E05-B1C0-5B45C4C355E3}.Release|x64.Build.0 = Release|x64
		{F8F91F22-928C-46B7-9711-68B20B28272A}.Debug|Win32.ActiveCfg = Debug|Win32
		{F8F91F22-928C-46B7-9711-68B20B28272A}.Debug|Win32.Build.0 = Debug|Win32
		{F8F91F22-928C-46B7-9711-68B20B28272A}.Debug|x64.ActiveCfg = Debug|x64
		{F8F91F22-928C-46B7-9711-68B20B28272A}.Debug|x64.Build.0 = Debug|x64
		{F8F91F22-928C-46B7-9711-68B20B28272A}.Release|Win32.ActiveCfg = Release|Win32
		{F8F91F22-928C-46B7-9711-68B20B28272A}.Release|Win32.Build.0 = Release|Win32
		{F8F91F22-928C-46B7-9711-68B20B28272A}.Release|x64.ActiveCfg = Release|x64
		{F8F91F22-928C-46B7-9711-68B20B28272A}.Release|x64.Build.0 = Release|x64
		{3CC5C6C0-A474-4705-9556-79068483EF9B}.Debug|Win32.ActiveCfg = Debug|Win32
		{3CC5C6C0-A474-4705-9556-79068483EF9B}.Debug|Win32.Build.0 = Debug|Win32
		{3CC5C6C0-A474-4705-9556-79068483EF9B}.Debug|x64.ActiveCfg = Debug|x64
		{3CC5C6C0-A474-4705-9556-79068483EF9B}.Debug|x64.Build.0 = Debug|x64
		{3CC5C6C0-A474-4705-9556-79068483EF9B}.Release|Win32.ActiveCfg = Release|Win32
		{3CC5C6C0-A474-4705-9556-79068483EF9B}.Release|Win32.Build.0 = Release|Win32
		{3CC5C6C0-A474-4705-9556-79068483EF9B}.Release|x64.ActiveCfg = Release|x64
		{3CC5C6C0-A474-4705-9556-79068483EF9B}.Release|x64.Build.0 = Release|x64
		{47A3E258-A652-4E6E-87B9-10FE827C45BB}.Debug|Win32.ActiveCfg = Debug|Win32
		{47A3E258-A652-4E6E-87B9-10FE827C45BB}.Debug|Win32.Build.0 = Debug|Win32
		{47A3E258-A652-4E6E-87B9-10FE827C45BB}.Debug|x64.ActiveCfg = Debug|x64
		{47A3E258-A652-4E6E-87B9-10FE827C45BB}.Debug|x64.Build.0 = Debug|x64
		{47A3E258-A652-4E6E-87B9-10FE827C45BB}.Release|Win32.ActiveCfg = Release|Win32
		{47A3E258-A652-4E6E-87B9-10FE827C45BB}.Release|Win32.Build.0 = Release|Win32
		{47A3E258-A652-4E6E-87B9-10FE827C45BB}.Release|x64.ActiveCfg = Release|x64
		{47A3E258-A652-4E6E-87B9-10FE827C45BB}.Release|x64.Build.0 = Release|x64
		{D8ED496A-C8EE-AECF-5CD1-3DABA77F1C25}.Debug|Win32.ActiveCfg = Debug|Win32
		{D8ED496A-C8EE-AECF-5CD1-3DABA77F1C25}.Debug|Win32.Build.0 = Debug|Win32
		{D8ED496A-C8EE-AECF-5CD1-3DABA77F1C25}.Debug|x64.ActiveCfg = Debug|x64
		{D8ED496A-C8EE-AECF-5CD1-3DABA77F1C25}.Debug|x64.Build.0 = Debug|x64
		{D8ED496A-C8EE-AECF-5CD1-3DABA77F1C25}.Release|Win32.ActiveCfg = Release|Win32
		{D8ED496A-C8EE-AECF-5CD1-3DABA77F1C25}.Release|Win32.Build.0 = Release|Win32
		{D8ED496A-C8EE-AECF-5CD1-3DABA77F1C25}.Release|x64.ActiveCfg = Release|x64
		{D8ED496A-C8EE-AECF-5CD1-3DABA77F1C25}.Release|x64.Build.0 = Release|x64
		{1A3532CE-87EC-40C6-878A-0E8ACE4785F4}.Debug|Win32.ActiveCfg = Debug|Win32
		{1A3532CE-87EC-40C6-878A-0E8ACE4785F4}.Debug|Win32.Build.0 = Debug|Win32
		{1A3532CE-87EC-40C6-878A-0E8ACE4785F4}.Debug|x64.ActiveCfg = Debug|x64
		{1A3532CE-87EC-40C6-878A-0E8ACE4785F4}.Debug|x64.Build.0 = Debug|x64
		{1A3532CE-87EC-40C6-878A-0E8ACE4785F4}.Release|Win32.ActiveCfg = Release|Win32
		{1A3532CE-87EC-40C6-878A-0E8ACE4785F4}.Release|Win32.Build.0 = Release|Win32
		{1A3532CE-87EC-40C6-878A-0E8ACE4785F4}.Release|x64.ActiveCfg = Release|x64
		{1A3532CE-87EC-40C6-878A-0E8ACE4785F4}.Release|x64.Build.0 = Release|x64
		{CEB43AA9-DD10-4B37-8B08-32BE71B5AA0A}.Debug|Win32.ActiveCfg = Debug|Win32
		{CEB43AA9-DD10-4B37-8B08-32BE71B5AA0A}.Debug|Win32.Build.0 = Debug|Win32
		{CEB43AA9-DD10-4B37-8B08-32BE71B5AA0A}.Debug|x64.ActiveCfg = Debug|x64
		{CEB43AA9-DD10-4B37-8B08-32BE71B5AA0A}.Debug|x64.Build.0 = Debug|x64
		{CEB43AA9-DD10-4B37-8B08-32BE71B5AA0A}.Release|Win32.ActiveCfg = Release|Win32
		{CEB43AA9-DD10-4B37-8B08-32BE71B5AA0A}.Release|Win32.Build.0 = Release|Win32
		{CEB43AA9-DD10-4B37-8B08-32BE71B5AA0A}.Release|x64.ActiveCfg = Release|x64
		{CEB43AA9-DD10-4B37-8B08-32BE71B5AA0A}.Release|x64.Build.0 = Release|x64
		{1090A7E3-2A9A-4F03-BA51-E56A8F4E4B2A}.Debug|Win32.ActiveCfg = Debug|Win32
		{1090A7E3-2A9A-4F03-BA51-E56A8F4E4B2A}.Debug|Win32.Build.0 = Debug|Win32
		{1090A7E3-2A9A-4F03-BA51-E56A8F4E4B2A}.Debug|x64.ActiveCfg = Debug|x64
		{1090A7E3-2A9A-4F03-BA51-E56A8F4E4B2A}.Debug|x64.Build.0 = Debug|x64
		{1090A7E3-2A9A-4F03-BA51-E56A8F4E4B2A}.Release|Win32.ActiveCfg = Release|Win32
		{1090A7E3-2A9A-4F03-BA51-E56A8F4E4B2A}.Release|Win32.Build.0 = Release|Win32
		{1090A7E3-2A9A-4F03-BA51-E56A8F4E4B2A}.Release|x64.ActiveCfg = Release|x64
		{1090A7E3-2A9A-4F03-BA51-E56A8F4E4B2A}.Release|x64.Build.0 = Release|x64
		{990F67A4-BF1E-4E2F-95D8-8525ABADB7CF}.Debug|Win32.ActiveCfg = Debug|Win32
		{990F67A4-BF1E-4E2F-95D8-8525ABADB7CF}.Debug|Win32.Build.0 = Debug|Win32
		{990F67A4-BF1E-4E2F-95D8-8525ABADB7CF}.Debug|x64.ActiveCfg = Debug|x64
		{990F67A4-BF1E-4E2F-95D8-8525ABADB7CF}.Debug|x64.Build.0 = Debug|x64
		{990F67A4-BF1E-4E2F-95D8-8525ABADB7CF}.Release|Win32.ActiveCfg = Release|Win32
		{990F67A4-BF1E-4E2F-95D8-8525ABADB7CF}.Release|Win32.Build.0 = Release|Win32
		{990F67A4-BF1E-4E2F-95D8-8525ABADB7CF}.Release|x64.ActiveCfg = Release|x64
		{990F67A4-BF1E-4E2F-95D8-8525ABADB7CF}.Release|x64.Build.0 = Release|x64
		{B1C027D1-B2EF-4F4B-8147-9FCE3EC31C52}.Debug|Win32.ActiveCfg = Debug|Win32
		{B1C027D1-B2EF-4F4B-8147-9FCE3EC31C52}.Debug|Win32.Build.0 = Debug|Win32
		{B1C027D1-B2EF-4F4B-8147-9FCE3EC31C52}.Debug|x64.ActiveCfg = Debug|x64
		{B1C027D1-B2EF-4F4B-8147-9FCE3EC31C52}.Debug|x64.Build.0 = Debug|x64
		{B1C027D1-B2EF-4F4B-8147-9FCE3EC31C52}.Release|Win32.ActiveCfg = Release|Win32
		{B1C027D1-B2EF-4F4B-8147-9FCE3EC31C52}.Release|Win32.Build.0 = Release|Win32
		{B1C027D1-B2EF-4F4B-8147-9FCE3EC31C52}.Release|x64.ActiveCfg = Release|x64
		{B1C027D1-B2EF-4F4B-8147-9FCE3EC31C52}.Release|x64.Build.0 = Release|x64
		{DEF9F18B-1341-4B7E-9B8E-21136D5B81F3}.Debug|Win32.ActiveCfg = Debug|Win32
		{DEF9F18B-1341-4B7E-9B8E-21136D5B81F3}.Debug|Win32.Build.0 = Debug|Win32
		{DEF9F18B-1341-4B7E-9B8E-21136D5B81F3}.Debug|x64.ActiveCfg = Debug|x64
		{DEF9F18B-1341-4B7E-9B8E-21136D5B81F3}.Debug|x64.Build.0 = Debug|x64
		{DEF9F18B-1341-4B7E-9B8E-21136D5B81F3}.Release|Win32.ActiveCfg = Release|Win32
		{DEF9F18B-1341-4B7E-9B8E-21136D5B81F3}.Release|Win32.Build.0 = Release|Win32
		{DEF9F18B-1341-4B7E-9B8E-21136D5B81F3}.Release|x64.ActiveCfg = Release|x64
		{DEF9F18B-1341-4B7E-9B8E-21136D5B81F3}.Release|x64.Build.0 = Release|x64
		{A7BB93B2-85D6-46B2-BD20-8654DC447B9B}.Debug|Win32.ActiveCfg = Debug|Win32
		{A7BB93B2-85D6-46B2-BD20-8654DC447B9B}.Debug|Win32.Build.0 = Debug|Win32
		{A7BB93B2-85D6-46B2-BD20-8654DC447B9B}.Debug|x64.ActiveCfg = Debug|x64
		{A7BB93B2-85D6-46B2-BD20-8654DC447B9B}.Debug|x64.Build.0 = Debug|x64
		{A7BB93B2-85D6-46B2-BD20-8654DC447B9B}.Release|Win32.ActiveCfg = Release|Win32
		{A7BB93B2-85D6-46B2-BD20-8654DC447B9B}.Release|Win32.Build.0 = Release|Win32
		{A7BB93B2-85D6-46B2-BD20-8654DC447B9B}.Release|x64.ActiveCfg = Release|x64
		{A7BB93B2-85D6-46B2-BD20-8654DC447B9B}.Release|x64.Build.0 = Release|x64
		{93B5C837-5CBF-46DE-A2C0-C8FF66A8E3F1}.Debug|Win32.ActiveCfg = Debug|Win32
		{93B5C837-5CBF-46DE-A2C0-C8FF66A8E3F1}.Debug|Win32.Build.0 = Debug|Win32
		{93B5C837-5CBF-46DE-A2C0-C8FF66A8E3F1}.Debug|x64.ActiveCfg = Debug|x64
		{93B5C837-5CBF-46DE-A2C0-C8FF66A8E3F1}.Debug|x64.Build.0 = Debug|x64
		{93B5C837-5CBF-46DE-A2C0-C8FF66A8E3F1}.Release|Win32.ActiveCfg = Release|Win32
		{93B5C837-5CBF-46DE-A2C0-C8FF66A8E3F1}.Release|Win32.Build.0 = Release|Win32
		{93B5C837-5CBF-46DE-A2C0-C8FF66A8E3F1}.Release|x64.ActiveCfg = Release|x64
		{93B5C837-5CBF-46DE-A2C0-C8FF66A8E3F1}.Release|x64.Build.0 = Release|x64
		{890EA74B-81B1-44F8-A740-94DA104478A1}.Debug|Win32.ActiveCfg = Debug|Win32
		{890EA74B-81B1-44F8-A740-94DA104478A1}.Debug|Win32.Build.0 = Debug|Win32
		{890EA74B-81B1-44F8-A740-94DA104478A1}.Debug|x64.ActiveCfg = Debug|x64
		{890EA74B-81B1-44F8-A740-94DA104478A1}.Debug|x64.Build.0 = Debug|x64
		{890EA74B-81B1-44F8-A740-94DA104478A1}.Release|Win32.ActiveCfg = Release|Win32
		{890EA74B-81B1-44F8-A740-94DA104478A1}.Release|Win32.Build.0 = Release|Win32
		{890EA74B-81B1-44F8-A740-94DA104478A1}.Release|x64.ActiveCfg = Release|x64
		{890EA74B-81B1-44F8-A740-94DA104478A1}.Release|x64.Build.0 = Release|x64
		{DDCEF11C-6370-4BE7-90E0-173C972669A9}.Debug|Win32.ActiveCfg = Debug|Win32
		{DDCEF11C-6370-4BE7-90E0-173C972669A9}.Debug|Win32.Build.0 = Debug|Win32
		{DDCEF11C-6370-4BE7-90E0-173C972669A9}.Debug|x64.ActiveCfg = Debug|x64
		{DDCEF11C-6370-4BE7-90E0-173C972669A9}.Debug|x64.Build.0 = Debug|x64
		{DDCEF11C-6370-4BE7-90E0-173C972669A9}.Release|Win32.ActiveCfg = Release|Win32
		{DDCEF11C-6370-4BE7-90E0-173C972669A9}.Release|Win32.Build.0 = Release|Win32
		{DDCEF11C-6370-4BE7-90E0-173C972669A9}.Release|x64.ActiveCfg = Release|x64
		{DDCEF11C-6370-4BE7-90E0-173C972669A9}.Release|x64.Build.0 = Release|x64
		{1C150FBB-3418-414D-8A3C-F7B57C6D18B7}.Debug|Win32.ActiveCfg = Debug|Win32
		{1C150FBB-3418-414D-8A3C-F7B57C6D18B7}.Debug|Win32.Build.0 = Debug|Win32
		{1C150FBB-3418-414D-8A3C-F7B57C6D18B7}.Debug|x64.ActiveCfg = Debug|x64
		{1C150FBB-3418-414D-8A3C-F7B57C6D18B7}.Debug|x64.Build.0 = Debug|x64
		{1C150FBB-3418-414D-8A3C-F7B57C6D18B7}.Release|Win32.ActiveCfg = Release|Win32
		{1C150FBB-3418-414D-8A3C-F7B57C6D18B7}.Release|Win32.Build.0 = Release|Win32
		{1C150FBB-3418-414D-8A3C-F7B57C6D18B7}.Release|x64.ActiveCfg = Release|x64
		{1C150FBB-3418-414D-8A3C-F7B57C6D18B7}.Release|x64.Build.0 = Release|x64
		{1F194886-5B7E-4FA9-816C-1B48865633E6}.Debug|Win32.ActiveCfg = Debug|Win32
		{1F194886-5B7E-4FA9-816C-1B48865633E6}.Debug|Win32.Build.0 = Debug|Win32
		{1F194886-5B7E-4FA9-816C-1B48865633E6}.Debug|x64.ActiveCfg = Debug|x64
		{1F194886-5B7E-4FA9-816C-1B48865633E6}.Debug|x64.Build.0 = Debug|x64
		{1F194886-5B7E-4FA9-816C-1B48865633E6}.Release|Win32.ActiveCfg = Release|Win32
		{1F194886-5B7E-4FA9-816C-1B48865633E6}.Release|Win32.Build.0 = Release|Win32
		{1F194886-5B7E-4FA9-816C-1B48865633E6}.Release|x64.ActiveCfg = Release|x64
		{1F194886-5B7E-4FA9-816C-1B48865633E6}.Release|x64.Build.0 = Release|x64
		{C746F6A5-C34A-4649-A3F4-AD185002DEDD}.Debug|Win32.ActiveCfg = Debug|Win32
		{C746F6A5-C34A-4649-A3F4-AD185002DEDD}.Debug|Win32.Build.0 = Debug|Win32
		{C746F6A5-C34A-4649-A3F4-AD185002DEDD}.Debug|x64.ActiveCfg = Debug|x64
		{C746F6A5-C34A-4649-A3F4-AD185002DEDD}.Debug|x64.Build.0 = Debug|x64
		{C746F6A5-C34A-4649-A3F4-AD185002DEDD}.Release|Win32.ActiveCfg = Release|Win32
		{C746F6A5-C34A-4649-A3F4-AD185002DEDD}.Release|Win32.Build.0 = Release|Win32
		{C746F6A5-C34A-4649-A3F4-AD185002DEDD}.Release|x64.ActiveCfg = Release|x64
		{C746F6A5-C34A-4649-A3F4-AD185002DEDD}.Release|x64.Build.0 = Release|x64
		{5B637D1E-2672-4F50-8F72-612824BB5F96}.Debug|Win32.ActiveCfg = Debug|Win32
		{5B637D1E-2672-4F50-8F72-612824BB5F96}.Debug|Win32.Build.0 = Debug|Win32
		{5B637D1E-2672-4F50-8F72-612824BB5F96}.Debug|x64.ActiveCfg = Debug|x64
		{5B637D1E-2672-4F50-8F72-612824BB5F96}.Debug|x64.Build.0 = Debug|x64
		{5B637D1E-2672-4F50-8F72-612824BB5F96}.Release|Win32.ActiveCfg = Release|Win32
		{5B637D1E-2672-4F50-8F72-612824BB5F96}.Release|Win32.Build.0 = Release|Win32
		{5B637D1E-2672-4F50-8F72-612824BB5F96}.Release|x64.ActiveCfg = Release|x64
		{5B637D1E-2672-4F50-8F72-612824BB5F96}.Release|x64.Build.0 = Release|x64
		{CF722912-D223-4B78-A672-FD2264DB4BBF}.Debug|Win32.ActiveCfg = Debug|Win32
		{CF722912-D223-4B78-A672-FD2264DB4BBF}.Debug|Win32.Build.0 = Debug|Win32
		{CF722912-D223-4B78-A672-FD2264DB4BBF}.Debug|x64.ActiveCfg = Debug|x64
		{CF722912-D223-4B78-A672-FD2264DB4BBF}.Debug|x64.Build.0 = Debug|x64
		{CF722912-D223-4B78-A672-FD2264DB4BBF}.Release|Win32.ActiveCfg = Release|Win32
		{CF722912-D223-4B78-A672-FD2264DB4BBF}.Release|Win32.Build.0 = Release|Win32
		{CF722912-D223-4B78-A672-FD2264DB4BBF}.Release|x64.ActiveCfg = Release|x64
		{CF722912-D223-4B78-A672-FD2264DB4BBF}.Release|x64.Build.0 = Release|x64
		{A7A9B776-78E1-460B-AF6A-BCA1B32C26C7}.Debug|Win32.ActiveCfg = Debug|Win32
		{A7A9B776-78E1-460B-AF6A-BCA1B32C26C7}.Debug|Win32.Build.0 = Debug|Win32
		{A7A9B776-78E1-460B-AF6A-BCA1B32C26C7}.Debug|x64.ActiveCfg = Debug|x64
		{A7A9B776-78E1-460B-AF6A-BCA1B32C26C7}.Debug|x64.Build.0 = Debug|x64
		{A7A9B776-78E1-460B-AF6A-BCA1B32C26C7}.Release|Win32.ActiveCfg = Release|Win32
		{A7A9B776-78E1-460B-AF6A-BCA1B32C26C7}.Release|Win32.Build.0 = Release|Win32
		{A7A9B776-78E1-460B-AF6A-BCA1B32C26C7}.Release|x64.ActiveCfg = Release|x64
		{A7A9B776-78E1-460B-AF6A-BCA1B32C26C7}.Release|x64.Build.0 = Release|x64
		{74D665EF-D89E-4104-AE6F-E31C7BFF0F46}.Debug|Win32.ActiveCfg = Debug|Win32
		{74D665EF-D89E-4104-AE6F-E31C7BFF0F46}.Debug|Win32.Build.0 = Debug|Win32
		{74D665EF-D89E-4104-AE6F-E31C7BFF0F46}.Debug|x64.ActiveCfg = Debug|x64
		{74D665EF-D89E-4104-AE6F-E31C7BFF0F46}.Debug|x64.Build.0 = Debug|x64
		{74D665EF-D89E-4104-AE6F-E31C7BFF0F46}.Release|Win32.ActiveCfg = Release|Win32
		{74D665EF-D89E-4104-AE6F-E31C7BFF0F46}.Release|Win32.Build.0 = Release|Win32
		{74D665EF-D89E-4104-AE6F-E31C7BFF0F46}.Release|x64.ActiveCfg = Release|x64
		{74D665EF-D89E-4104-AE6F-E31C7BFF0F46}.Release|x64.Build.0 = Release|x64
		{D0B2BD35-1F9F-464B-A6D6-38B77C319F9F}.Debug|Win32.ActiveCfg = Debug|Win32
		{D0B2BD35-1F9F-464B-A6D6-38B77C319F9F}.Debug|Win32.Build.0 = Debug|Win32
		{D0B2BD35-1F9F-464B-A6D6-38B77C319F9F}.Debug|x64.ActiveCfg = Debug|x64
		{D0B2BD35-1F9F-464B-A6D6-38B77C319F9F}.Debug|x64.Build.0 = Debug|x64
		{D0B2BD35-1F9F-464B-A6D6-38B77C319F9F}.Release|Win32.ActiveCfg = Release|Win32
		{D0B2BD35-1F9F-464B-A6D6-38B77C319F9F}.Release|Win32.Build.0 = Release|Win32
		{D0B2BD35-1F9F-464B-A6D6-38B77C319F9F}.Release|x64.ActiveCfg = Release|x64
		{D0B2BD35-1F9F-464B-A6D6-38B77C319F9F}.Release|x64.Build.0 = Release|x64
		{D0EE53BE-BFD8-4EA9-9EAC-EE9E6D9A1714}.Debug|Win32.ActiveCfg = Debug|Win32
		{D0EE53BE-BFD8-4EA9-9EAC-EE9E6D9A1714}.Debug|Win32.Build.0 = Debug|Win32
		{D0EE53BE-BFD8-4EA9-9EAC-EE9E6D9A1714}.Debug|x64.ActiveCfg = Debug|x64
		{D0EE53BE-BFD8-4EA9-9EAC-EE9E6D9A1714}.Debug|x64.Build.0 = Debug|x64
		{D0EE53BE-BFD8-4EA9-9EAC-EE9E6D9A1714}.Release|Win32.ActiveCfg = Release|Win32
		{D0EE53BE-BFD8-4EA9-9EAC-EE9E6D9A1714}.Release|Win32.Build.0 = Release|Win32
		{D0EE53BE-BFD8-4EA9-9EAC-EE9E6D9A1714}.Release|x64.ActiveCfg = Release|x64
		{D0EE53BE-BFD8-4EA9-9EAC-EE9E6D9A1714}.Release|x64.Build.0 = Release|x64
		{CD223CDE-A7D0-4525-9BF4-2A59BA16EDA5}.Debug|Win32.ActiveCfg = Debug|Win32
		{CD223CDE-A7D0-4525-9BF4-2A59BA16EDA5}.Debug|Win32.Build.0 = Debug|Win32
		{CD223CDE-A7D0-4525-9BF4-2A59BA16EDA5}.Debug|x64.ActiveCfg = Debug|x64
		{CD223CDE-A7D0-4525-9BF4-2A59BA16EDA5}.Debug|x64.Build.0 = Debug|x64
		{CD223CDE-A7D0-4525-9BF4-2A59BA16EDA5}.Release|Win32.ActiveCfg = Release|Win32
		{CD223CDE-A7D0-4525-9BF4-2A59BA16EDA5}.Release|Win32.Build.0 = Release|Win32
		{CD223CDE-A7D0-4525-9BF4-2A59BA16EDA5}.Release|x64.ActiveCfg = Release|x64
		{CD223CDE-A7D0-4525-9BF4-2A59BA16EDA5}.Release|x64.Build.0 = Release|x64
		{DFCC3994-1C4F-4423-8CA7-3C1E1CBDB847}.Debug|Win32.ActiveCfg = Debug|Win32
		{DFCC3994-1C4F-4423-8CA7-3C1E1CBDB847}.Debug|Win32.Build.0 = Debug|Win32
		{DFCC3994-1C4F-4423-8CA7-3C1E1CBDB847}.Debug|x64.ActiveCfg = Debug|x64
		{DFCC3994-1C4F-4423-8CA7-3C1E1CBDB847}.Debug|x64.Build.0 = Debug|x64
		{DFCC3994-1C4F-4423-8CA7-3C1E1CBDB847}.Release|Win32.ActiveCfg = Release|Win32
		{DFCC3994-1C4F-4423-8CA7-3C1E1CBDB847}.Release|Win32.Build.0 = Release|Win32
		{DFCC3994-1C4F-4423-8CA7-3C1E1CBDB847}.Release|x64.ActiveCfg = Release|x64
		{DFCC3994-1C4F-4423-8CA7-3C1E1CBDB847}.Release|x64.Build.0 = Release|x64
		{7D65DF92-6F59-4787-8905-E15402278DD6}.Debug|Win32.ActiveCfg = Debug|Win32
		{7D65DF92-6F59-4787-8905-E15402278DD6}.Debug|x64.ActiveCfg = Debug|x64
		{7D65DF92-6F59-4787-8905-E15402278DD6}.Release|Win32.ActiveCfg = Release|Win32
		{7D65DF92-6F59-4787-8905-E15402278DD6}.Release|x64.ActiveCfg = Release|x64
		{F41F583C-9368-41B8-9B05-0C92C1E91F30}.Debug|Win32.ActiveCfg = Debug|Win32
		{F41F583C-9368-41B8-9B05-0C92C1E91F30}.Debug|Win32.Build.0 = Debug|Win32
		{F41F583C-9368-41B8-9B05-0C92C1E91F30}.Debug|x64.ActiveCfg = Debug|x64
		{F41F583C-9368-41B8-9B05-0C92C1E91F30}.Debug|x64.Build.0 = Debug|x64
		{F41F583C-9368-41B8-9B05-0C92C1E91F30}.Release|Win32.ActiveCfg = Release|Win32
		{F41F583C-9368-41B8-9B05-0C92C1E91F30}.Release|Win32.Build.0 = Release|Win32
		{F41F583C-9368-41B8-9B05-0C92C1E91F30}.Release|x64.ActiveCfg = Release|x64
		{F41F583C-9368-41B8-9B05-0C92C1E91F30}.Release|x64.Build.0 = Release|x64
		{C58D75C9-0F60-49F4-B9A2-760E10C2FC2D}.Debug|Win32.ActiveCfg = Debug|Win32
		{C58D75C9-0F60-49F4-B9A2-760E10C2FC2D}.Debug|Win32.Build.0 = Debug|Win32
		{C58D75C9-0F60-49F4-B9A2-760E10C2FC2D}.Debug|x64.ActiveCfg = Debug|x64
		{C58D75C9-0F60-49F4-B9A2-760E10C2FC2D}.Debug|x64.Build.0 = Debug|x64
		{C58D75C9-0F60-49F4-B9A2-760E10C2FC2D}.Release|Win32.ActiveCfg = Release|Win32
		{C58D75C9-0F60-49F4-B9A2-760E10C2FC2D}.Release|Win32.Build.0 = Release|Win32
		{C58D75C9-0F60-49F4-B9A2-760E10C2FC2D}.Release|x64.ActiveCfg = Release|x64
		{C58D75C9-0F60-49F4-B9A2-760E10C2FC2D}.Release|x64.Build.0 = Release|x64
		{65C6E36B-6404-4D8A-9127-9030F5A51EFE}.Debug|Win32.ActiveCfg = Debug|Win32
		{65C6E36B-6404-4D8A-9127-9030F5A51EFE}.Debug|Win32.Build.0 = Debug|Win32
		{65C6E36B-6404-4D8A-9127-9030F5A51EFE}.Debug|x64.ActiveCfg = Debug|x64
		{65C6E36B-6404-4D8A-9127-9030F5A51EFE}.Debug|x64.Build.0 = Debug|x64
		{65C6E36B-6404-4D8A-9127-9030F5A51EFE}.Release|Win32.ActiveCfg = Release|Win32
		{65C6E36B-6404-4D8A-9127-9030F5A51EFE}.Release|Win32.Build.0 = Release|Win32
		{65C6E36B-6404-4D8A-9127-9030F5A51EFE}.Release|x64.ActiveCfg = Release|x64
		{65C6E36B-6404-4D8A-9127-9030F5A51EFE}.Release|x64.Build.0 = Release|x64
		{C72085A3-16D3-4541-A764-BD5B442B3653}.Debug|Win32.ActiveCfg = Debug|Win32
		{C72085A3-16D3-4541-A764-BD5B442B3653}.Debug|Win32.Build.0 = Debug|Win32
		{C72085A3-16D3-4541-A764-BD5B442B3653}.Debug|x64.ActiveCfg = Debug|x64
		{C72085A3-16D3-4541-A764-BD5B442B3653}.Debug|x64.Build.0 = Debug|x64
		{C72085A3-16D3-4541-A764-BD5B442B3653}.Release|Win32.ActiveCfg = Release|Win32
		{C72085A3-16D3-4541-A764-BD5B442B3653}.Release|Win32.Build.0 = Release|Win32
		{C72085A3-16D3-4541-A764-BD5B442B3653}.Release|x64.ActiveCfg = Release|x64
		{C72085A3-16D3-4541-A764-BD5B442B3653}.Release|x64.Build.0 = Release|x64
		{7EBD1132-3516-4D3E-A125-350B9E651EEB}.Debug|Win32.ActiveCfg = Debug|Win32
		{7EBD1132-3516-4D3E-A125-350B9E651EEB}.Debug|Win32.Build.0 = Debug|Win32
		{7EBD1132-3516-4D3E-A125-350B9E651EEB}.Debug|x64.ActiveCfg = Debug|x64
		{7EBD1132-3516-4D3E-A125-350B9E651EEB}.Debug|x64.Build.0 = Debug|x64
		{7EBD1132-3516-4D3E-A125-350B9E651EEB}.Release|Win32.ActiveCfg = Release|Win32
		{7EBD1132-3516-4D3E-A125-350B9E651EEB}.Release|Win32.Build.0 = Release|Win32
		{7EBD1132-3516-4D3E-A125-350B9E651EEB}.Release|x64.ActiveCfg = Release|x64
		{7EBD1132-3516-4D3E-A125-350B9E651EEB}.Release|x64.Build.0 = Release|x64
		{6BE97C5D-6098-4FC1-9E47-3C22A65F4AC1}.Debug|Win32.ActiveCfg = Debug|Win32
		{6BE97C5D-6098-4FC1-9E47-3C22A65F4AC1}.Debug|Win32.Build.0 = Debug|Win32
		{6BE97C5D-6098-4FC1-9E47-3C22A65F4AC1}.Debug|x64.ActiveCfg = Debug|x64
		{6BE97C5D-6098-4FC1-9E47-3C22A65F4AC1}.Debug|x64.Build.0 = Debug|x64
		{6BE97C5D-6098-4FC1-9E47-3C22A65F4AC1}.Release|Win32.ActiveCfg = Release|Win32
		{6BE97C5D-6098-4FC1-9E47-3C22A65F4AC1}.Release|Win32.Build.0 = Release|Win32
		{6BE97C5D-6098-4FC1-9E47-3C22A65F4AC1}.Release|x64.ActiveCfg = Release|x64
		{6BE97C5D-6098-4FC1-9E47-3C22A65F4AC1}.Release|x64.Build.0 = Release|x64
		{7FF89591-2955-47DD-A507-82362D56DA4E}.Debug|Win32.ActiveCfg = Debug|Win32
		{7FF89591-2955-47DD-A507-82362D56DA4E}.Debug|Win32.Build.0 = Debug|Win32
		{7FF89591-2955-47DD-A507-82362D56DA4E}.Debug|x64.ActiveCfg = Debug|x64
		{7FF89591-2955-47DD-A507-82362D56DA4E}.Debug|x64.Build.0 = Debug|x64
		{7FF89591-2955-47DD-A507-82362D56DA4E}.Release|Win32.ActiveCfg = Release|Win32
		{7FF89591-2955-47DD-A507-82362D56DA4E}.Release|Win32.Build.0 = Release|Win32
		{7FF89591-2955-47DD-A507-82362D56DA4E}.Release|x64.ActiveCfg = Release|x64
		{7FF89591-2955-47DD-A507-82362D56DA4E}.Release|x64.Build.0 = Release|x64
		{9F2F26D5-40DC-4E6D-A9AB-0F126E219F90}.Debug|Win32.ActiveCfg = Debug|Win32
		{9F2F26D5-40DC-4E6D-A9AB-0F126E219F90}.Debug|Win32.Build.0 = Debug|Win32
		{9F2F26D5-40DC-4E6D-A9AB-0F126E219F90}.Debug|x64.ActiveCfg = Debug|x64
		{9F2F26D5-40DC-4E6D-A9AB-0F126E219F90}.Debug|x64.Build.0 = Debug|x64
		{9F2F26D5-40DC-4E6D-A9AB-0F126E219F90}.Release|Win32.ActiveCfg = Release|Win32
		{9F2F26D5-40DC-4E6D-A9AB-0F126E219F90}.Release|Win32.Build.0 = Release|Win32
		{9F2F26D5-40DC-4E6D-A9AB-0F126E219F90}.Release|x64.ActiveCfg = Release|x64
		{9F2F26D5-40DC-4E6D-A9AB-0F126E219F90}.Release|x64.Build.0 = Release|x64
		{2F32C915-4F2B-4F69-8147-B86CF470B786}.Debug|Win32.ActiveCfg = Debug|Win32
		{2F32C915-4F2B-4F69-8147-B86CF470B786}.Debug|Win32.Build.0 = Debug|Win32
		{2F32C915-4F2B-4F69-8147-B86CF470B786}.Debug|x64.ActiveCfg = Debug|x64
		{2F32C915-4F2B-4F69-8147-B86CF470B786}.Debug|x64.Build.0 = Debug|x64
		{2F32C915-4F2B-4F69-8147-B86CF470B786}.Release|Win32.ActiveCfg = Release|Win32
		{2F32C915-4F2B-4F69-8147-B86CF470B786}.Release|Win32.Build.0 = Release|Win32
		{2F32C915-4F2B-4F69-8147-B86CF470B786}.Release|x64.ActiveCfg = Release|x64
		{2F32C915-4F2B-4F69-8147-B86CF470B786}.Release|x64.Build.0 = Release|x64
		{79E803B2-5B88-4667-B4E5-B83DCFB9F9B8}.Debug|Win32.ActiveCfg = Debug|Win32
		{79E803B2-5B88-4667-B4E5-B83DCFB9F9B8}.Debug|Win32.Build.0 = Debug|Win32
		{79E803B2-5B88-4667-B4E5-B83DCFB9F9B8}.Debug|x64.ActiveCfg = Debug|x64
		{79E803B2-5B88-4667-B4E5-B83DCFB9F9B8}.Debug|x64.Build.0 = Debug|x64
		{79E803B2-5B88-4667-B4E5-B83DCFB9F9B8}.Release|Win32.ActiveCfg = Release|Win32
		{79E803B2-5B88-4667-B4E5-B83DCFB9F9B8}.Release|Win32.Build.0 = Release|Win32
		{79E803B2-5B88-4667-B4E5-B83DCFB9F9B8}.Release|x64.ActiveCfg = Release|x64
		{79E803B2-5B88-4667-B4E5-B83DCFB9F9B8}.Release|x64.Build.0 = Release|x64
		{167504D4-1E29-47A6-ABD7-9B890A7960D2}.Debug|Win32.ActiveCfg = Debug|Win32
		{167504D4-1E29-47A6-ABD7-9B890A7960D2}.Debug|Win32.Build.0 = Debug|Win32
		{167504D4-1E29-47A6-ABD7-9B890A7960D2}.Debug|x64.ActiveCfg = Debug|x64
		{167504D4-1E29-47A6-ABD7-9B890A7960D2}.Debug|x64.Build.0 = Debug|x64
		{167504D4-1E29-47A6-ABD7-9B890A7960D2}.Release|Win32.ActiveCfg = Release|Win32
		{167504D4-1E29-47A6-ABD7-9B890A7960D2}.Release|Win32.Build.0 = Release|Win32
		{167504D4-1E29-47A6-ABD7-9B890A7960D2}.Release|x64.ActiveCfg = Release|x64
		{167504D4-1E29-47A6-ABD7-9B890A7960D2}.Release|x64.Build.0 = Release|x64
		{F978181B-F87D-46FF-B67B-7C060A22FA35}.Debug|Win32.ActiveCfg = Debug|Win32
		{F978181B-F87D-46FF-B67B-7C060A22FA35}.Debug|Win32.Build.0 = Debug|Win32
		{F978181B-F87D-46FF-B67B-7C060A22FA35}.Debug|x64.ActiveCfg = Debug|x64
		{F978181B-F87D-46FF-B67B-7C060A22FA35}.Debug|x64.Build.0 = Debug|x64
		{F978181B-F87D-46FF-B67B-7C060A22FA35}.Release|Win32.ActiveCfg = Release|Win32
		{F978181B-F87D-46FF-B67B-7C060A22FA35}.Release|Win32.Build.0 = Release|Win32
		{F978181B-F87D-46FF-B67B-7C060A22FA35}.Release|x64.ActiveCfg = Release|x64
		{F978181B-F87D-46FF-B67B-7C060A22FA35}.Release|x64.Build.0 = Release|x64
		{A7AC2F2E-CBE7-4291-8B94-6A0A3FCBCAF4}.Debug|Win32.ActiveCfg = Debug|Win32
		{A7AC2F2E-CBE7-4291-8B94-6A0A3FCBCAF4}.Debug|Win32.Build.0 = Debug|Win32
		{A7AC2F2E-CBE7-4291-8B94-6A0A3FCBCAF4}.Debug|x64.ActiveCfg = Debug|x64
		{A7AC2F2E-CBE7-4291-8B94-6A0A3FCBCAF4}.Debug|x64.Build.0 = Debug|x64
		{A7AC2F2E-CBE7-4291-8B94-6A0A3FCBCAF4}.Release|Win32.ActiveCfg = Release|Win32
		{A7AC2F2E-CBE7-4291-8B94-6A0A3FCBCAF4}.Release|Win32.Build.0 = Release|Win32
		{A7AC2F2E-CBE7-4291-8B94-6A0A3FCBCAF4}.Release|x64.ActiveCfg = Release|x64
		{A7AC2F2E-CBE7-4291-8B94-6A0A3FCBCAF4}.Release|x64.Build.0 = Release|x64
		{CAA4F5E3-1F6F-4A41-BC5A-5535A1F8CB07}.Debug|Win32.ActiveCfg = Debug|Win32
		{CAA4F5E3-1F6F-4A41-BC5A-5535A1F8CB07}.Debug|Win32.Build.0 = Debug|Win32
		{CAA4F5E3-1F6F-4A41-BC5A-5535A1F8CB07}.Debug|x64.ActiveCfg = Debug|x64
		{CAA4F5E3-1F6F-4A41-BC5A-5535A1F8CB07}.Debug|x64.Build.0 = Debug|x64
		{CAA4F5E3-1F6F-4A41-BC5A-5535A1F8CB07}.Release|Win32.ActiveCfg = Release|Win32
		{CAA4F5E3-1F6F-4A41-BC5A-5535A1F8CB07}.Release|Win32.Build.0 = Release|Win32
		{CAA4F5E3-1F6F-4A41-BC5A-5535A1F8CB07}.Release|x64.ActiveCfg = Release|x64
		{CAA4F5E3-1F6F-4A41-BC5A-5535A1F8CB07}.Release|x64.Build.0 = Release|x64
	EndGlobalSection
	GlobalSection(SolutionProperties) = preSolution
		HideSolutionNode = FALSE
	EndGlobalSection
	GlobalSection(NestedProjects) = preSolution
		{147795CB-62A7-CCCD-CC73-CA639755D0D4} = {0E32DDAF-1509-DE0B-FB9A-DF0D49BE8992}
		{506E4C16-AC46-B3EE-3DCA-9C04482F630E} = {147795CB-62A7-CCCD-CC73-CA639755D0D4}
		{72EC0584-7103-B904-E533-D1ACB98767A2} = {506E4C16-AC46-B3EE-3DCA-9C04482F630E}
		{610479BF-09AB-EF17-0CC8-9191F8D59985} = {0E32DDAF-1509-DE0B-FB9A-DF0D49BE8992}
		{85CC3EB8-9D19-7F14-8936-A77D1955B92D} = {1813BCF3-F24F-7C58-7BDA-8C7419233501}
		{972E1DD8-8315-FB17-0DC5-424BEFD27B86} = {5C122715-37B2-15CE-9999-AFE7DDD250A6}
		{F7FB08D6-0E59-383F-2FFD-2389CAB7168A} = {123435F8-C5DC-2202-A1F9-3476E81A7D9D}
		{C41D3C8C-584D-146E-B99B-C74BEFCC83CA} = {BD8F8FEF-9DBF-1CF6-3FB9-8FB61993B186}
		{C2B4606F-4CA2-F775-38DE-FC6DA71433DA} = {0E32DDAF-1509-DE0B-FB9A-DF0D49BE8992}
		{A0B7932A-9ACE-BD89-02B7-C4A9A5FA92A1} = {0E32DDAF-1509-DE0B-FB9A-DF0D49BE8992}
		{AD124F6E-37EE-6249-0714-C98755570311} = {3A593F59-B5B4-9790-E596-D2FCD53EB79B}
		{34C49ED3-FCEE-879E-7D21-44D467D2735E} = {92C12823-41AB-9971-2BBA-BC1B900A17C8}
		{4B20C009-EA8B-8E47-AD68-455EF2FA8C8F} = {34C49ED3-FCEE-879E-7D21-44D467D2735E}
		{6227F9AD-F170-625D-17A0-FDEA028D86E0} = {34C49ED3-FCEE-879E-7D21-44D467D2735E}
		{8963A804-E8C6-2B5D-B33B-C34CCAA88A56} = {34C49ED3-FCEE-879E-7D21-44D467D2735E}
		{80984AD8-9C7B-E1DE-3871-8FDB5BB19CB8} = {34C49ED3-FCEE-879E-7D21-44D467D2735E}
		{FA3B30C0-8E4A-ABC9-9EAD-20D308A3A33C} = {92C12823-41AB-9971-2BBA-BC1B900A17C8}
		{D817D012-DFA0-21EC-AE7F-1A1019058D94} = {FA3B30C0-8E4A-ABC9-9EAD-20D308A3A33C}
		{CB187C51-ECDA-71B7-C5CE-C723970441D5} = {FA3B30C0-8E4A-ABC9-9EAD-20D308A3A33C}
		{9B5A410E-4765-4D62-EC3A-14A61DAFD20D} = {FA3B30C0-8E4A-ABC9-9EAD-20D308A3A33C}
		{F258871C-E41F-B04B-A53F-E918A09F13D9} = {FA3B30C0-8E4A-ABC9-9EAD-20D308A3A33C}
		{26BC1C46-48B0-9421-9BDB-B4674A3DA51A} = {FA3B30C0-8E4A-ABC9-9EAD-20D308A3A33C}
		{F2EAD25C-A986-5DB0-24FD-C5D5B7D21FC3} = {FA3B30C0-8E4A-ABC9-9EAD-20D308A3A33C}
		{4B6B1F8E-2616-31AD-7364-AD83D2FCCE0A} = {FA3B30C0-8E4A-ABC9-9EAD-20D308A3A33C}
		{5DAD384B-8392-1329-E605-BCBD9E08355A} = {FA3B30C0-8E4A-ABC9-9EAD-20D308A3A33C}
		{AE2F5314-F9C6-099E-B126-090237DF771B} = {FA3B30C0-8E4A-ABC9-9EAD-20D308A3A33C}
		{6B581519-F6A3-C487-1360-EC2D889C0BEF} = {FA3B30C0-8E4A-ABC9-9EAD-20D308A3A33C}
		{A51AC544-FAAE-1854-BA74-C1F0238F4F10} = {FA3B30C0-8E4A-ABC9-9EAD-20D308A3A33C}
		{5CA79381-3D31-6F92-6843-E0E508F34B03} = {FA3B30C0-8E4A-ABC9-9EAD-20D308A3A33C}
		{2B368F92-7848-2229-6F19-D9572438930D} = {1F139FB6-637C-A604-C4CD-951999605FC9}
		{5DD0E294-9EEF-DE88-4ABF-9345DE7D3939} = {1F139FB6-637C-A604-C4CD-951999605FC9}
		{33624D99-F720-4A5C-A70E-E6B74264E91B} = {72EC0584-7103-B904-E533-D1ACB98767A2}
		{9ADCE95C-FB6F-4E05-B1C0-5B45C4C355E3} = {85CC3EB8-9D19-7F14-8936-A77D1955B92D}
		{F8F91F22-928C-46B7-9711-68B20B28272A} = {972E1DD8-8315-FB17-0DC5-424BEFD27B86}
		{3CC5C6C0-A474-4705-9556-79068483EF9B} = {F7FB08D6-0E59-383F-2FFD-2389CAB7168A}
		{47A3E258-A652-4E6E-87B9-10FE827C45BB} = {C41D3C8C-584D-146E-B99B-C74BEFCC83CA}
		{D8ED496A-C8EE-AECF-5CD1-3DABA77F1C25} = {0A46687D-30AF-3123-DDD0-4447DCAF71B5}
		{1A3532CE-87EC-40C6-878A-0E8ACE4785F4} = {60C47CDD-6B27-93D5-72DC-50CBB8AEB40C}
		{CEB43AA9-DD10-4B37-8B08-32BE71B5AA0A} = {BA13FA52-6B7F-B297-D451-B3A00D55DA93}
		{1090A7E3-2A9A-4F03-BA51-E56A8F4E4B2A} = {F733C2FA-21E9-8CCB-DD5C-CE07665E33F5}
		{990F67A4-BF1E-4E2F-95D8-8525ABADB7CF} = {AD124F6E-37EE-6249-0714-C98755570311}
		{B1C027D1-B2EF-4F4B-8147-9FCE3EC31C52} = {4B20C009-EA8B-8E47-AD68-455EF2FA8C8F}
		{DEF9F18B-1341-4B7E-9B8E-21136D5B81F3} = {6227F9AD-F170-625D-17A0-FDEA028D86E0}
		{A7BB93B2-85D6-46B2-BD20-8654DC447B9B} = {8963A804-E8C6-2B5D-B33B-C34CCAA88A56}
		{93B5C837-5CBF-46DE-A2C0-C8FF66A8E3F1} = {80984AD8-9C7B-E1DE-3871-8FDB5BB19CB8}
		{890EA74B-81B1-44F8-A740-94DA104478A1} = {D817D012-DFA0-21EC-AE7F-1A1019058D94}
		{DDCEF11C-6370-4BE7-90E0-173C972669A9} = {CB187C51-ECDA-71B7-C5CE-C723970441D5}
		{1F194886-5B7E-4FA9-816C-1B48865633E6} = {9B5A410E-4765-4D62-EC3A-14A61DAFD20D}
		{C746F6A5-C34A-4649-A3F4-AD185002DEDD} = {F258871C-E41F-B04B-A53F-E918A09F13D9}
		{5B637D1E-2672-4F50-8F72-612824BB5F96} = {26BC1C46-48B0-9421-9BDB-B4674A3DA51A}
		{CF722912-D223-4B78-A672-FD2264DB4BBF} = {F2EAD25C-A986-5DB0-24FD-C5D5B7D21FC3}
		{A7A9B776-78E1-460B-AF6A-BCA1B32C26C7} = {4B6B1F8E-2616-31AD-7364-AD83D2FCCE0A}
		{74D665EF-D89E-4104-AE6F-E31C7BFF0F46} = {5DAD384B-8392-1329-E605-BCBD9E08355A}
		{D0B2BD35-1F9F-464B-A6D6-38B77C319F9F} = {AE2F5314-F9C6-099E-B126-090237DF771B}
		{D0EE53BE-BFD8-4EA9-9EAC-EE9E6D9A1714} = {6B581519-F6A3-C487-1360-EC2D889C0BEF}
		{CD223CDE-A7D0-4525-9BF4-2A59BA16EDA5} = {A51AC544-FAAE-1854-BA74-C1F0238F4F10}
		{DFCC3994-1C4F-4423-8CA7-3C1E1CBDB847} = {5CA79381-3D31-6F92-6843-E0E508F34B03}
		{7D65DF92-6F59-4787-8905-E15402278DD6} = {2B368F92-7848-2229-6F19-D9572438930D}
		{F41F583C-9368-41B8-9B05-0C92C1E91F30} = {5DD0E294-9EEF-DE88-4ABF-9345DE7D3939}
		{C58D75C9-0F60-49F4-B9A2-760E10C2FC2D} = {D76F1BBA-AD13-C8B2-8368-BD59BAB40BDD}
		{65C6E36B-6404-4D8A-9127-9030F5A51EFE} = {41D478A4-E8E4-351E-E855-6DA3A370AA8E}
		{C72085A3-16D3-4541-A764-BD5B442B3653} = {5D9F6A48-C77A-4645-463E-DE0C013B9EB7}
		{7EBD1132-3516-4D3E-A125-350B9E651EEB} = {893DCDED-5D1F-91D9-560D-CF6887F97ABF}
		{6BE97C5D-6098-4FC1-9E47-3C22A65F4AC1} = {D10F7261-B575-1B10-72AF-A1F0801F1F4C}
		{7FF89591-2955-47DD-A507-82362D56DA4E} = {23ABFC8C-19A3-B8A1-45BA-4498E2E8205E}
		{9F2F26D5-40DC-4E6D-A9AB-0F126E219F90} = {B673FCA4-F270-5EC4-9A32-AABE89F339C6}
		{2F32C915-4F2B-4F69-8147-B86CF470B786} = {052072A7-9BF8-BD4B-7665-7E999123AC41}
		{79E803B2-5B88-4667-B4E5-B83DCFB9F9B8} = {09B526A6-24A7-3BAE-40AB-287C0AE4AE08}
		{167504D4-1E29-47A6-ABD7-9B890A7960D2} = {B436BC56-6927-D7FF-0B94-31680199F009}
		{F978181B-F87D-46FF-B67B-7C060A22FA35} = {A54F0899-C2E8-60C4-F3D6-B16C0EF72CBA}
		{A7AC2F2E-CBE7-4291-8B94-6A0A3FCBCAF4} = {833C5922-4584-0509-8777-1883D37F7413}
		{CAA4F5E3-1F6F-4A41-BC5A-5535A1F8CB07} = {9817BA7E-824D-D1D3-BD6F-CC49153874B2}
	EndGlobalSection
EndGlobal
